
Microsoft Visual Studio Solution File, Format Version 12.00
# Visual Studio Version 17
VisualStudioVersion = 17.0.31903.59
MinimumVisualStudioVersion = 10.0.40219.1
Project("{2150E333-8FDC-42A3-9474-1A3956D46DE8}") = "app", "app", "{F95F473B-E98A-ACD6-1986-755F447BE36F}"
EndProject
Project("{2150E333-8FDC-42A3-9474-1A3956D46DE8}") = "Altinn.Register", "Altinn.Register", "{15FC71FC-4A65-6CB1-9BC1-643F48D80639}"
EndProject
Project("{2150E333-8FDC-42A3-9474-1A3956D46DE8}") = "src", "src", "{9F856603-52D5-E1B8-657B-994E194BE88D}"
EndProject
Project("{FAE04EC0-301F-11D3-BF4B-00C04F79EFBC}") = "Altinn.Register", "src\apps\Altinn.Register\src\Altinn.Register\Altinn.Register.csproj", "{B6EBE099-01E9-4206-87CB-D917948F3BED}"
EndProject
Project("{2150E333-8FDC-42A3-9474-1A3956D46DE8}") = "Altinn.Authorization", "Altinn.Authorization", "{BFF7E7C5-6493-BF5F-45BC-83F96156AFFE}"
EndProject
Project("{2150E333-8FDC-42A3-9474-1A3956D46DE8}") = "src", "src", "{7429F0EB-29C3-5D81-298E-3FD7FA0624C7}"
EndProject
Project("{FAE04EC0-301F-11D3-BF4B-00C04F79EFBC}") = "Altinn.Authorization", "src\apps\Altinn.Authorization\src\Altinn.Authorization\Altinn.Authorization.csproj", "{C1BEA90B-56CA-4B8D-A896-82D1EACF79DE}"
EndProject
Project("{2150E333-8FDC-42A3-9474-1A3956D46DE8}") = "test", "test", "{2B23A48A-92BF-FEDB-1A8E-669DB770C2E4}"
EndProject
Project("{FAE04EC0-301F-11D3-BF4B-00C04F79EFBC}") = "Altinn.Authorization.Tests", "src\apps\Altinn.Authorization\test\Altinn.Authorization.Tests\Altinn.Authorization.Tests.csproj", "{C09250B4-59BF-49F2-A857-D39E134D3618}"
EndProject
Project("{2150E333-8FDC-42A3-9474-1A3956D46DE8}") = "Altinn.AccessManagement", "Altinn.AccessManagement", "{8B169C81-A2FC-C9E4-3F24-7E5E786377C9}"
EndProject
Project("{2150E333-8FDC-42A3-9474-1A3956D46DE8}") = "src", "src", "{F99C2BE1-BC3E-6573-FD46-70E5E7335796}"
EndProject
Project("{FAE04EC0-301F-11D3-BF4B-00C04F79EFBC}") = "Altinn.AccessManagement", "src\apps\Altinn.AccessManagement\src\Altinn.AccessManagement\Altinn.AccessManagement.csproj", "{C664DF85-419D-4DBD-BB44-28E817949D1B}"
EndProject
Project("{FAE04EC0-301F-11D3-BF4B-00C04F79EFBC}") = "Altinn.AccessManagement.Api.Enduser", "src\apps\Altinn.AccessManagement\src\Altinn.AccessManagement.Api.Enduser\Altinn.AccessManagement.Api.Enduser.csproj", "{BFEC605E-ECA5-4ECE-B2F8-E739F36D215B}"
EndProject
Project("{FAE04EC0-301F-11D3-BF4B-00C04F79EFBC}") = "Altinn.AccessManagement.Api.Enterprise", "src\apps\Altinn.AccessManagement\src\Altinn.AccessManagement.Api.Enterprise\Altinn.AccessManagement.Api.Enterprise.csproj", "{806A3203-27DD-485B-8290-AFFE29E6F8A1}"
EndProject
Project("{FAE04EC0-301F-11D3-BF4B-00C04F79EFBC}") = "Altinn.AccessManagement.Api.Internal", "src\apps\Altinn.AccessManagement\src\Altinn.AccessManagement.Api.Internal\Altinn.AccessManagement.Api.Internal.csproj", "{97295915-9DC6-43B2-9110-3F930C8F48B8}"
EndProject
Project("{FAE04EC0-301F-11D3-BF4B-00C04F79EFBC}") = "Altinn.AccessManagement.Api.Maskinporten", "src\apps\Altinn.AccessManagement\src\Altinn.AccessManagement.Api.Maskinporten\Altinn.AccessManagement.Api.Maskinporten.csproj", "{8DDD2285-9F48-4E1F-A533-DCED2217A3D3}"
EndProject
Project("{FAE04EC0-301F-11D3-BF4B-00C04F79EFBC}") = "Altinn.AccessManagement.Api.Metadata", "src\apps\Altinn.AccessManagement\src\Altinn.AccessManagement.Api.Metadata\Altinn.AccessManagement.Api.Metadata.csproj", "{F3E9145F-286B-4B87-8AF4-E451D323364F}"
EndProject
Project("{FAE04EC0-301F-11D3-BF4B-00C04F79EFBC}") = "Altinn.AccessManagement.Api.ServiceOwner", "src\apps\Altinn.AccessManagement\src\Altinn.AccessManagement.Api.ServiceOwner\Altinn.AccessManagement.Api.ServiceOwner.csproj", "{07BACD16-4A1B-4999-BD1C-5727A041AB68}"
EndProject
Project("{FAE04EC0-301F-11D3-BF4B-00C04F79EFBC}") = "Altinn.AccessManagement.AppHost", "src\apps\Altinn.AccessManagement\src\Altinn.AccessManagement.AppHost\Altinn.AccessManagement.AppHost.csproj", "{D58A1DD5-3FBD-4F93-A4E1-461E09AFD3C3}"
EndProject
Project("{FAE04EC0-301F-11D3-BF4B-00C04F79EFBC}") = "Altinn.AccessManagement.Core", "src\apps\Altinn.AccessManagement\src\Altinn.AccessManagement.Core\Altinn.AccessManagement.Core.csproj", "{FD99EA24-0A07-4093-8EFD-A55134158745}"
EndProject
Project("{FAE04EC0-301F-11D3-BF4B-00C04F79EFBC}") = "Altinn.AccessManagement.Integration", "src\apps\Altinn.AccessManagement\src\Altinn.AccessManagement.Integration\Altinn.AccessManagement.Integration.csproj", "{D214CEA2-15D5-4C37-A5C6-E5A5E1C6D343}"
EndProject
Project("{FAE04EC0-301F-11D3-BF4B-00C04F79EFBC}") = "Altinn.AccessManagement.Persistence", "src\apps\Altinn.AccessManagement\src\Altinn.AccessManagement.Persistence\Altinn.AccessManagement.Persistence.csproj", "{3FD57FF1-D2D6-4623-BE8B-0CC291044F63}"
EndProject
Project("{FAE04EC0-301F-11D3-BF4B-00C04F79EFBC}") = "Altinn.AccessMgmt.Core", "src\apps\Altinn.AccessManagement\src\Altinn.AccessMgmt.Core\Altinn.AccessMgmt.Core.csproj", "{6673A04D-E3A0-4DD8-A797-FBF031BFC030}"
EndProject
Project("{FAE04EC0-301F-11D3-BF4B-00C04F79EFBC}") = "Altinn.AccessMgmt.Persistence", "src\apps\Altinn.AccessManagement\src\Altinn.AccessMgmt.Persistence\Altinn.AccessMgmt.Persistence.csproj", "{793BF858-C922-4C0A-8D8B-BAC4BD24F387}"
EndProject
Project("{FAE04EC0-301F-11D3-BF4B-00C04F79EFBC}") = "Altinn.AccessMgmt.Persistence.Core", "src\apps\Altinn.AccessManagement\src\Altinn.AccessMgmt.Persistence.Core\Altinn.AccessMgmt.Persistence.Core.csproj", "{23A66363-E30A-4094-A76E-1246F31D8986}"
EndProject
Project("{2150E333-8FDC-42A3-9474-1A3956D46DE8}") = "test", "test", "{D2DF925C-A14F-80C1-51E0-7ECFD06D725B}"
EndProject
Project("{FAE04EC0-301F-11D3-BF4B-00C04F79EFBC}") = "AccessMgmt.Tests", "src\apps\Altinn.AccessManagement\test\AccessMgmt.Tests\AccessMgmt.Tests.csproj", "{6B65914B-C53E-4EA0-8761-851C21566EB7}"
EndProject
Project("{2150E333-8FDC-42A3-9474-1A3956D46DE8}") = "lib", "lib", "{3A8DF596-E814-FECC-DD4B-D8EF8AAC1A0D}"
EndProject
Project("{2150E333-8FDC-42A3-9474-1A3956D46DE8}") = "Altinn.Authorization.Api.Contracts", "Altinn.Authorization.Api.Contracts", "{6C106142-C097-D3E5-652B-C3461ACFDF39}"
EndProject
Project("{2150E333-8FDC-42A3-9474-1A3956D46DE8}") = "src", "src", "{367554B9-BA11-02B9-0FC3-960B86B0C323}"
EndProject
Project("{FAE04EC0-301F-11D3-BF4B-00C04F79EFBC}") = "Altinn.Authorization.Api.Contracts", "src\libs\Altinn.Authorization.Api.Contracts\src\Altinn.Authorization.Api.Contracts\Altinn.Authorization.Api.Contracts.csproj", "{A6CE03EB-61DD-462A-9DF1-7EEE4F5230C5}"
EndProject
Project("{2150E333-8FDC-42A3-9474-1A3956D46DE8}") = "Altinn.Authorization.Host", "Altinn.Authorization.Host", "{AAE8D03D-007A-017B-1103-80902024F028}"
EndProject
Project("{2150E333-8FDC-42A3-9474-1A3956D46DE8}") = "src", "src", "{601907BC-5B37-6A9A-B6C8-6CFB12442689}"
EndProject
Project("{FAE04EC0-301F-11D3-BF4B-00C04F79EFBC}") = "Altinn.Authorization.Host", "src\libs\Altinn.Authorization.Host\src\Altinn.Authorization.Host\Altinn.Authorization.Host.csproj", "{0E24C8CE-D5D0-4C69-9DED-D44D2E51CB70}"
EndProject
Project("{FAE04EC0-301F-11D3-BF4B-00C04F79EFBC}") = "Altinn.Authorization.Host.Database", "src\libs\Altinn.Authorization.Host\src\Altinn.Authorization.Host.Database\Altinn.Authorization.Host.Database.csproj", "{A1D90D32-6AC7-468F-81C8-E7EFD69C2440}"
EndProject
Project("{FAE04EC0-301F-11D3-BF4B-00C04F79EFBC}") = "Altinn.Authorization.Host.Lease", "src\libs\Altinn.Authorization.Host\src\Altinn.Authorization.Host.Lease\Altinn.Authorization.Host.Lease.csproj", "{5265EE24-F5F6-4DCC-9E6E-A635CFDEE106}"
EndProject
Project("{FAE04EC0-301F-11D3-BF4B-00C04F79EFBC}") = "Altinn.Authorization.Host.MassTransit", "src\libs\Altinn.Authorization.Host\src\Altinn.Authorization.Host.MassTransit\Altinn.Authorization.Host.MassTransit.csproj", "{FF1F43ED-5DF1-4EB8-A48A-06EFEDCDE6D7}"
EndProject
Project("{2150E333-8FDC-42A3-9474-1A3956D46DE8}") = "test", "test", "{63FD8734-9986-B60F-A32C-606D50289227}"
EndProject
Project("{FAE04EC0-301F-11D3-BF4B-00C04F79EFBC}") = "Altinn.Authorization.Host.Lease.Tests", "src\libs\Altinn.Authorization.Host\test\Altinn.Authorization.Host.Lease.Tests\Altinn.Authorization.Host.Lease.Tests.csproj", "{3F5963D4-CD78-44FC-AE1C-BCCD45A02466}"
EndProject
Project("{2150E333-8FDC-42A3-9474-1A3956D46DE8}") = "Altinn.Authorization.Integration", "Altinn.Authorization.Integration", "{E2B9F536-143E-2EFE-9BA7-27631E2A18AC}"
EndProject
Project("{2150E333-8FDC-42A3-9474-1A3956D46DE8}") = "src", "src", "{26E18A01-38A9-D635-A033-9AA4A9664485}"
EndProject
Project("{FAE04EC0-301F-11D3-BF4B-00C04F79EFBC}") = "Altinn.Authorization.Integration.Platform", "src\libs\Altinn.Authorization.Integration\src\Altinn.Authorization.Integration.Platform\Altinn.Authorization.Integration.Platform.csproj", "{DA775FBC-EFA0-4AA6-A226-27EF791A1F01}"
EndProject
Project("{2150E333-8FDC-42A3-9474-1A3956D46DE8}") = "test", "test", "{4E9EC514-8336-0CD0-5DC8-E1FC3796F34B}"
EndProject
Project("{FAE04EC0-301F-11D3-BF4B-00C04F79EFBC}") = "Altinn.Authorization.Integration.Tests", "src\libs\Altinn.Authorization.Integration\test\Altinn.Authorization.Integration.Tests\Altinn.Authorization.Integration.Tests.csproj", "{CB4FE84A-A73E-4653-8B5E-3B546C9A2AC9}"
EndProject
Project("{2150E333-8FDC-42A3-9474-1A3956D46DE8}") = "pkg", "pkg", "{2CACE873-F0F8-81F3-56EC-A1F4A4ABD967}"
EndProject
Project("{2150E333-8FDC-42A3-9474-1A3956D46DE8}") = "Altinn.Authorization.ABAC", "Altinn.Authorization.ABAC", "{D0B11B6B-D80E-76FF-A56D-9420225ED058}"
EndProject
Project("{2150E333-8FDC-42A3-9474-1A3956D46DE8}") = "src", "src", "{768B340E-A631-AABE-9578-41B41870FC3A}"
EndProject
Project("{FAE04EC0-301F-11D3-BF4B-00C04F79EFBC}") = "Altinn.Authorization.ABAC", "src\pkgs\Altinn.Authorization.ABAC\src\Altinn.Authorization.ABAC\Altinn.Authorization.ABAC.csproj", "{E3FABFE1-765B-40B9-A003-9051509C2859}"
EndProject
Project("{2150E333-8FDC-42A3-9474-1A3956D46DE8}") = "Altinn.Authorization.PEP", "Altinn.Authorization.PEP", "{30FCD9B0-2F95-4F39-30BD-7D7607D03CA2}"
EndProject
Project("{2150E333-8FDC-42A3-9474-1A3956D46DE8}") = "src", "src", "{5DAA5297-C475-220D-B4C1-09A154D0D9BB}"
EndProject
Project("{FAE04EC0-301F-11D3-BF4B-00C04F79EFBC}") = "Altinn.Authorization.PEP", "src\pkgs\Altinn.Authorization.PEP\src\Altinn.Authorization.PEP\Altinn.Authorization.PEP.csproj", "{9888E451-A6CA-4529-91BF-31FD1501CD0C}"
EndProject
Project("{2150E333-8FDC-42A3-9474-1A3956D46DE8}") = "tool", "tool", "{C2B7AC55-755F-98EC-7131-AA75D4EC5C29}"
EndProject
Project("{2150E333-8FDC-42A3-9474-1A3956D46DE8}") = "Altinn.Authorization.Cli", "Altinn.Authorization.Cli", "{B779A4E9-E814-1331-230A-C4FD340B5D4B}"
EndProject
Project("{2150E333-8FDC-42A3-9474-1A3956D46DE8}") = "src", "src", "{628615DC-B40F-2350-EE74-A155D8C906F4}"
EndProject
Project("{FAE04EC0-301F-11D3-BF4B-00C04F79EFBC}") = "Altinn.Authorization.Cli", "src\tools\Altinn.Authorization.Cli\src\Altinn.Authorization.Cli\Altinn.Authorization.Cli.csproj", "{B1F5E18C-CDB2-484B-A095-8D7D551B1577}"
EndProject
Project("{FAE04EC0-301F-11D3-BF4B-00C04F79EFBC}") = "Altinn.AccessMgmt.PersistenceEF", "src\apps\Altinn.AccessManagement\src\Altinn.AccessMgmt.PersistenceEF\Altinn.AccessMgmt.PersistenceEF.csproj", "{00BBB51E-E990-400B-8E6F-68476D4E75BD}"
EndProject
Project("{FAE04EC0-301F-11D3-BF4B-00C04F79EFBC}") = "Altinn.Authorization.Host.Job", "src\libs\Altinn.Authorization.Host\src\Altinn.Authorization.Host.Job\Altinn.Authorization.Host.Job.csproj", "{DF92CDF8-CFB4-4A50-B3EE-15CFAA83DA26}"
EndProject
Global
	GlobalSection(SolutionConfigurationPlatforms) = preSolution
		Debug|Any CPU = Debug|Any CPU
		Debug|x64 = Debug|x64
		Debug|x86 = Debug|x86
		Release|Any CPU = Release|Any CPU
		Release|x64 = Release|x64
		Release|x86 = Release|x86
	EndGlobalSection
	GlobalSection(ProjectConfigurationPlatforms) = postSolution
		{B6EBE099-01E9-4206-87CB-D917948F3BED}.Debug|Any CPU.ActiveCfg = Debug|Any CPU
		{B6EBE099-01E9-4206-87CB-D917948F3BED}.Debug|Any CPU.Build.0 = Debug|Any CPU
		{B6EBE099-01E9-4206-87CB-D917948F3BED}.Debug|x64.ActiveCfg = Debug|Any CPU
		{B6EBE099-01E9-4206-87CB-D917948F3BED}.Debug|x64.Build.0 = Debug|Any CPU
		{B6EBE099-01E9-4206-87CB-D917948F3BED}.Debug|x86.ActiveCfg = Debug|Any CPU
		{B6EBE099-01E9-4206-87CB-D917948F3BED}.Debug|x86.Build.0 = Debug|Any CPU
		{B6EBE099-01E9-4206-87CB-D917948F3BED}.Release|Any CPU.ActiveCfg = Release|Any CPU
		{B6EBE099-01E9-4206-87CB-D917948F3BED}.Release|Any CPU.Build.0 = Release|Any CPU
		{B6EBE099-01E9-4206-87CB-D917948F3BED}.Release|x64.ActiveCfg = Release|Any CPU
		{B6EBE099-01E9-4206-87CB-D917948F3BED}.Release|x64.Build.0 = Release|Any CPU
		{B6EBE099-01E9-4206-87CB-D917948F3BED}.Release|x86.ActiveCfg = Release|Any CPU
		{B6EBE099-01E9-4206-87CB-D917948F3BED}.Release|x86.Build.0 = Release|Any CPU
		{C1BEA90B-56CA-4B8D-A896-82D1EACF79DE}.Debug|Any CPU.ActiveCfg = Debug|Any CPU
		{C1BEA90B-56CA-4B8D-A896-82D1EACF79DE}.Debug|Any CPU.Build.0 = Debug|Any CPU
		{C1BEA90B-56CA-4B8D-A896-82D1EACF79DE}.Debug|x64.ActiveCfg = Debug|Any CPU
		{C1BEA90B-56CA-4B8D-A896-82D1EACF79DE}.Debug|x64.Build.0 = Debug|Any CPU
		{C1BEA90B-56CA-4B8D-A896-82D1EACF79DE}.Debug|x86.ActiveCfg = Debug|Any CPU
		{C1BEA90B-56CA-4B8D-A896-82D1EACF79DE}.Debug|x86.Build.0 = Debug|Any CPU
		{C1BEA90B-56CA-4B8D-A896-82D1EACF79DE}.Release|Any CPU.ActiveCfg = Release|Any CPU
		{C1BEA90B-56CA-4B8D-A896-82D1EACF79DE}.Release|Any CPU.Build.0 = Release|Any CPU
		{C1BEA90B-56CA-4B8D-A896-82D1EACF79DE}.Release|x64.ActiveCfg = Release|Any CPU
		{C1BEA90B-56CA-4B8D-A896-82D1EACF79DE}.Release|x64.Build.0 = Release|Any CPU
		{C1BEA90B-56CA-4B8D-A896-82D1EACF79DE}.Release|x86.ActiveCfg = Release|Any CPU
		{C1BEA90B-56CA-4B8D-A896-82D1EACF79DE}.Release|x86.Build.0 = Release|Any CPU
		{C09250B4-59BF-49F2-A857-D39E134D3618}.Debug|Any CPU.ActiveCfg = Debug|Any CPU
		{C09250B4-59BF-49F2-A857-D39E134D3618}.Debug|Any CPU.Build.0 = Debug|Any CPU
		{C09250B4-59BF-49F2-A857-D39E134D3618}.Debug|x64.ActiveCfg = Debug|Any CPU
		{C09250B4-59BF-49F2-A857-D39E134D3618}.Debug|x64.Build.0 = Debug|Any CPU
		{C09250B4-59BF-49F2-A857-D39E134D3618}.Debug|x86.ActiveCfg = Debug|Any CPU
		{C09250B4-59BF-49F2-A857-D39E134D3618}.Debug|x86.Build.0 = Debug|Any CPU
		{C09250B4-59BF-49F2-A857-D39E134D3618}.Release|Any CPU.ActiveCfg = Release|Any CPU
		{C09250B4-59BF-49F2-A857-D39E134D3618}.Release|Any CPU.Build.0 = Release|Any CPU
		{C09250B4-59BF-49F2-A857-D39E134D3618}.Release|x64.ActiveCfg = Release|Any CPU
		{C09250B4-59BF-49F2-A857-D39E134D3618}.Release|x64.Build.0 = Release|Any CPU
		{C09250B4-59BF-49F2-A857-D39E134D3618}.Release|x86.ActiveCfg = Release|Any CPU
		{C09250B4-59BF-49F2-A857-D39E134D3618}.Release|x86.Build.0 = Release|Any CPU
		{C664DF85-419D-4DBD-BB44-28E817949D1B}.Debug|Any CPU.ActiveCfg = Debug|Any CPU
		{C664DF85-419D-4DBD-BB44-28E817949D1B}.Debug|Any CPU.Build.0 = Debug|Any CPU
		{C664DF85-419D-4DBD-BB44-28E817949D1B}.Debug|x64.ActiveCfg = Debug|Any CPU
		{C664DF85-419D-4DBD-BB44-28E817949D1B}.Debug|x64.Build.0 = Debug|Any CPU
		{C664DF85-419D-4DBD-BB44-28E817949D1B}.Debug|x86.ActiveCfg = Debug|Any CPU
		{C664DF85-419D-4DBD-BB44-28E817949D1B}.Debug|x86.Build.0 = Debug|Any CPU
		{C664DF85-419D-4DBD-BB44-28E817949D1B}.Release|Any CPU.ActiveCfg = Release|Any CPU
		{C664DF85-419D-4DBD-BB44-28E817949D1B}.Release|Any CPU.Build.0 = Release|Any CPU
		{C664DF85-419D-4DBD-BB44-28E817949D1B}.Release|x64.ActiveCfg = Release|Any CPU
		{C664DF85-419D-4DBD-BB44-28E817949D1B}.Release|x64.Build.0 = Release|Any CPU
		{C664DF85-419D-4DBD-BB44-28E817949D1B}.Release|x86.ActiveCfg = Release|Any CPU
		{C664DF85-419D-4DBD-BB44-28E817949D1B}.Release|x86.Build.0 = Release|Any CPU
		{BFEC605E-ECA5-4ECE-B2F8-E739F36D215B}.Debug|Any CPU.ActiveCfg = Debug|Any CPU
		{BFEC605E-ECA5-4ECE-B2F8-E739F36D215B}.Debug|Any CPU.Build.0 = Debug|Any CPU
		{BFEC605E-ECA5-4ECE-B2F8-E739F36D215B}.Debug|x64.ActiveCfg = Debug|Any CPU
		{BFEC605E-ECA5-4ECE-B2F8-E739F36D215B}.Debug|x64.Build.0 = Debug|Any CPU
		{BFEC605E-ECA5-4ECE-B2F8-E739F36D215B}.Debug|x86.ActiveCfg = Debug|Any CPU
		{BFEC605E-ECA5-4ECE-B2F8-E739F36D215B}.Debug|x86.Build.0 = Debug|Any CPU
		{BFEC605E-ECA5-4ECE-B2F8-E739F36D215B}.Release|Any CPU.ActiveCfg = Release|Any CPU
		{BFEC605E-ECA5-4ECE-B2F8-E739F36D215B}.Release|Any CPU.Build.0 = Release|Any CPU
		{BFEC605E-ECA5-4ECE-B2F8-E739F36D215B}.Release|x64.ActiveCfg = Release|Any CPU
		{BFEC605E-ECA5-4ECE-B2F8-E739F36D215B}.Release|x64.Build.0 = Release|Any CPU
		{BFEC605E-ECA5-4ECE-B2F8-E739F36D215B}.Release|x86.ActiveCfg = Release|Any CPU
		{BFEC605E-ECA5-4ECE-B2F8-E739F36D215B}.Release|x86.Build.0 = Release|Any CPU
		{806A3203-27DD-485B-8290-AFFE29E6F8A1}.Debug|Any CPU.ActiveCfg = Debug|Any CPU
		{806A3203-27DD-485B-8290-AFFE29E6F8A1}.Debug|Any CPU.Build.0 = Debug|Any CPU
		{806A3203-27DD-485B-8290-AFFE29E6F8A1}.Debug|x64.ActiveCfg = Debug|Any CPU
		{806A3203-27DD-485B-8290-AFFE29E6F8A1}.Debug|x64.Build.0 = Debug|Any CPU
		{806A3203-27DD-485B-8290-AFFE29E6F8A1}.Debug|x86.ActiveCfg = Debug|Any CPU
		{806A3203-27DD-485B-8290-AFFE29E6F8A1}.Debug|x86.Build.0 = Debug|Any CPU
		{806A3203-27DD-485B-8290-AFFE29E6F8A1}.Release|Any CPU.ActiveCfg = Release|Any CPU
		{806A3203-27DD-485B-8290-AFFE29E6F8A1}.Release|Any CPU.Build.0 = Release|Any CPU
		{806A3203-27DD-485B-8290-AFFE29E6F8A1}.Release|x64.ActiveCfg = Release|Any CPU
		{806A3203-27DD-485B-8290-AFFE29E6F8A1}.Release|x64.Build.0 = Release|Any CPU
		{806A3203-27DD-485B-8290-AFFE29E6F8A1}.Release|x86.ActiveCfg = Release|Any CPU
		{806A3203-27DD-485B-8290-AFFE29E6F8A1}.Release|x86.Build.0 = Release|Any CPU
		{97295915-9DC6-43B2-9110-3F930C8F48B8}.Debug|Any CPU.ActiveCfg = Debug|Any CPU
		{97295915-9DC6-43B2-9110-3F930C8F48B8}.Debug|Any CPU.Build.0 = Debug|Any CPU
		{97295915-9DC6-43B2-9110-3F930C8F48B8}.Debug|x64.ActiveCfg = Debug|Any CPU
		{97295915-9DC6-43B2-9110-3F930C8F48B8}.Debug|x64.Build.0 = Debug|Any CPU
		{97295915-9DC6-43B2-9110-3F930C8F48B8}.Debug|x86.ActiveCfg = Debug|Any CPU
		{97295915-9DC6-43B2-9110-3F930C8F48B8}.Debug|x86.Build.0 = Debug|Any CPU
		{97295915-9DC6-43B2-9110-3F930C8F48B8}.Release|Any CPU.ActiveCfg = Release|Any CPU
		{97295915-9DC6-43B2-9110-3F930C8F48B8}.Release|Any CPU.Build.0 = Release|Any CPU
		{97295915-9DC6-43B2-9110-3F930C8F48B8}.Release|x64.ActiveCfg = Release|Any CPU
		{97295915-9DC6-43B2-9110-3F930C8F48B8}.Release|x64.Build.0 = Release|Any CPU
		{97295915-9DC6-43B2-9110-3F930C8F48B8}.Release|x86.ActiveCfg = Release|Any CPU
		{97295915-9DC6-43B2-9110-3F930C8F48B8}.Release|x86.Build.0 = Release|Any CPU
		{8DDD2285-9F48-4E1F-A533-DCED2217A3D3}.Debug|Any CPU.ActiveCfg = Debug|Any CPU
		{8DDD2285-9F48-4E1F-A533-DCED2217A3D3}.Debug|Any CPU.Build.0 = Debug|Any CPU
		{8DDD2285-9F48-4E1F-A533-DCED2217A3D3}.Debug|x64.ActiveCfg = Debug|Any CPU
		{8DDD2285-9F48-4E1F-A533-DCED2217A3D3}.Debug|x64.Build.0 = Debug|Any CPU
		{8DDD2285-9F48-4E1F-A533-DCED2217A3D3}.Debug|x86.ActiveCfg = Debug|Any CPU
		{8DDD2285-9F48-4E1F-A533-DCED2217A3D3}.Debug|x86.Build.0 = Debug|Any CPU
		{8DDD2285-9F48-4E1F-A533-DCED2217A3D3}.Release|Any CPU.ActiveCfg = Release|Any CPU
		{8DDD2285-9F48-4E1F-A533-DCED2217A3D3}.Release|Any CPU.Build.0 = Release|Any CPU
		{8DDD2285-9F48-4E1F-A533-DCED2217A3D3}.Release|x64.ActiveCfg = Release|Any CPU
		{8DDD2285-9F48-4E1F-A533-DCED2217A3D3}.Release|x64.Build.0 = Release|Any CPU
		{8DDD2285-9F48-4E1F-A533-DCED2217A3D3}.Release|x86.ActiveCfg = Release|Any CPU
		{8DDD2285-9F48-4E1F-A533-DCED2217A3D3}.Release|x86.Build.0 = Release|Any CPU
		{F3E9145F-286B-4B87-8AF4-E451D323364F}.Debug|Any CPU.ActiveCfg = Debug|Any CPU
		{F3E9145F-286B-4B87-8AF4-E451D323364F}.Debug|Any CPU.Build.0 = Debug|Any CPU
		{F3E9145F-286B-4B87-8AF4-E451D323364F}.Debug|x64.ActiveCfg = Debug|Any CPU
		{F3E9145F-286B-4B87-8AF4-E451D323364F}.Debug|x64.Build.0 = Debug|Any CPU
		{F3E9145F-286B-4B87-8AF4-E451D323364F}.Debug|x86.ActiveCfg = Debug|Any CPU
		{F3E9145F-286B-4B87-8AF4-E451D323364F}.Debug|x86.Build.0 = Debug|Any CPU
		{F3E9145F-286B-4B87-8AF4-E451D323364F}.Release|Any CPU.ActiveCfg = Release|Any CPU
		{F3E9145F-286B-4B87-8AF4-E451D323364F}.Release|Any CPU.Build.0 = Release|Any CPU
		{F3E9145F-286B-4B87-8AF4-E451D323364F}.Release|x64.ActiveCfg = Release|Any CPU
		{F3E9145F-286B-4B87-8AF4-E451D323364F}.Release|x64.Build.0 = Release|Any CPU
		{F3E9145F-286B-4B87-8AF4-E451D323364F}.Release|x86.ActiveCfg = Release|Any CPU
		{F3E9145F-286B-4B87-8AF4-E451D323364F}.Release|x86.Build.0 = Release|Any CPU
		{07BACD16-4A1B-4999-BD1C-5727A041AB68}.Debug|Any CPU.ActiveCfg = Debug|Any CPU
		{07BACD16-4A1B-4999-BD1C-5727A041AB68}.Debug|Any CPU.Build.0 = Debug|Any CPU
		{07BACD16-4A1B-4999-BD1C-5727A041AB68}.Debug|x64.ActiveCfg = Debug|Any CPU
		{07BACD16-4A1B-4999-BD1C-5727A041AB68}.Debug|x64.Build.0 = Debug|Any CPU
		{07BACD16-4A1B-4999-BD1C-5727A041AB68}.Debug|x86.ActiveCfg = Debug|Any CPU
		{07BACD16-4A1B-4999-BD1C-5727A041AB68}.Debug|x86.Build.0 = Debug|Any CPU
		{07BACD16-4A1B-4999-BD1C-5727A041AB68}.Release|Any CPU.ActiveCfg = Release|Any CPU
		{07BACD16-4A1B-4999-BD1C-5727A041AB68}.Release|Any CPU.Build.0 = Release|Any CPU
		{07BACD16-4A1B-4999-BD1C-5727A041AB68}.Release|x64.ActiveCfg = Release|Any CPU
		{07BACD16-4A1B-4999-BD1C-5727A041AB68}.Release|x64.Build.0 = Release|Any CPU
		{07BACD16-4A1B-4999-BD1C-5727A041AB68}.Release|x86.ActiveCfg = Release|Any CPU
		{07BACD16-4A1B-4999-BD1C-5727A041AB68}.Release|x86.Build.0 = Release|Any CPU
		{D58A1DD5-3FBD-4F93-A4E1-461E09AFD3C3}.Debug|Any CPU.ActiveCfg = Debug|Any CPU
		{D58A1DD5-3FBD-4F93-A4E1-461E09AFD3C3}.Debug|Any CPU.Build.0 = Debug|Any CPU
		{D58A1DD5-3FBD-4F93-A4E1-461E09AFD3C3}.Debug|x64.ActiveCfg = Debug|Any CPU
		{D58A1DD5-3FBD-4F93-A4E1-461E09AFD3C3}.Debug|x64.Build.0 = Debug|Any CPU
		{D58A1DD5-3FBD-4F93-A4E1-461E09AFD3C3}.Debug|x86.ActiveCfg = Debug|Any CPU
		{D58A1DD5-3FBD-4F93-A4E1-461E09AFD3C3}.Debug|x86.Build.0 = Debug|Any CPU
		{D58A1DD5-3FBD-4F93-A4E1-461E09AFD3C3}.Release|Any CPU.ActiveCfg = Release|Any CPU
		{D58A1DD5-3FBD-4F93-A4E1-461E09AFD3C3}.Release|Any CPU.Build.0 = Release|Any CPU
		{D58A1DD5-3FBD-4F93-A4E1-461E09AFD3C3}.Release|x64.ActiveCfg = Release|Any CPU
		{D58A1DD5-3FBD-4F93-A4E1-461E09AFD3C3}.Release|x64.Build.0 = Release|Any CPU
		{D58A1DD5-3FBD-4F93-A4E1-461E09AFD3C3}.Release|x86.ActiveCfg = Release|Any CPU
		{D58A1DD5-3FBD-4F93-A4E1-461E09AFD3C3}.Release|x86.Build.0 = Release|Any CPU
		{FD99EA24-0A07-4093-8EFD-A55134158745}.Debug|Any CPU.ActiveCfg = Debug|Any CPU
		{FD99EA24-0A07-4093-8EFD-A55134158745}.Debug|Any CPU.Build.0 = Debug|Any CPU
		{FD99EA24-0A07-4093-8EFD-A55134158745}.Debug|x64.ActiveCfg = Debug|Any CPU
		{FD99EA24-0A07-4093-8EFD-A55134158745}.Debug|x64.Build.0 = Debug|Any CPU
		{FD99EA24-0A07-4093-8EFD-A55134158745}.Debug|x86.ActiveCfg = Debug|Any CPU
		{FD99EA24-0A07-4093-8EFD-A55134158745}.Debug|x86.Build.0 = Debug|Any CPU
		{FD99EA24-0A07-4093-8EFD-A55134158745}.Release|Any CPU.ActiveCfg = Release|Any CPU
		{FD99EA24-0A07-4093-8EFD-A55134158745}.Release|Any CPU.Build.0 = Release|Any CPU
		{FD99EA24-0A07-4093-8EFD-A55134158745}.Release|x64.ActiveCfg = Release|Any CPU
		{FD99EA24-0A07-4093-8EFD-A55134158745}.Release|x64.Build.0 = Release|Any CPU
		{FD99EA24-0A07-4093-8EFD-A55134158745}.Release|x86.ActiveCfg = Release|Any CPU
		{FD99EA24-0A07-4093-8EFD-A55134158745}.Release|x86.Build.0 = Release|Any CPU
		{D214CEA2-15D5-4C37-A5C6-E5A5E1C6D343}.Debug|Any CPU.ActiveCfg = Debug|Any CPU
		{D214CEA2-15D5-4C37-A5C6-E5A5E1C6D343}.Debug|Any CPU.Build.0 = Debug|Any CPU
		{D214CEA2-15D5-4C37-A5C6-E5A5E1C6D343}.Debug|x64.ActiveCfg = Debug|Any CPU
		{D214CEA2-15D5-4C37-A5C6-E5A5E1C6D343}.Debug|x64.Build.0 = Debug|Any CPU
		{D214CEA2-15D5-4C37-A5C6-E5A5E1C6D343}.Debug|x86.ActiveCfg = Debug|Any CPU
		{D214CEA2-15D5-4C37-A5C6-E5A5E1C6D343}.Debug|x86.Build.0 = Debug|Any CPU
		{D214CEA2-15D5-4C37-A5C6-E5A5E1C6D343}.Release|Any CPU.ActiveCfg = Release|Any CPU
		{D214CEA2-15D5-4C37-A5C6-E5A5E1C6D343}.Release|Any CPU.Build.0 = Release|Any CPU
		{D214CEA2-15D5-4C37-A5C6-E5A5E1C6D343}.Release|x64.ActiveCfg = Release|Any CPU
		{D214CEA2-15D5-4C37-A5C6-E5A5E1C6D343}.Release|x64.Build.0 = Release|Any CPU
		{D214CEA2-15D5-4C37-A5C6-E5A5E1C6D343}.Release|x86.ActiveCfg = Release|Any CPU
		{D214CEA2-15D5-4C37-A5C6-E5A5E1C6D343}.Release|x86.Build.0 = Release|Any CPU
		{3FD57FF1-D2D6-4623-BE8B-0CC291044F63}.Debug|Any CPU.ActiveCfg = Debug|Any CPU
		{3FD57FF1-D2D6-4623-BE8B-0CC291044F63}.Debug|Any CPU.Build.0 = Debug|Any CPU
		{3FD57FF1-D2D6-4623-BE8B-0CC291044F63}.Debug|x64.ActiveCfg = Debug|Any CPU
		{3FD57FF1-D2D6-4623-BE8B-0CC291044F63}.Debug|x64.Build.0 = Debug|Any CPU
		{3FD57FF1-D2D6-4623-BE8B-0CC291044F63}.Debug|x86.ActiveCfg = Debug|Any CPU
		{3FD57FF1-D2D6-4623-BE8B-0CC291044F63}.Debug|x86.Build.0 = Debug|Any CPU
		{3FD57FF1-D2D6-4623-BE8B-0CC291044F63}.Release|Any CPU.ActiveCfg = Release|Any CPU
		{3FD57FF1-D2D6-4623-BE8B-0CC291044F63}.Release|Any CPU.Build.0 = Release|Any CPU
		{3FD57FF1-D2D6-4623-BE8B-0CC291044F63}.Release|x64.ActiveCfg = Release|Any CPU
		{3FD57FF1-D2D6-4623-BE8B-0CC291044F63}.Release|x64.Build.0 = Release|Any CPU
		{3FD57FF1-D2D6-4623-BE8B-0CC291044F63}.Release|x86.ActiveCfg = Release|Any CPU
		{3FD57FF1-D2D6-4623-BE8B-0CC291044F63}.Release|x86.Build.0 = Release|Any CPU
		{6673A04D-E3A0-4DD8-A797-FBF031BFC030}.Debug|Any CPU.ActiveCfg = Debug|Any CPU
		{6673A04D-E3A0-4DD8-A797-FBF031BFC030}.Debug|Any CPU.Build.0 = Debug|Any CPU
		{6673A04D-E3A0-4DD8-A797-FBF031BFC030}.Debug|x64.ActiveCfg = Debug|Any CPU
		{6673A04D-E3A0-4DD8-A797-FBF031BFC030}.Debug|x64.Build.0 = Debug|Any CPU
		{6673A04D-E3A0-4DD8-A797-FBF031BFC030}.Debug|x86.ActiveCfg = Debug|Any CPU
		{6673A04D-E3A0-4DD8-A797-FBF031BFC030}.Debug|x86.Build.0 = Debug|Any CPU
		{6673A04D-E3A0-4DD8-A797-FBF031BFC030}.Release|Any CPU.ActiveCfg = Release|Any CPU
		{6673A04D-E3A0-4DD8-A797-FBF031BFC030}.Release|Any CPU.Build.0 = Release|Any CPU
		{6673A04D-E3A0-4DD8-A797-FBF031BFC030}.Release|x64.ActiveCfg = Release|Any CPU
		{6673A04D-E3A0-4DD8-A797-FBF031BFC030}.Release|x64.Build.0 = Release|Any CPU
		{6673A04D-E3A0-4DD8-A797-FBF031BFC030}.Release|x86.ActiveCfg = Release|Any CPU
		{6673A04D-E3A0-4DD8-A797-FBF031BFC030}.Release|x86.Build.0 = Release|Any CPU
		{793BF858-C922-4C0A-8D8B-BAC4BD24F387}.Debug|Any CPU.ActiveCfg = Debug|Any CPU
		{793BF858-C922-4C0A-8D8B-BAC4BD24F387}.Debug|Any CPU.Build.0 = Debug|Any CPU
		{793BF858-C922-4C0A-8D8B-BAC4BD24F387}.Debug|x64.ActiveCfg = Debug|Any CPU
		{793BF858-C922-4C0A-8D8B-BAC4BD24F387}.Debug|x64.Build.0 = Debug|Any CPU
		{793BF858-C922-4C0A-8D8B-BAC4BD24F387}.Debug|x86.ActiveCfg = Debug|Any CPU
		{793BF858-C922-4C0A-8D8B-BAC4BD24F387}.Debug|x86.Build.0 = Debug|Any CPU
		{793BF858-C922-4C0A-8D8B-BAC4BD24F387}.Release|Any CPU.ActiveCfg = Release|Any CPU
		{793BF858-C922-4C0A-8D8B-BAC4BD24F387}.Release|Any CPU.Build.0 = Release|Any CPU
		{793BF858-C922-4C0A-8D8B-BAC4BD24F387}.Release|x64.ActiveCfg = Release|Any CPU
		{793BF858-C922-4C0A-8D8B-BAC4BD24F387}.Release|x64.Build.0 = Release|Any CPU
		{793BF858-C922-4C0A-8D8B-BAC4BD24F387}.Release|x86.ActiveCfg = Release|Any CPU
		{793BF858-C922-4C0A-8D8B-BAC4BD24F387}.Release|x86.Build.0 = Release|Any CPU
		{23A66363-E30A-4094-A76E-1246F31D8986}.Debug|Any CPU.ActiveCfg = Debug|Any CPU
		{23A66363-E30A-4094-A76E-1246F31D8986}.Debug|Any CPU.Build.0 = Debug|Any CPU
		{23A66363-E30A-4094-A76E-1246F31D8986}.Debug|x64.ActiveCfg = Debug|Any CPU
		{23A66363-E30A-4094-A76E-1246F31D8986}.Debug|x64.Build.0 = Debug|Any CPU
		{23A66363-E30A-4094-A76E-1246F31D8986}.Debug|x86.ActiveCfg = Debug|Any CPU
		{23A66363-E30A-4094-A76E-1246F31D8986}.Debug|x86.Build.0 = Debug|Any CPU
		{23A66363-E30A-4094-A76E-1246F31D8986}.Release|Any CPU.ActiveCfg = Release|Any CPU
		{23A66363-E30A-4094-A76E-1246F31D8986}.Release|Any CPU.Build.0 = Release|Any CPU
		{23A66363-E30A-4094-A76E-1246F31D8986}.Release|x64.ActiveCfg = Release|Any CPU
		{23A66363-E30A-4094-A76E-1246F31D8986}.Release|x64.Build.0 = Release|Any CPU
		{23A66363-E30A-4094-A76E-1246F31D8986}.Release|x86.ActiveCfg = Release|Any CPU
		{23A66363-E30A-4094-A76E-1246F31D8986}.Release|x86.Build.0 = Release|Any CPU
		{6B65914B-C53E-4EA0-8761-851C21566EB7}.Debug|Any CPU.ActiveCfg = Debug|Any CPU
		{6B65914B-C53E-4EA0-8761-851C21566EB7}.Debug|Any CPU.Build.0 = Debug|Any CPU
		{6B65914B-C53E-4EA0-8761-851C21566EB7}.Debug|x64.ActiveCfg = Debug|Any CPU
		{6B65914B-C53E-4EA0-8761-851C21566EB7}.Debug|x64.Build.0 = Debug|Any CPU
		{6B65914B-C53E-4EA0-8761-851C21566EB7}.Debug|x86.ActiveCfg = Debug|Any CPU
		{6B65914B-C53E-4EA0-8761-851C21566EB7}.Debug|x86.Build.0 = Debug|Any CPU
		{6B65914B-C53E-4EA0-8761-851C21566EB7}.Release|Any CPU.ActiveCfg = Release|Any CPU
		{6B65914B-C53E-4EA0-8761-851C21566EB7}.Release|Any CPU.Build.0 = Release|Any CPU
		{6B65914B-C53E-4EA0-8761-851C21566EB7}.Release|x64.ActiveCfg = Release|Any CPU
		{6B65914B-C53E-4EA0-8761-851C21566EB7}.Release|x64.Build.0 = Release|Any CPU
		{6B65914B-C53E-4EA0-8761-851C21566EB7}.Release|x86.ActiveCfg = Release|Any CPU
		{6B65914B-C53E-4EA0-8761-851C21566EB7}.Release|x86.Build.0 = Release|Any CPU
		{A6CE03EB-61DD-462A-9DF1-7EEE4F5230C5}.Debug|Any CPU.ActiveCfg = Debug|Any CPU
		{A6CE03EB-61DD-462A-9DF1-7EEE4F5230C5}.Debug|Any CPU.Build.0 = Debug|Any CPU
		{A6CE03EB-61DD-462A-9DF1-7EEE4F5230C5}.Debug|x64.ActiveCfg = Debug|Any CPU
		{A6CE03EB-61DD-462A-9DF1-7EEE4F5230C5}.Debug|x64.Build.0 = Debug|Any CPU
		{A6CE03EB-61DD-462A-9DF1-7EEE4F5230C5}.Debug|x86.ActiveCfg = Debug|Any CPU
		{A6CE03EB-61DD-462A-9DF1-7EEE4F5230C5}.Debug|x86.Build.0 = Debug|Any CPU
		{A6CE03EB-61DD-462A-9DF1-7EEE4F5230C5}.Release|Any CPU.ActiveCfg = Release|Any CPU
		{A6CE03EB-61DD-462A-9DF1-7EEE4F5230C5}.Release|Any CPU.Build.0 = Release|Any CPU
		{A6CE03EB-61DD-462A-9DF1-7EEE4F5230C5}.Release|x64.ActiveCfg = Release|Any CPU
		{A6CE03EB-61DD-462A-9DF1-7EEE4F5230C5}.Release|x64.Build.0 = Release|Any CPU
		{A6CE03EB-61DD-462A-9DF1-7EEE4F5230C5}.Release|x86.ActiveCfg = Release|Any CPU
		{A6CE03EB-61DD-462A-9DF1-7EEE4F5230C5}.Release|x86.Build.0 = Release|Any CPU
		{0E24C8CE-D5D0-4C69-9DED-D44D2E51CB70}.Debug|Any CPU.ActiveCfg = Debug|Any CPU
		{0E24C8CE-D5D0-4C69-9DED-D44D2E51CB70}.Debug|Any CPU.Build.0 = Debug|Any CPU
		{0E24C8CE-D5D0-4C69-9DED-D44D2E51CB70}.Debug|x64.ActiveCfg = Debug|Any CPU
		{0E24C8CE-D5D0-4C69-9DED-D44D2E51CB70}.Debug|x64.Build.0 = Debug|Any CPU
		{0E24C8CE-D5D0-4C69-9DED-D44D2E51CB70}.Debug|x86.ActiveCfg = Debug|Any CPU
		{0E24C8CE-D5D0-4C69-9DED-D44D2E51CB70}.Debug|x86.Build.0 = Debug|Any CPU
		{0E24C8CE-D5D0-4C69-9DED-D44D2E51CB70}.Release|Any CPU.ActiveCfg = Release|Any CPU
		{0E24C8CE-D5D0-4C69-9DED-D44D2E51CB70}.Release|Any CPU.Build.0 = Release|Any CPU
		{0E24C8CE-D5D0-4C69-9DED-D44D2E51CB70}.Release|x64.ActiveCfg = Release|Any CPU
		{0E24C8CE-D5D0-4C69-9DED-D44D2E51CB70}.Release|x64.Build.0 = Release|Any CPU
		{0E24C8CE-D5D0-4C69-9DED-D44D2E51CB70}.Release|x86.ActiveCfg = Release|Any CPU
		{0E24C8CE-D5D0-4C69-9DED-D44D2E51CB70}.Release|x86.Build.0 = Release|Any CPU
		{A1D90D32-6AC7-468F-81C8-E7EFD69C2440}.Debug|Any CPU.ActiveCfg = Debug|Any CPU
		{A1D90D32-6AC7-468F-81C8-E7EFD69C2440}.Debug|Any CPU.Build.0 = Debug|Any CPU
		{A1D90D32-6AC7-468F-81C8-E7EFD69C2440}.Debug|x64.ActiveCfg = Debug|Any CPU
		{A1D90D32-6AC7-468F-81C8-E7EFD69C2440}.Debug|x64.Build.0 = Debug|Any CPU
		{A1D90D32-6AC7-468F-81C8-E7EFD69C2440}.Debug|x86.ActiveCfg = Debug|Any CPU
		{A1D90D32-6AC7-468F-81C8-E7EFD69C2440}.Debug|x86.Build.0 = Debug|Any CPU
		{A1D90D32-6AC7-468F-81C8-E7EFD69C2440}.Release|Any CPU.ActiveCfg = Release|Any CPU
		{A1D90D32-6AC7-468F-81C8-E7EFD69C2440}.Release|Any CPU.Build.0 = Release|Any CPU
		{A1D90D32-6AC7-468F-81C8-E7EFD69C2440}.Release|x64.ActiveCfg = Release|Any CPU
		{A1D90D32-6AC7-468F-81C8-E7EFD69C2440}.Release|x64.Build.0 = Release|Any CPU
		{A1D90D32-6AC7-468F-81C8-E7EFD69C2440}.Release|x86.ActiveCfg = Release|Any CPU
		{A1D90D32-6AC7-468F-81C8-E7EFD69C2440}.Release|x86.Build.0 = Release|Any CPU
		{5265EE24-F5F6-4DCC-9E6E-A635CFDEE106}.Debug|Any CPU.ActiveCfg = Debug|Any CPU
		{5265EE24-F5F6-4DCC-9E6E-A635CFDEE106}.Debug|Any CPU.Build.0 = Debug|Any CPU
		{5265EE24-F5F6-4DCC-9E6E-A635CFDEE106}.Debug|x64.ActiveCfg = Debug|Any CPU
		{5265EE24-F5F6-4DCC-9E6E-A635CFDEE106}.Debug|x64.Build.0 = Debug|Any CPU
		{5265EE24-F5F6-4DCC-9E6E-A635CFDEE106}.Debug|x86.ActiveCfg = Debug|Any CPU
		{5265EE24-F5F6-4DCC-9E6E-A635CFDEE106}.Debug|x86.Build.0 = Debug|Any CPU
		{5265EE24-F5F6-4DCC-9E6E-A635CFDEE106}.Release|Any CPU.ActiveCfg = Release|Any CPU
		{5265EE24-F5F6-4DCC-9E6E-A635CFDEE106}.Release|Any CPU.Build.0 = Release|Any CPU
		{5265EE24-F5F6-4DCC-9E6E-A635CFDEE106}.Release|x64.ActiveCfg = Release|Any CPU
		{5265EE24-F5F6-4DCC-9E6E-A635CFDEE106}.Release|x64.Build.0 = Release|Any CPU
		{5265EE24-F5F6-4DCC-9E6E-A635CFDEE106}.Release|x86.ActiveCfg = Release|Any CPU
		{5265EE24-F5F6-4DCC-9E6E-A635CFDEE106}.Release|x86.Build.0 = Release|Any CPU
		{FF1F43ED-5DF1-4EB8-A48A-06EFEDCDE6D7}.Debug|Any CPU.ActiveCfg = Debug|Any CPU
		{FF1F43ED-5DF1-4EB8-A48A-06EFEDCDE6D7}.Debug|Any CPU.Build.0 = Debug|Any CPU
		{FF1F43ED-5DF1-4EB8-A48A-06EFEDCDE6D7}.Debug|x64.ActiveCfg = Debug|Any CPU
		{FF1F43ED-5DF1-4EB8-A48A-06EFEDCDE6D7}.Debug|x64.Build.0 = Debug|Any CPU
		{FF1F43ED-5DF1-4EB8-A48A-06EFEDCDE6D7}.Debug|x86.ActiveCfg = Debug|Any CPU
		{FF1F43ED-5DF1-4EB8-A48A-06EFEDCDE6D7}.Debug|x86.Build.0 = Debug|Any CPU
		{FF1F43ED-5DF1-4EB8-A48A-06EFEDCDE6D7}.Release|Any CPU.ActiveCfg = Release|Any CPU
		{FF1F43ED-5DF1-4EB8-A48A-06EFEDCDE6D7}.Release|Any CPU.Build.0 = Release|Any CPU
		{FF1F43ED-5DF1-4EB8-A48A-06EFEDCDE6D7}.Release|x64.ActiveCfg = Release|Any CPU
		{FF1F43ED-5DF1-4EB8-A48A-06EFEDCDE6D7}.Release|x64.Build.0 = Release|Any CPU
		{FF1F43ED-5DF1-4EB8-A48A-06EFEDCDE6D7}.Release|x86.ActiveCfg = Release|Any CPU
		{FF1F43ED-5DF1-4EB8-A48A-06EFEDCDE6D7}.Release|x86.Build.0 = Release|Any CPU
		{3F5963D4-CD78-44FC-AE1C-BCCD45A02466}.Debug|Any CPU.ActiveCfg = Debug|Any CPU
		{3F5963D4-CD78-44FC-AE1C-BCCD45A02466}.Debug|Any CPU.Build.0 = Debug|Any CPU
		{3F5963D4-CD78-44FC-AE1C-BCCD45A02466}.Debug|x64.ActiveCfg = Debug|Any CPU
		{3F5963D4-CD78-44FC-AE1C-BCCD45A02466}.Debug|x64.Build.0 = Debug|Any CPU
		{3F5963D4-CD78-44FC-AE1C-BCCD45A02466}.Debug|x86.ActiveCfg = Debug|Any CPU
		{3F5963D4-CD78-44FC-AE1C-BCCD45A02466}.Debug|x86.Build.0 = Debug|Any CPU
		{3F5963D4-CD78-44FC-AE1C-BCCD45A02466}.Release|Any CPU.ActiveCfg = Release|Any CPU
		{3F5963D4-CD78-44FC-AE1C-BCCD45A02466}.Release|Any CPU.Build.0 = Release|Any CPU
		{3F5963D4-CD78-44FC-AE1C-BCCD45A02466}.Release|x64.ActiveCfg = Release|Any CPU
		{3F5963D4-CD78-44FC-AE1C-BCCD45A02466}.Release|x64.Build.0 = Release|Any CPU
		{3F5963D4-CD78-44FC-AE1C-BCCD45A02466}.Release|x86.ActiveCfg = Release|Any CPU
		{3F5963D4-CD78-44FC-AE1C-BCCD45A02466}.Release|x86.Build.0 = Release|Any CPU
		{DA775FBC-EFA0-4AA6-A226-27EF791A1F01}.Debug|Any CPU.ActiveCfg = Debug|Any CPU
		{DA775FBC-EFA0-4AA6-A226-27EF791A1F01}.Debug|Any CPU.Build.0 = Debug|Any CPU
		{DA775FBC-EFA0-4AA6-A226-27EF791A1F01}.Debug|x64.ActiveCfg = Debug|Any CPU
		{DA775FBC-EFA0-4AA6-A226-27EF791A1F01}.Debug|x64.Build.0 = Debug|Any CPU
		{DA775FBC-EFA0-4AA6-A226-27EF791A1F01}.Debug|x86.ActiveCfg = Debug|Any CPU
		{DA775FBC-EFA0-4AA6-A226-27EF791A1F01}.Debug|x86.Build.0 = Debug|Any CPU
		{DA775FBC-EFA0-4AA6-A226-27EF791A1F01}.Release|Any CPU.ActiveCfg = Release|Any CPU
		{DA775FBC-EFA0-4AA6-A226-27EF791A1F01}.Release|Any CPU.Build.0 = Release|Any CPU
		{DA775FBC-EFA0-4AA6-A226-27EF791A1F01}.Release|x64.ActiveCfg = Release|Any CPU
		{DA775FBC-EFA0-4AA6-A226-27EF791A1F01}.Release|x64.Build.0 = Release|Any CPU
		{DA775FBC-EFA0-4AA6-A226-27EF791A1F01}.Release|x86.ActiveCfg = Release|Any CPU
		{DA775FBC-EFA0-4AA6-A226-27EF791A1F01}.Release|x86.Build.0 = Release|Any CPU
		{CB4FE84A-A73E-4653-8B5E-3B546C9A2AC9}.Debug|Any CPU.ActiveCfg = Debug|Any CPU
		{CB4FE84A-A73E-4653-8B5E-3B546C9A2AC9}.Debug|Any CPU.Build.0 = Debug|Any CPU
		{CB4FE84A-A73E-4653-8B5E-3B546C9A2AC9}.Debug|x64.ActiveCfg = Debug|Any CPU
		{CB4FE84A-A73E-4653-8B5E-3B546C9A2AC9}.Debug|x64.Build.0 = Debug|Any CPU
		{CB4FE84A-A73E-4653-8B5E-3B546C9A2AC9}.Debug|x86.ActiveCfg = Debug|Any CPU
		{CB4FE84A-A73E-4653-8B5E-3B546C9A2AC9}.Debug|x86.Build.0 = Debug|Any CPU
		{CB4FE84A-A73E-4653-8B5E-3B546C9A2AC9}.Release|Any CPU.ActiveCfg = Release|Any CPU
		{CB4FE84A-A73E-4653-8B5E-3B546C9A2AC9}.Release|Any CPU.Build.0 = Release|Any CPU
		{CB4FE84A-A73E-4653-8B5E-3B546C9A2AC9}.Release|x64.ActiveCfg = Release|Any CPU
		{CB4FE84A-A73E-4653-8B5E-3B546C9A2AC9}.Release|x64.Build.0 = Release|Any CPU
		{CB4FE84A-A73E-4653-8B5E-3B546C9A2AC9}.Release|x86.ActiveCfg = Release|Any CPU
		{CB4FE84A-A73E-4653-8B5E-3B546C9A2AC9}.Release|x86.Build.0 = Release|Any CPU
		{E3FABFE1-765B-40B9-A003-9051509C2859}.Debug|Any CPU.ActiveCfg = Debug|Any CPU
		{E3FABFE1-765B-40B9-A003-9051509C2859}.Debug|Any CPU.Build.0 = Debug|Any CPU
		{E3FABFE1-765B-40B9-A003-9051509C2859}.Debug|x64.ActiveCfg = Debug|Any CPU
		{E3FABFE1-765B-40B9-A003-9051509C2859}.Debug|x64.Build.0 = Debug|Any CPU
		{E3FABFE1-765B-40B9-A003-9051509C2859}.Debug|x86.ActiveCfg = Debug|Any CPU
		{E3FABFE1-765B-40B9-A003-9051509C2859}.Debug|x86.Build.0 = Debug|Any CPU
		{E3FABFE1-765B-40B9-A003-9051509C2859}.Release|Any CPU.ActiveCfg = Release|Any CPU
		{E3FABFE1-765B-40B9-A003-9051509C2859}.Release|Any CPU.Build.0 = Release|Any CPU
		{E3FABFE1-765B-40B9-A003-9051509C2859}.Release|x64.ActiveCfg = Release|Any CPU
		{E3FABFE1-765B-40B9-A003-9051509C2859}.Release|x64.Build.0 = Release|Any CPU
		{E3FABFE1-765B-40B9-A003-9051509C2859}.Release|x86.ActiveCfg = Release|Any CPU
		{E3FABFE1-765B-40B9-A003-9051509C2859}.Release|x86.Build.0 = Release|Any CPU
		{9888E451-A6CA-4529-91BF-31FD1501CD0C}.Debug|Any CPU.ActiveCfg = Debug|Any CPU
		{9888E451-A6CA-4529-91BF-31FD1501CD0C}.Debug|Any CPU.Build.0 = Debug|Any CPU
		{9888E451-A6CA-4529-91BF-31FD1501CD0C}.Debug|x64.ActiveCfg = Debug|Any CPU
		{9888E451-A6CA-4529-91BF-31FD1501CD0C}.Debug|x64.Build.0 = Debug|Any CPU
		{9888E451-A6CA-4529-91BF-31FD1501CD0C}.Debug|x86.ActiveCfg = Debug|Any CPU
		{9888E451-A6CA-4529-91BF-31FD1501CD0C}.Debug|x86.Build.0 = Debug|Any CPU
		{9888E451-A6CA-4529-91BF-31FD1501CD0C}.Release|Any CPU.ActiveCfg = Release|Any CPU
		{9888E451-A6CA-4529-91BF-31FD1501CD0C}.Release|Any CPU.Build.0 = Release|Any CPU
		{9888E451-A6CA-4529-91BF-31FD1501CD0C}.Release|x64.ActiveCfg = Release|Any CPU
		{9888E451-A6CA-4529-91BF-31FD1501CD0C}.Release|x64.Build.0 = Release|Any CPU
		{9888E451-A6CA-4529-91BF-31FD1501CD0C}.Release|x86.ActiveCfg = Release|Any CPU
		{9888E451-A6CA-4529-91BF-31FD1501CD0C}.Release|x86.Build.0 = Release|Any CPU
		{B1F5E18C-CDB2-484B-A095-8D7D551B1577}.Debug|Any CPU.ActiveCfg = Debug|Any CPU
		{B1F5E18C-CDB2-484B-A095-8D7D551B1577}.Debug|Any CPU.Build.0 = Debug|Any CPU
		{B1F5E18C-CDB2-484B-A095-8D7D551B1577}.Debug|x64.ActiveCfg = Debug|Any CPU
		{B1F5E18C-CDB2-484B-A095-8D7D551B1577}.Debug|x64.Build.0 = Debug|Any CPU
		{B1F5E18C-CDB2-484B-A095-8D7D551B1577}.Debug|x86.ActiveCfg = Debug|Any CPU
		{B1F5E18C-CDB2-484B-A095-8D7D551B1577}.Debug|x86.Build.0 = Debug|Any CPU
		{B1F5E18C-CDB2-484B-A095-8D7D551B1577}.Release|Any CPU.ActiveCfg = Release|Any CPU
		{B1F5E18C-CDB2-484B-A095-8D7D551B1577}.Release|Any CPU.Build.0 = Release|Any CPU
		{B1F5E18C-CDB2-484B-A095-8D7D551B1577}.Release|x64.ActiveCfg = Release|Any CPU
		{B1F5E18C-CDB2-484B-A095-8D7D551B1577}.Release|x64.Build.0 = Release|Any CPU
		{B1F5E18C-CDB2-484B-A095-8D7D551B1577}.Release|x86.ActiveCfg = Release|Any CPU
		{B1F5E18C-CDB2-484B-A095-8D7D551B1577}.Release|x86.Build.0 = Release|Any CPU
		{00BBB51E-E990-400B-8E6F-68476D4E75BD}.Debug|Any CPU.ActiveCfg = Debug|Any CPU
		{00BBB51E-E990-400B-8E6F-68476D4E75BD}.Debug|Any CPU.Build.0 = Debug|Any CPU
		{00BBB51E-E990-400B-8E6F-68476D4E75BD}.Debug|x64.ActiveCfg = Debug|Any CPU
		{00BBB51E-E990-400B-8E6F-68476D4E75BD}.Debug|x64.Build.0 = Debug|Any CPU
		{00BBB51E-E990-400B-8E6F-68476D4E75BD}.Debug|x86.ActiveCfg = Debug|Any CPU
		{00BBB51E-E990-400B-8E6F-68476D4E75BD}.Debug|x86.Build.0 = Debug|Any CPU
		{00BBB51E-E990-400B-8E6F-68476D4E75BD}.Release|Any CPU.ActiveCfg = Release|Any CPU
		{00BBB51E-E990-400B-8E6F-68476D4E75BD}.Release|Any CPU.Build.0 = Release|Any CPU
		{00BBB51E-E990-400B-8E6F-68476D4E75BD}.Release|x64.ActiveCfg = Release|Any CPU
		{00BBB51E-E990-400B-8E6F-68476D4E75BD}.Release|x64.Build.0 = Release|Any CPU
		{00BBB51E-E990-400B-8E6F-68476D4E75BD}.Release|x86.ActiveCfg = Release|Any CPU
		{00BBB51E-E990-400B-8E6F-68476D4E75BD}.Release|x86.Build.0 = Release|Any CPU
		{DF92CDF8-CFB4-4A50-B3EE-15CFAA83DA26}.Debug|Any CPU.ActiveCfg = Debug|Any CPU
		{DF92CDF8-CFB4-4A50-B3EE-15CFAA83DA26}.Debug|Any CPU.Build.0 = Debug|Any CPU
		{DF92CDF8-CFB4-4A50-B3EE-15CFAA83DA26}.Debug|x64.ActiveCfg = Debug|Any CPU
		{DF92CDF8-CFB4-4A50-B3EE-15CFAA83DA26}.Debug|x64.Build.0 = Debug|Any CPU
		{DF92CDF8-CFB4-4A50-B3EE-15CFAA83DA26}.Debug|x86.ActiveCfg = Debug|Any CPU
		{DF92CDF8-CFB4-4A50-B3EE-15CFAA83DA26}.Debug|x86.Build.0 = Debug|Any CPU
		{DF92CDF8-CFB4-4A50-B3EE-15CFAA83DA26}.Release|Any CPU.ActiveCfg = Release|Any CPU
		{DF92CDF8-CFB4-4A50-B3EE-15CFAA83DA26}.Release|Any CPU.Build.0 = Release|Any CPU
		{DF92CDF8-CFB4-4A50-B3EE-15CFAA83DA26}.Release|x64.ActiveCfg = Release|Any CPU
		{DF92CDF8-CFB4-4A50-B3EE-15CFAA83DA26}.Release|x64.Build.0 = Release|Any CPU
		{DF92CDF8-CFB4-4A50-B3EE-15CFAA83DA26}.Release|x86.ActiveCfg = Release|Any CPU
		{DF92CDF8-CFB4-4A50-B3EE-15CFAA83DA26}.Release|x86.Build.0 = Release|Any CPU
	EndGlobalSection
	GlobalSection(SolutionProperties) = preSolution
		HideSolutionNode = FALSE
	EndGlobalSection
	GlobalSection(NestedProjects) = preSolution
		{15FC71FC-4A65-6CB1-9BC1-643F48D80639} = {F95F473B-E98A-ACD6-1986-755F447BE36F}
		{9F856603-52D5-E1B8-657B-994E194BE88D} = {15FC71FC-4A65-6CB1-9BC1-643F48D80639}
		{B6EBE099-01E9-4206-87CB-D917948F3BED} = {9F856603-52D5-E1B8-657B-994E194BE88D}
		{BFF7E7C5-6493-BF5F-45BC-83F96156AFFE} = {F95F473B-E98A-ACD6-1986-755F447BE36F}
		{7429F0EB-29C3-5D81-298E-3FD7FA0624C7} = {BFF7E7C5-6493-BF5F-45BC-83F96156AFFE}
		{C1BEA90B-56CA-4B8D-A896-82D1EACF79DE} = {7429F0EB-29C3-5D81-298E-3FD7FA0624C7}
		{2B23A48A-92BF-FEDB-1A8E-669DB770C2E4} = {BFF7E7C5-6493-BF5F-45BC-83F96156AFFE}
		{C09250B4-59BF-49F2-A857-D39E134D3618} = {2B23A48A-92BF-FEDB-1A8E-669DB770C2E4}
		{8B169C81-A2FC-C9E4-3F24-7E5E786377C9} = {F95F473B-E98A-ACD6-1986-755F447BE36F}
		{F99C2BE1-BC3E-6573-FD46-70E5E7335796} = {8B169C81-A2FC-C9E4-3F24-7E5E786377C9}
		{C664DF85-419D-4DBD-BB44-28E817949D1B} = {F99C2BE1-BC3E-6573-FD46-70E5E7335796}
		{BFEC605E-ECA5-4ECE-B2F8-E739F36D215B} = {F99C2BE1-BC3E-6573-FD46-70E5E7335796}
		{806A3203-27DD-485B-8290-AFFE29E6F8A1} = {F99C2BE1-BC3E-6573-FD46-70E5E7335796}
		{97295915-9DC6-43B2-9110-3F930C8F48B8} = {F99C2BE1-BC3E-6573-FD46-70E5E7335796}
		{8DDD2285-9F48-4E1F-A533-DCED2217A3D3} = {F99C2BE1-BC3E-6573-FD46-70E5E7335796}
		{F3E9145F-286B-4B87-8AF4-E451D323364F} = {F99C2BE1-BC3E-6573-FD46-70E5E7335796}
		{07BACD16-4A1B-4999-BD1C-5727A041AB68} = {F99C2BE1-BC3E-6573-FD46-70E5E7335796}
		{D58A1DD5-3FBD-4F93-A4E1-461E09AFD3C3} = {F99C2BE1-BC3E-6573-FD46-70E5E7335796}
		{FD99EA24-0A07-4093-8EFD-A55134158745} = {F99C2BE1-BC3E-6573-FD46-70E5E7335796}
		{D214CEA2-15D5-4C37-A5C6-E5A5E1C6D343} = {F99C2BE1-BC3E-6573-FD46-70E5E7335796}
		{3FD57FF1-D2D6-4623-BE8B-0CC291044F63} = {F99C2BE1-BC3E-6573-FD46-70E5E7335796}
		{6673A04D-E3A0-4DD8-A797-FBF031BFC030} = {F99C2BE1-BC3E-6573-FD46-70E5E7335796}
		{793BF858-C922-4C0A-8D8B-BAC4BD24F387} = {F99C2BE1-BC3E-6573-FD46-70E5E7335796}
		{23A66363-E30A-4094-A76E-1246F31D8986} = {F99C2BE1-BC3E-6573-FD46-70E5E7335796}
		{D2DF925C-A14F-80C1-51E0-7ECFD06D725B} = {8B169C81-A2FC-C9E4-3F24-7E5E786377C9}
		{6B65914B-C53E-4EA0-8761-851C21566EB7} = {D2DF925C-A14F-80C1-51E0-7ECFD06D725B}
		{6C106142-C097-D3E5-652B-C3461ACFDF39} = {3A8DF596-E814-FECC-DD4B-D8EF8AAC1A0D}
		{367554B9-BA11-02B9-0FC3-960B86B0C323} = {6C106142-C097-D3E5-652B-C3461ACFDF39}
		{A6CE03EB-61DD-462A-9DF1-7EEE4F5230C5} = {367554B9-BA11-02B9-0FC3-960B86B0C323}
		{AAE8D03D-007A-017B-1103-80902024F028} = {3A8DF596-E814-FECC-DD4B-D8EF8AAC1A0D}
		{601907BC-5B37-6A9A-B6C8-6CFB12442689} = {AAE8D03D-007A-017B-1103-80902024F028}
		{0E24C8CE-D5D0-4C69-9DED-D44D2E51CB70} = {601907BC-5B37-6A9A-B6C8-6CFB12442689}
		{A1D90D32-6AC7-468F-81C8-E7EFD69C2440} = {601907BC-5B37-6A9A-B6C8-6CFB12442689}
		{5265EE24-F5F6-4DCC-9E6E-A635CFDEE106} = {601907BC-5B37-6A9A-B6C8-6CFB12442689}
		{FF1F43ED-5DF1-4EB8-A48A-06EFEDCDE6D7} = {601907BC-5B37-6A9A-B6C8-6CFB12442689}
		{63FD8734-9986-B60F-A32C-606D50289227} = {AAE8D03D-007A-017B-1103-80902024F028}
		{3F5963D4-CD78-44FC-AE1C-BCCD45A02466} = {63FD8734-9986-B60F-A32C-606D50289227}
		{E2B9F536-143E-2EFE-9BA7-27631E2A18AC} = {3A8DF596-E814-FECC-DD4B-D8EF8AAC1A0D}
		{26E18A01-38A9-D635-A033-9AA4A9664485} = {E2B9F536-143E-2EFE-9BA7-27631E2A18AC}
		{DA775FBC-EFA0-4AA6-A226-27EF791A1F01} = {26E18A01-38A9-D635-A033-9AA4A9664485}
		{4E9EC514-8336-0CD0-5DC8-E1FC3796F34B} = {E2B9F536-143E-2EFE-9BA7-27631E2A18AC}
		{CB4FE84A-A73E-4653-8B5E-3B546C9A2AC9} = {4E9EC514-8336-0CD0-5DC8-E1FC3796F34B}
		{D0B11B6B-D80E-76FF-A56D-9420225ED058} = {2CACE873-F0F8-81F3-56EC-A1F4A4ABD967}
		{768B340E-A631-AABE-9578-41B41870FC3A} = {D0B11B6B-D80E-76FF-A56D-9420225ED058}
		{E3FABFE1-765B-40B9-A003-9051509C2859} = {768B340E-A631-AABE-9578-41B41870FC3A}
		{30FCD9B0-2F95-4F39-30BD-7D7607D03CA2} = {2CACE873-F0F8-81F3-56EC-A1F4A4ABD967}
		{5DAA5297-C475-220D-B4C1-09A154D0D9BB} = {30FCD9B0-2F95-4F39-30BD-7D7607D03CA2}
		{9888E451-A6CA-4529-91BF-31FD1501CD0C} = {5DAA5297-C475-220D-B4C1-09A154D0D9BB}
		{B779A4E9-E814-1331-230A-C4FD340B5D4B} = {C2B7AC55-755F-98EC-7131-AA75D4EC5C29}
		{628615DC-B40F-2350-EE74-A155D8C906F4} = {B779A4E9-E814-1331-230A-C4FD340B5D4B}
		{B1F5E18C-CDB2-484B-A095-8D7D551B1577} = {628615DC-B40F-2350-EE74-A155D8C906F4}
		{00BBB51E-E990-400B-8E6F-68476D4E75BD} = {F99C2BE1-BC3E-6573-FD46-70E5E7335796}
		{DF92CDF8-CFB4-4A50-B3EE-15CFAA83DA26} = {601907BC-5B37-6A9A-B6C8-6CFB12442689}
	EndGlobalSection
EndGlobal
