
Microsoft Visual Studio Solution File, Format Version 12.00
# Visual Studio Version 17
VisualStudioVersion = 17.0.31903.59
MinimumVisualStudioVersion = 10.0.40219.1
Project("{2150E333-8FDC-42A3-9474-1A3956D46DE8}") = "app", "app", "{F95F473B-E98A-ACD6-1986-755F447BE36F}"
EndProject
Project("{2150E333-8FDC-42A3-9474-1A3956D46DE8}") = "Altinn.Register", "Altinn.Register", "{15FC71FC-4A65-6CB1-9BC1-643F48D80639}"
EndProject
Project("{2150E333-8FDC-42A3-9474-1A3956D46DE8}") = "src", "src", "{9F856603-52D5-E1B8-657B-994E194BE88D}"
EndProject
Project("{FAE04EC0-301F-11D3-BF4B-00C04F79EFBC}") = "Altinn.Register", "src\apps\Altinn.Register\src\Altinn.Register\Altinn.Register.csproj", "{C7A0B602-9ECA-4751-8EDE-6EA02F417BF5}"
EndProject
Project("{2150E333-8FDC-42A3-9474-1A3956D46DE8}") = "Altinn.Authorization", "Altinn.Authorization", "{BFF7E7C5-6493-BF5F-45BC-83F96156AFFE}"
EndProject
Project("{2150E333-8FDC-42A3-9474-1A3956D46DE8}") = "src", "src", "{7429F0EB-29C3-5D81-298E-3FD7FA0624C7}"
EndProject
Project("{FAE04EC0-301F-11D3-BF4B-00C04F79EFBC}") = "Altinn.Authorization", "src\apps\Altinn.Authorization\src\Altinn.Authorization\Altinn.Authorization.csproj", "{CDA4D198-CD8E-4A64-BC29-07035319E296}"
EndProject
Project("{2150E333-8FDC-42A3-9474-1A3956D46DE8}") = "test", "test", "{2B23A48A-92BF-FEDB-1A8E-669DB770C2E4}"
EndProject
Project("{FAE04EC0-301F-11D3-BF4B-00C04F79EFBC}") = "Altinn.Authorization.Tests", "src\apps\Altinn.Authorization\test\Altinn.Authorization.Tests\Altinn.Authorization.Tests.csproj", "{1C058F78-D803-4092-B09C-91A935A1D17F}"
EndProject
Project("{2150E333-8FDC-42A3-9474-1A3956D46DE8}") = "Altinn.AccessManagement", "Altinn.AccessManagement", "{8B169C81-A2FC-C9E4-3F24-7E5E786377C9}"
EndProject
Project("{2150E333-8FDC-42A3-9474-1A3956D46DE8}") = "src", "src", "{F99C2BE1-BC3E-6573-FD46-70E5E7335796}"
EndProject
Project("{FAE04EC0-301F-11D3-BF4B-00C04F79EFBC}") = "Altinn.AccessManagement", "src\apps\Altinn.AccessManagement\src\Altinn.AccessManagement\Altinn.AccessManagement.csproj", "{1EFB1478-C3ED-4A4B-9BE7-1882AD9EBA25}"
EndProject
Project("{FAE04EC0-301F-11D3-BF4B-00C04F79EFBC}") = "Altinn.AccessManagement.Api.Enduser", "src\apps\Altinn.AccessManagement\src\Altinn.AccessManagement.Api.Enduser\Altinn.AccessManagement.Api.Enduser.csproj", "{E6474329-6233-4B56-96E1-105BA003AEEF}"
EndProject
Project("{FAE04EC0-301F-11D3-BF4B-00C04F79EFBC}") = "Altinn.AccessManagement.Api.Enterprise", "src\apps\Altinn.AccessManagement\src\Altinn.AccessManagement.Api.Enterprise\Altinn.AccessManagement.Api.Enterprise.csproj", "{844B70BC-33E3-4C29-B82F-BA00D27D01CA}"
EndProject
Project("{FAE04EC0-301F-11D3-BF4B-00C04F79EFBC}") = "Altinn.AccessManagement.Api.Internal", "src\apps\Altinn.AccessManagement\src\Altinn.AccessManagement.Api.Internal\Altinn.AccessManagement.Api.Internal.csproj", "{C1CDB861-14EA-411D-AC36-D1038EFBDC06}"
EndProject
Project("{FAE04EC0-301F-11D3-BF4B-00C04F79EFBC}") = "Altinn.AccessManagement.Api.Maskinporten", "src\apps\Altinn.AccessManagement\src\Altinn.AccessManagement.API.Maskinporten\Altinn.AccessManagement.Api.Maskinporten.csproj", "{A25AB7EF-F80C-409B-85A8-96FD616C1CE3}"
EndProject
Project("{FAE04EC0-301F-11D3-BF4B-00C04F79EFBC}") = "Altinn.AccessManagement.Api.Metadata", "src\apps\Altinn.AccessManagement\src\Altinn.AccessManagement.Api.Metadata\Altinn.AccessManagement.Api.Metadata.csproj", "{485CEBE2-F630-40C2-85EA-29AEBCE8C9CD}"
EndProject
Project("{FAE04EC0-301F-11D3-BF4B-00C04F79EFBC}") = "Altinn.AccessManagement.Api.ServiceOwner", "src\apps\Altinn.AccessManagement\src\Altinn.AccessManagement.Api.ServiceOwner\Altinn.AccessManagement.Api.ServiceOwner.csproj", "{F7E6A013-2AA0-4343-97D3-886D70A678E9}"
EndProject
Project("{FAE04EC0-301F-11D3-BF4B-00C04F79EFBC}") = "Altinn.AccessManagement.AppHost", "src\apps\Altinn.AccessManagement\src\Altinn.AccessManagement.AppHost\Altinn.AccessManagement.AppHost.csproj", "{31861E27-5F68-4EFE-A3EE-6BD7DE9E5CA2}"
EndProject
Project("{FAE04EC0-301F-11D3-BF4B-00C04F79EFBC}") = "Altinn.AccessManagement.Core", "src\apps\Altinn.AccessManagement\src\Altinn.AccessManagement.Core\Altinn.AccessManagement.Core.csproj", "{0FCFDEA1-2F23-456C-8FFF-60861BE10F8B}"
EndProject
Project("{FAE04EC0-301F-11D3-BF4B-00C04F79EFBC}") = "Altinn.AccessManagement.Integration", "src\apps\Altinn.AccessManagement\src\Altinn.AccessManagement.Integration\Altinn.AccessManagement.Integration.csproj", "{A314FB55-6AD8-4C46-BC0A-4CD0E1D02870}"
EndProject
Project("{FAE04EC0-301F-11D3-BF4B-00C04F79EFBC}") = "Altinn.AccessManagement.Persistence", "src\apps\Altinn.AccessManagement\src\Altinn.AccessManagement.Persistence\Altinn.AccessManagement.Persistence.csproj", "{C12B9C46-3F4C-4F6F-B557-F56A5014EEC4}"
EndProject
Project("{FAE04EC0-301F-11D3-BF4B-00C04F79EFBC}") = "Altinn.AccessMgmt.AutoApi", "src\apps\Altinn.AccessManagement\src\Altinn.AccessMgmt.AutoApi\Altinn.AccessMgmt.AutoApi.csproj", "{09E057BA-34A4-4E42-BF2E-2E72B68A93E9}"
EndProject
Project("{FAE04EC0-301F-11D3-BF4B-00C04F79EFBC}") = "Altinn.AccessMgmt.Core", "src\apps\Altinn.AccessManagement\src\Altinn.AccessMgmt.Core\Altinn.AccessMgmt.Core.csproj", "{EF2FA43B-4211-4F22-A5ED-08B1C32DA09D}"
EndProject
Project("{FAE04EC0-301F-11D3-BF4B-00C04F79EFBC}") = "Altinn.AccessMgmt.FFB", "src\apps\Altinn.AccessManagement\src\Altinn.AccessMgmt.FFB\Altinn.AccessMgmt.FFB.csproj", "{6E8569B4-0C53-4C6F-8F0E-C13D63212DC6}"
EndProject
Project("{FAE04EC0-301F-11D3-BF4B-00C04F79EFBC}") = "Altinn.AccessMgmt.Persistence", "src\apps\Altinn.AccessManagement\src\Altinn.AccessMgmt.Persistence\Altinn.AccessMgmt.Persistence.csproj", "{5C107A3E-3CE6-4992-A55B-323BAC496AE4}"
EndProject
Project("{FAE04EC0-301F-11D3-BF4B-00C04F79EFBC}") = "Altinn.AccessMgmt.Persistence.Core", "src\apps\Altinn.AccessManagement\src\Altinn.AccessMgmt.Persistence.Core\Altinn.AccessMgmt.Persistence.Core.csproj", "{97C56829-8EF9-441D-AF78-CF8ACA2A4AEA}"
EndProject
Project("{FAE04EC0-301F-11D3-BF4B-00C04F79EFBC}") = "Altinn.AccessMgmt.WebComponents", "src\apps\Altinn.AccessManagement\src\Altinn.AccessMgmt.WebComponents\Altinn.AccessMgmt.WebComponents.csproj", "{4CF4A8FD-07F0-47FD-806E-4B917D54A8FB}"
EndProject
Project("{2150E333-8FDC-42A3-9474-1A3956D46DE8}") = "test", "test", "{D2DF925C-A14F-80C1-51E0-7ECFD06D725B}"
EndProject
Project("{FAE04EC0-301F-11D3-BF4B-00C04F79EFBC}") = "AccessMgmt.Tests", "src\apps\Altinn.AccessManagement\test\AccessMgmt.Tests\AccessMgmt.Tests.csproj", "{9A2F83FE-9E28-49B5-830C-4709235D66C6}"
EndProject
Project("{2150E333-8FDC-42A3-9474-1A3956D46DE8}") = "lib", "lib", "{3A8DF596-E814-FECC-DD4B-D8EF8AAC1A0D}"
EndProject
Project("{2150E333-8FDC-42A3-9474-1A3956D46DE8}") = "Altinn.Authorization.Api.Contracts", "Altinn.Authorization.Api.Contracts", "{6C106142-C097-D3E5-652B-C3461ACFDF39}"
EndProject
Project("{2150E333-8FDC-42A3-9474-1A3956D46DE8}") = "src", "src", "{367554B9-BA11-02B9-0FC3-960B86B0C323}"
EndProject
Project("{FAE04EC0-301F-11D3-BF4B-00C04F79EFBC}") = "Altinn.Authorization.Api.Contracts", "src\libs\Altinn.Authorization.Api.Contracts\src\Altinn.Authorization.Api.Contracts\Altinn.Authorization.Api.Contracts.csproj", "{4E05D93F-B48E-4319-A0CF-EB1F80858ABF}"
EndProject
Project("{2150E333-8FDC-42A3-9474-1A3956D46DE8}") = "Altinn.Authorization.Configuration", "Altinn.Authorization.Configuration", "{723D9175-5CF5-F982-6C11-5FAA2CA4D64A}"
EndProject
Project("{2150E333-8FDC-42A3-9474-1A3956D46DE8}") = "src", "src", "{5B4AC1A7-CBDF-7647-9740-AD3608C15FC2}"
EndProject
Project("{FAE04EC0-301F-11D3-BF4B-00C04F79EFBC}") = "Altinn.Authorization.Configuration", "src\libs\Altinn.Authorization.Configuration\src\Altinn.Authorization.Configuration\Altinn.Authorization.Configuration.csproj", "{92F01120-1627-47CD-9BD7-B02D2C1E4CDE}"
EndProject
Project("{FAE04EC0-301F-11D3-BF4B-00C04F79EFBC}") = "Altinn.Authorization.Configuration.MassTransit", "src\libs\Altinn.Authorization.Configuration\src\Altinn.Authorization.Configuration.MassTransit\Altinn.Authorization.Configuration.MassTransit.csproj", "{82C977CD-B77C-4E66-B30E-2402953796DE}"
EndProject
Project("{FAE04EC0-301F-11D3-BF4B-00C04F79EFBC}") = "Altinn.Authorization.Configuration.OpenTelemetry", "src\libs\Altinn.Authorization.Configuration\src\Altinn.Authorization.Configuration.OpenTelemetry\Altinn.Authorization.Configuration.OpenTelemetry.csproj", "{693A3386-97EB-4BA6-A6E2-A935642DA118}"
EndProject
Project("{FAE04EC0-301F-11D3-BF4B-00C04F79EFBC}") = "Altinn.Authorization.Configuration.Postgres", "src\libs\Altinn.Authorization.Configuration\src\Altinn.Authorization.Configuration.Postgres\Altinn.Authorization.Configuration.Postgres.csproj", "{127A285A-3E8A-4CF5-BA15-459774160C60}"
EndProject
Project("{2150E333-8FDC-42A3-9474-1A3956D46DE8}") = "Altinn.Authorization.Host", "Altinn.Authorization.Host", "{AAE8D03D-007A-017B-1103-80902024F028}"
EndProject
Project("{2150E333-8FDC-42A3-9474-1A3956D46DE8}") = "src", "src", "{601907BC-5B37-6A9A-B6C8-6CFB12442689}"
EndProject
Project("{FAE04EC0-301F-11D3-BF4B-00C04F79EFBC}") = "Altinn.Authorization.Host", "src\libs\Altinn.Authorization.Host\src\Altinn.Authorization.Host\Altinn.Authorization.Host.csproj", "{514FF0FD-06C3-4E34-8B45-2D2C91772C23}"
EndProject
Project("{FAE04EC0-301F-11D3-BF4B-00C04F79EFBC}") = "Altinn.Authorization.Host.Database", "src\libs\Altinn.Authorization.Host\src\Altinn.Authorization.Host.Database\Altinn.Authorization.Host.Database.csproj", "{EC68986D-7508-4E79-B94D-88AD15679A7F}"
EndProject
Project("{FAE04EC0-301F-11D3-BF4B-00C04F79EFBC}") = "Altinn.Authorization.Host.Lease", "src\libs\Altinn.Authorization.Host\src\Altinn.Authorization.Host.Lease\Altinn.Authorization.Host.Lease.csproj", "{5661FC68-3EA1-4DFB-A4EE-11A05DE762C4}"
EndProject
Project("{FAE04EC0-301F-11D3-BF4B-00C04F79EFBC}") = "Altinn.Authorization.Host.MassTransit", "src\libs\Altinn.Authorization.Host\src\Altinn.Authorization.Host.MassTransit\Altinn.Authorization.Host.MassTransit.csproj", "{B1E1DE8F-158D-486B-ABEB-81B8C36EB85A}"
EndProject
Project("{2150E333-8FDC-42A3-9474-1A3956D46DE8}") = "test", "test", "{63FD8734-9986-B60F-A32C-606D50289227}"
EndProject
Project("{FAE04EC0-301F-11D3-BF4B-00C04F79EFBC}") = "Altinn.Authorization.Host.Lease.Tests", "src\libs\Altinn.Authorization.Host\test\Altinn.Authorization.Host.Lease.Tests\Altinn.Authorization.Host.Lease.Tests.csproj", "{801923EF-A509-44D0-BB5A-ED31C1BB049E}"
EndProject
Project("{2150E333-8FDC-42A3-9474-1A3956D46DE8}") = "Altinn.Authorization.Integration", "Altinn.Authorization.Integration", "{E2B9F536-143E-2EFE-9BA7-27631E2A18AC}"
EndProject
Project("{2150E333-8FDC-42A3-9474-1A3956D46DE8}") = "src", "src", "{26E18A01-38A9-D635-A033-9AA4A9664485}"
EndProject
Project("{FAE04EC0-301F-11D3-BF4B-00C04F79EFBC}") = "Altinn.Authorization.Integration.Platform", "src\libs\Altinn.Authorization.Integration\src\Altinn.Authorization.Integration.Platform\Altinn.Authorization.Integration.Platform.csproj", "{D503A4AF-9CFA-4F47-8B2B-AD07F732A318}"
EndProject
Project("{2150E333-8FDC-42A3-9474-1A3956D46DE8}") = "test", "test", "{4E9EC514-8336-0CD0-5DC8-E1FC3796F34B}"
EndProject
Project("{FAE04EC0-301F-11D3-BF4B-00C04F79EFBC}") = "Altinn.Authorization.Integration.Tests", "src\libs\Altinn.Authorization.Integration\test\Altinn.Authorization.Integration.Tests\Altinn.Authorization.Integration.Tests.csproj", "{F8F3B96C-8BDF-4453-9A0F-9BAB0AD92F76}"
EndProject
Project("{2150E333-8FDC-42A3-9474-1A3956D46DE8}") = "pkg", "pkg", "{2CACE873-F0F8-81F3-56EC-A1F4A4ABD967}"
EndProject
Project("{2150E333-8FDC-42A3-9474-1A3956D46DE8}") = "Altinn.Authorization.ABAC", "Altinn.Authorization.ABAC", "{D0B11B6B-D80E-76FF-A56D-9420225ED058}"
EndProject
Project("{2150E333-8FDC-42A3-9474-1A3956D46DE8}") = "src", "src", "{768B340E-A631-AABE-9578-41B41870FC3A}"
EndProject
Project("{FAE04EC0-301F-11D3-BF4B-00C04F79EFBC}") = "Altinn.Authorization.ABAC", "src\pkgs\Altinn.Authorization.ABAC\src\Altinn.Authorization.ABAC\Altinn.Authorization.ABAC.csproj", "{19466328-66F6-438E-9DFC-3B36AB1203A2}"
EndProject
Project("{2150E333-8FDC-42A3-9474-1A3956D46DE8}") = "Altinn.Authorization.PEP", "Altinn.Authorization.PEP", "{30FCD9B0-2F95-4F39-30BD-7D7607D03CA2}"
EndProject
Project("{2150E333-8FDC-42A3-9474-1A3956D46DE8}") = "src", "src", "{5DAA5297-C475-220D-B4C1-09A154D0D9BB}"
EndProject
Project("{FAE04EC0-301F-11D3-BF4B-00C04F79EFBC}") = "Altinn.Authorization.PEP", "src\pkgs\Altinn.Authorization.PEP\src\Altinn.Authorization.PEP\Altinn.Authorization.PEP.csproj", "{BFE5FF9B-AD6B-4868-BFDA-86649204A4CB}"
EndProject
Project("{2150E333-8FDC-42A3-9474-1A3956D46DE8}") = "tool", "tool", "{C2B7AC55-755F-98EC-7131-AA75D4EC5C29}"
EndProject
Project("{2150E333-8FDC-42A3-9474-1A3956D46DE8}") = "Altinn.Authorization.Cli", "Altinn.Authorization.Cli", "{B779A4E9-E814-1331-230A-C4FD340B5D4B}"
EndProject
Project("{2150E333-8FDC-42A3-9474-1A3956D46DE8}") = "src", "src", "{628615DC-B40F-2350-EE74-A155D8C906F4}"
EndProject
Project("{FAE04EC0-301F-11D3-BF4B-00C04F79EFBC}") = "Altinn.Authorization.Cli", "src\tools\Altinn.Authorization.Cli\src\Altinn.Authorization.Cli\Altinn.Authorization.Cli.csproj", "{39609A9C-8096-47C4-8A9B-2BC3F1ACBCED}"
EndProject
Global
	GlobalSection(SolutionConfigurationPlatforms) = preSolution
		Debug|Any CPU = Debug|Any CPU
		Debug|x64 = Debug|x64
		Debug|x86 = Debug|x86
		Release|Any CPU = Release|Any CPU
		Release|x64 = Release|x64
		Release|x86 = Release|x86
	EndGlobalSection
	GlobalSection(ProjectConfigurationPlatforms) = postSolution
		{C7A0B602-9ECA-4751-8EDE-6EA02F417BF5}.Debug|Any CPU.ActiveCfg = Debug|Any CPU
		{C7A0B602-9ECA-4751-8EDE-6EA02F417BF5}.Debug|Any CPU.Build.0 = Debug|Any CPU
		{C7A0B602-9ECA-4751-8EDE-6EA02F417BF5}.Debug|x64.ActiveCfg = Debug|Any CPU
		{C7A0B602-9ECA-4751-8EDE-6EA02F417BF5}.Debug|x64.Build.0 = Debug|Any CPU
		{C7A0B602-9ECA-4751-8EDE-6EA02F417BF5}.Debug|x86.ActiveCfg = Debug|Any CPU
		{C7A0B602-9ECA-4751-8EDE-6EA02F417BF5}.Debug|x86.Build.0 = Debug|Any CPU
		{C7A0B602-9ECA-4751-8EDE-6EA02F417BF5}.Release|Any CPU.ActiveCfg = Release|Any CPU
		{C7A0B602-9ECA-4751-8EDE-6EA02F417BF5}.Release|Any CPU.Build.0 = Release|Any CPU
		{C7A0B602-9ECA-4751-8EDE-6EA02F417BF5}.Release|x64.ActiveCfg = Release|Any CPU
		{C7A0B602-9ECA-4751-8EDE-6EA02F417BF5}.Release|x64.Build.0 = Release|Any CPU
		{C7A0B602-9ECA-4751-8EDE-6EA02F417BF5}.Release|x86.ActiveCfg = Release|Any CPU
		{C7A0B602-9ECA-4751-8EDE-6EA02F417BF5}.Release|x86.Build.0 = Release|Any CPU
		{CDA4D198-CD8E-4A64-BC29-07035319E296}.Debug|Any CPU.ActiveCfg = Debug|Any CPU
		{CDA4D198-CD8E-4A64-BC29-07035319E296}.Debug|Any CPU.Build.0 = Debug|Any CPU
		{CDA4D198-CD8E-4A64-BC29-07035319E296}.Debug|x64.ActiveCfg = Debug|Any CPU
		{CDA4D198-CD8E-4A64-BC29-07035319E296}.Debug|x64.Build.0 = Debug|Any CPU
		{CDA4D198-CD8E-4A64-BC29-07035319E296}.Debug|x86.ActiveCfg = Debug|Any CPU
		{CDA4D198-CD8E-4A64-BC29-07035319E296}.Debug|x86.Build.0 = Debug|Any CPU
		{CDA4D198-CD8E-4A64-BC29-07035319E296}.Release|Any CPU.ActiveCfg = Release|Any CPU
		{CDA4D198-CD8E-4A64-BC29-07035319E296}.Release|Any CPU.Build.0 = Release|Any CPU
		{CDA4D198-CD8E-4A64-BC29-07035319E296}.Release|x64.ActiveCfg = Release|Any CPU
		{CDA4D198-CD8E-4A64-BC29-07035319E296}.Release|x64.Build.0 = Release|Any CPU
		{CDA4D198-CD8E-4A64-BC29-07035319E296}.Release|x86.ActiveCfg = Release|Any CPU
		{CDA4D198-CD8E-4A64-BC29-07035319E296}.Release|x86.Build.0 = Release|Any CPU
		{1C058F78-D803-4092-B09C-91A935A1D17F}.Debug|Any CPU.ActiveCfg = Debug|Any CPU
		{1C058F78-D803-4092-B09C-91A935A1D17F}.Debug|Any CPU.Build.0 = Debug|Any CPU
		{1C058F78-D803-4092-B09C-91A935A1D17F}.Debug|x64.ActiveCfg = Debug|Any CPU
		{1C058F78-D803-4092-B09C-91A935A1D17F}.Debug|x64.Build.0 = Debug|Any CPU
		{1C058F78-D803-4092-B09C-91A935A1D17F}.Debug|x86.ActiveCfg = Debug|Any CPU
		{1C058F78-D803-4092-B09C-91A935A1D17F}.Debug|x86.Build.0 = Debug|Any CPU
		{1C058F78-D803-4092-B09C-91A935A1D17F}.Release|Any CPU.ActiveCfg = Release|Any CPU
		{1C058F78-D803-4092-B09C-91A935A1D17F}.Release|Any CPU.Build.0 = Release|Any CPU
		{1C058F78-D803-4092-B09C-91A935A1D17F}.Release|x64.ActiveCfg = Release|Any CPU
		{1C058F78-D803-4092-B09C-91A935A1D17F}.Release|x64.Build.0 = Release|Any CPU
		{1C058F78-D803-4092-B09C-91A935A1D17F}.Release|x86.ActiveCfg = Release|Any CPU
		{1C058F78-D803-4092-B09C-91A935A1D17F}.Release|x86.Build.0 = Release|Any CPU
		{1EFB1478-C3ED-4A4B-9BE7-1882AD9EBA25}.Debug|Any CPU.ActiveCfg = Debug|Any CPU
		{1EFB1478-C3ED-4A4B-9BE7-1882AD9EBA25}.Debug|Any CPU.Build.0 = Debug|Any CPU
		{1EFB1478-C3ED-4A4B-9BE7-1882AD9EBA25}.Debug|x64.ActiveCfg = Debug|Any CPU
		{1EFB1478-C3ED-4A4B-9BE7-1882AD9EBA25}.Debug|x64.Build.0 = Debug|Any CPU
		{1EFB1478-C3ED-4A4B-9BE7-1882AD9EBA25}.Debug|x86.ActiveCfg = Debug|Any CPU
		{1EFB1478-C3ED-4A4B-9BE7-1882AD9EBA25}.Debug|x86.Build.0 = Debug|Any CPU
		{1EFB1478-C3ED-4A4B-9BE7-1882AD9EBA25}.Release|Any CPU.ActiveCfg = Release|Any CPU
		{1EFB1478-C3ED-4A4B-9BE7-1882AD9EBA25}.Release|Any CPU.Build.0 = Release|Any CPU
		{1EFB1478-C3ED-4A4B-9BE7-1882AD9EBA25}.Release|x64.ActiveCfg = Release|Any CPU
		{1EFB1478-C3ED-4A4B-9BE7-1882AD9EBA25}.Release|x64.Build.0 = Release|Any CPU
		{1EFB1478-C3ED-4A4B-9BE7-1882AD9EBA25}.Release|x86.ActiveCfg = Release|Any CPU
		{1EFB1478-C3ED-4A4B-9BE7-1882AD9EBA25}.Release|x86.Build.0 = Release|Any CPU
		{E6474329-6233-4B56-96E1-105BA003AEEF}.Debug|Any CPU.ActiveCfg = Debug|Any CPU
		{E6474329-6233-4B56-96E1-105BA003AEEF}.Debug|Any CPU.Build.0 = Debug|Any CPU
		{E6474329-6233-4B56-96E1-105BA003AEEF}.Debug|x64.ActiveCfg = Debug|Any CPU
		{E6474329-6233-4B56-96E1-105BA003AEEF}.Debug|x64.Build.0 = Debug|Any CPU
		{E6474329-6233-4B56-96E1-105BA003AEEF}.Debug|x86.ActiveCfg = Debug|Any CPU
		{E6474329-6233-4B56-96E1-105BA003AEEF}.Debug|x86.Build.0 = Debug|Any CPU
		{E6474329-6233-4B56-96E1-105BA003AEEF}.Release|Any CPU.ActiveCfg = Release|Any CPU
		{E6474329-6233-4B56-96E1-105BA003AEEF}.Release|Any CPU.Build.0 = Release|Any CPU
		{E6474329-6233-4B56-96E1-105BA003AEEF}.Release|x64.ActiveCfg = Release|Any CPU
		{E6474329-6233-4B56-96E1-105BA003AEEF}.Release|x64.Build.0 = Release|Any CPU
		{E6474329-6233-4B56-96E1-105BA003AEEF}.Release|x86.ActiveCfg = Release|Any CPU
		{E6474329-6233-4B56-96E1-105BA003AEEF}.Release|x86.Build.0 = Release|Any CPU
		{844B70BC-33E3-4C29-B82F-BA00D27D01CA}.Debug|Any CPU.ActiveCfg = Debug|Any CPU
		{844B70BC-33E3-4C29-B82F-BA00D27D01CA}.Debug|Any CPU.Build.0 = Debug|Any CPU
		{844B70BC-33E3-4C29-B82F-BA00D27D01CA}.Debug|x64.ActiveCfg = Debug|Any CPU
		{844B70BC-33E3-4C29-B82F-BA00D27D01CA}.Debug|x64.Build.0 = Debug|Any CPU
		{844B70BC-33E3-4C29-B82F-BA00D27D01CA}.Debug|x86.ActiveCfg = Debug|Any CPU
		{844B70BC-33E3-4C29-B82F-BA00D27D01CA}.Debug|x86.Build.0 = Debug|Any CPU
		{844B70BC-33E3-4C29-B82F-BA00D27D01CA}.Release|Any CPU.ActiveCfg = Release|Any CPU
		{844B70BC-33E3-4C29-B82F-BA00D27D01CA}.Release|Any CPU.Build.0 = Release|Any CPU
		{844B70BC-33E3-4C29-B82F-BA00D27D01CA}.Release|x64.ActiveCfg = Release|Any CPU
		{844B70BC-33E3-4C29-B82F-BA00D27D01CA}.Release|x64.Build.0 = Release|Any CPU
		{844B70BC-33E3-4C29-B82F-BA00D27D01CA}.Release|x86.ActiveCfg = Release|Any CPU
		{844B70BC-33E3-4C29-B82F-BA00D27D01CA}.Release|x86.Build.0 = Release|Any CPU
		{C1CDB861-14EA-411D-AC36-D1038EFBDC06}.Debug|Any CPU.ActiveCfg = Debug|Any CPU
		{C1CDB861-14EA-411D-AC36-D1038EFBDC06}.Debug|Any CPU.Build.0 = Debug|Any CPU
		{C1CDB861-14EA-411D-AC36-D1038EFBDC06}.Debug|x64.ActiveCfg = Debug|Any CPU
		{C1CDB861-14EA-411D-AC36-D1038EFBDC06}.Debug|x64.Build.0 = Debug|Any CPU
		{C1CDB861-14EA-411D-AC36-D1038EFBDC06}.Debug|x86.ActiveCfg = Debug|Any CPU
		{C1CDB861-14EA-411D-AC36-D1038EFBDC06}.Debug|x86.Build.0 = Debug|Any CPU
		{C1CDB861-14EA-411D-AC36-D1038EFBDC06}.Release|Any CPU.ActiveCfg = Release|Any CPU
		{C1CDB861-14EA-411D-AC36-D1038EFBDC06}.Release|Any CPU.Build.0 = Release|Any CPU
		{C1CDB861-14EA-411D-AC36-D1038EFBDC06}.Release|x64.ActiveCfg = Release|Any CPU
		{C1CDB861-14EA-411D-AC36-D1038EFBDC06}.Release|x64.Build.0 = Release|Any CPU
		{C1CDB861-14EA-411D-AC36-D1038EFBDC06}.Release|x86.ActiveCfg = Release|Any CPU
		{C1CDB861-14EA-411D-AC36-D1038EFBDC06}.Release|x86.Build.0 = Release|Any CPU
		{A25AB7EF-F80C-409B-85A8-96FD616C1CE3}.Debug|Any CPU.ActiveCfg = Debug|Any CPU
		{A25AB7EF-F80C-409B-85A8-96FD616C1CE3}.Debug|Any CPU.Build.0 = Debug|Any CPU
		{A25AB7EF-F80C-409B-85A8-96FD616C1CE3}.Debug|x64.ActiveCfg = Debug|Any CPU
		{A25AB7EF-F80C-409B-85A8-96FD616C1CE3}.Debug|x64.Build.0 = Debug|Any CPU
		{A25AB7EF-F80C-409B-85A8-96FD616C1CE3}.Debug|x86.ActiveCfg = Debug|Any CPU
		{A25AB7EF-F80C-409B-85A8-96FD616C1CE3}.Debug|x86.Build.0 = Debug|Any CPU
		{A25AB7EF-F80C-409B-85A8-96FD616C1CE3}.Release|Any CPU.ActiveCfg = Release|Any CPU
		{A25AB7EF-F80C-409B-85A8-96FD616C1CE3}.Release|Any CPU.Build.0 = Release|Any CPU
		{A25AB7EF-F80C-409B-85A8-96FD616C1CE3}.Release|x64.ActiveCfg = Release|Any CPU
		{A25AB7EF-F80C-409B-85A8-96FD616C1CE3}.Release|x64.Build.0 = Release|Any CPU
		{A25AB7EF-F80C-409B-85A8-96FD616C1CE3}.Release|x86.ActiveCfg = Release|Any CPU
		{A25AB7EF-F80C-409B-85A8-96FD616C1CE3}.Release|x86.Build.0 = Release|Any CPU
		{485CEBE2-F630-40C2-85EA-29AEBCE8C9CD}.Debug|Any CPU.ActiveCfg = Debug|Any CPU
		{485CEBE2-F630-40C2-85EA-29AEBCE8C9CD}.Debug|Any CPU.Build.0 = Debug|Any CPU
		{485CEBE2-F630-40C2-85EA-29AEBCE8C9CD}.Debug|x64.ActiveCfg = Debug|Any CPU
		{485CEBE2-F630-40C2-85EA-29AEBCE8C9CD}.Debug|x64.Build.0 = Debug|Any CPU
		{485CEBE2-F630-40C2-85EA-29AEBCE8C9CD}.Debug|x86.ActiveCfg = Debug|Any CPU
		{485CEBE2-F630-40C2-85EA-29AEBCE8C9CD}.Debug|x86.Build.0 = Debug|Any CPU
		{485CEBE2-F630-40C2-85EA-29AEBCE8C9CD}.Release|Any CPU.ActiveCfg = Release|Any CPU
		{485CEBE2-F630-40C2-85EA-29AEBCE8C9CD}.Release|Any CPU.Build.0 = Release|Any CPU
		{485CEBE2-F630-40C2-85EA-29AEBCE8C9CD}.Release|x64.ActiveCfg = Release|Any CPU
		{485CEBE2-F630-40C2-85EA-29AEBCE8C9CD}.Release|x64.Build.0 = Release|Any CPU
		{485CEBE2-F630-40C2-85EA-29AEBCE8C9CD}.Release|x86.ActiveCfg = Release|Any CPU
		{485CEBE2-F630-40C2-85EA-29AEBCE8C9CD}.Release|x86.Build.0 = Release|Any CPU
		{F7E6A013-2AA0-4343-97D3-886D70A678E9}.Debug|Any CPU.ActiveCfg = Debug|Any CPU
		{F7E6A013-2AA0-4343-97D3-886D70A678E9}.Debug|Any CPU.Build.0 = Debug|Any CPU
		{F7E6A013-2AA0-4343-97D3-886D70A678E9}.Debug|x64.ActiveCfg = Debug|Any CPU
		{F7E6A013-2AA0-4343-97D3-886D70A678E9}.Debug|x64.Build.0 = Debug|Any CPU
		{F7E6A013-2AA0-4343-97D3-886D70A678E9}.Debug|x86.ActiveCfg = Debug|Any CPU
		{F7E6A013-2AA0-4343-97D3-886D70A678E9}.Debug|x86.Build.0 = Debug|Any CPU
		{F7E6A013-2AA0-4343-97D3-886D70A678E9}.Release|Any CPU.ActiveCfg = Release|Any CPU
		{F7E6A013-2AA0-4343-97D3-886D70A678E9}.Release|Any CPU.Build.0 = Release|Any CPU
		{F7E6A013-2AA0-4343-97D3-886D70A678E9}.Release|x64.ActiveCfg = Release|Any CPU
		{F7E6A013-2AA0-4343-97D3-886D70A678E9}.Release|x64.Build.0 = Release|Any CPU
		{F7E6A013-2AA0-4343-97D3-886D70A678E9}.Release|x86.ActiveCfg = Release|Any CPU
		{F7E6A013-2AA0-4343-97D3-886D70A678E9}.Release|x86.Build.0 = Release|Any CPU
		{31861E27-5F68-4EFE-A3EE-6BD7DE9E5CA2}.Debug|Any CPU.ActiveCfg = Debug|Any CPU
		{31861E27-5F68-4EFE-A3EE-6BD7DE9E5CA2}.Debug|Any CPU.Build.0 = Debug|Any CPU
		{31861E27-5F68-4EFE-A3EE-6BD7DE9E5CA2}.Debug|x64.ActiveCfg = Debug|Any CPU
		{31861E27-5F68-4EFE-A3EE-6BD7DE9E5CA2}.Debug|x64.Build.0 = Debug|Any CPU
		{31861E27-5F68-4EFE-A3EE-6BD7DE9E5CA2}.Debug|x86.ActiveCfg = Debug|Any CPU
		{31861E27-5F68-4EFE-A3EE-6BD7DE9E5CA2}.Debug|x86.Build.0 = Debug|Any CPU
		{31861E27-5F68-4EFE-A3EE-6BD7DE9E5CA2}.Release|Any CPU.ActiveCfg = Release|Any CPU
		{31861E27-5F68-4EFE-A3EE-6BD7DE9E5CA2}.Release|Any CPU.Build.0 = Release|Any CPU
		{31861E27-5F68-4EFE-A3EE-6BD7DE9E5CA2}.Release|x64.ActiveCfg = Release|Any CPU
		{31861E27-5F68-4EFE-A3EE-6BD7DE9E5CA2}.Release|x64.Build.0 = Release|Any CPU
		{31861E27-5F68-4EFE-A3EE-6BD7DE9E5CA2}.Release|x86.ActiveCfg = Release|Any CPU
		{31861E27-5F68-4EFE-A3EE-6BD7DE9E5CA2}.Release|x86.Build.0 = Release|Any CPU
		{0FCFDEA1-2F23-456C-8FFF-60861BE10F8B}.Debug|Any CPU.ActiveCfg = Debug|Any CPU
		{0FCFDEA1-2F23-456C-8FFF-60861BE10F8B}.Debug|Any CPU.Build.0 = Debug|Any CPU
		{0FCFDEA1-2F23-456C-8FFF-60861BE10F8B}.Debug|x64.ActiveCfg = Debug|Any CPU
		{0FCFDEA1-2F23-456C-8FFF-60861BE10F8B}.Debug|x64.Build.0 = Debug|Any CPU
		{0FCFDEA1-2F23-456C-8FFF-60861BE10F8B}.Debug|x86.ActiveCfg = Debug|Any CPU
		{0FCFDEA1-2F23-456C-8FFF-60861BE10F8B}.Debug|x86.Build.0 = Debug|Any CPU
		{0FCFDEA1-2F23-456C-8FFF-60861BE10F8B}.Release|Any CPU.ActiveCfg = Release|Any CPU
		{0FCFDEA1-2F23-456C-8FFF-60861BE10F8B}.Release|Any CPU.Build.0 = Release|Any CPU
		{0FCFDEA1-2F23-456C-8FFF-60861BE10F8B}.Release|x64.ActiveCfg = Release|Any CPU
		{0FCFDEA1-2F23-456C-8FFF-60861BE10F8B}.Release|x64.Build.0 = Release|Any CPU
		{0FCFDEA1-2F23-456C-8FFF-60861BE10F8B}.Release|x86.ActiveCfg = Release|Any CPU
		{0FCFDEA1-2F23-456C-8FFF-60861BE10F8B}.Release|x86.Build.0 = Release|Any CPU
		{A314FB55-6AD8-4C46-BC0A-4CD0E1D02870}.Debug|Any CPU.ActiveCfg = Debug|Any CPU
		{A314FB55-6AD8-4C46-BC0A-4CD0E1D02870}.Debug|Any CPU.Build.0 = Debug|Any CPU
		{A314FB55-6AD8-4C46-BC0A-4CD0E1D02870}.Debug|x64.ActiveCfg = Debug|Any CPU
		{A314FB55-6AD8-4C46-BC0A-4CD0E1D02870}.Debug|x64.Build.0 = Debug|Any CPU
		{A314FB55-6AD8-4C46-BC0A-4CD0E1D02870}.Debug|x86.ActiveCfg = Debug|Any CPU
		{A314FB55-6AD8-4C46-BC0A-4CD0E1D02870}.Debug|x86.Build.0 = Debug|Any CPU
		{A314FB55-6AD8-4C46-BC0A-4CD0E1D02870}.Release|Any CPU.ActiveCfg = Release|Any CPU
		{A314FB55-6AD8-4C46-BC0A-4CD0E1D02870}.Release|Any CPU.Build.0 = Release|Any CPU
		{A314FB55-6AD8-4C46-BC0A-4CD0E1D02870}.Release|x64.ActiveCfg = Release|Any CPU
		{A314FB55-6AD8-4C46-BC0A-4CD0E1D02870}.Release|x64.Build.0 = Release|Any CPU
		{A314FB55-6AD8-4C46-BC0A-4CD0E1D02870}.Release|x86.ActiveCfg = Release|Any CPU
		{A314FB55-6AD8-4C46-BC0A-4CD0E1D02870}.Release|x86.Build.0 = Release|Any CPU
		{C12B9C46-3F4C-4F6F-B557-F56A5014EEC4}.Debug|Any CPU.ActiveCfg = Debug|Any CPU
		{C12B9C46-3F4C-4F6F-B557-F56A5014EEC4}.Debug|Any CPU.Build.0 = Debug|Any CPU
		{C12B9C46-3F4C-4F6F-B557-F56A5014EEC4}.Debug|x64.ActiveCfg = Debug|Any CPU
		{C12B9C46-3F4C-4F6F-B557-F56A5014EEC4}.Debug|x64.Build.0 = Debug|Any CPU
		{C12B9C46-3F4C-4F6F-B557-F56A5014EEC4}.Debug|x86.ActiveCfg = Debug|Any CPU
		{C12B9C46-3F4C-4F6F-B557-F56A5014EEC4}.Debug|x86.Build.0 = Debug|Any CPU
		{C12B9C46-3F4C-4F6F-B557-F56A5014EEC4}.Release|Any CPU.ActiveCfg = Release|Any CPU
		{C12B9C46-3F4C-4F6F-B557-F56A5014EEC4}.Release|Any CPU.Build.0 = Release|Any CPU
		{C12B9C46-3F4C-4F6F-B557-F56A5014EEC4}.Release|x64.ActiveCfg = Release|Any CPU
		{C12B9C46-3F4C-4F6F-B557-F56A5014EEC4}.Release|x64.Build.0 = Release|Any CPU
		{C12B9C46-3F4C-4F6F-B557-F56A5014EEC4}.Release|x86.ActiveCfg = Release|Any CPU
		{C12B9C46-3F4C-4F6F-B557-F56A5014EEC4}.Release|x86.Build.0 = Release|Any CPU
		{09E057BA-34A4-4E42-BF2E-2E72B68A93E9}.Debug|Any CPU.ActiveCfg = Debug|Any CPU
		{09E057BA-34A4-4E42-BF2E-2E72B68A93E9}.Debug|Any CPU.Build.0 = Debug|Any CPU
		{09E057BA-34A4-4E42-BF2E-2E72B68A93E9}.Debug|x64.ActiveCfg = Debug|Any CPU
		{09E057BA-34A4-4E42-BF2E-2E72B68A93E9}.Debug|x64.Build.0 = Debug|Any CPU
		{09E057BA-34A4-4E42-BF2E-2E72B68A93E9}.Debug|x86.ActiveCfg = Debug|Any CPU
		{09E057BA-34A4-4E42-BF2E-2E72B68A93E9}.Debug|x86.Build.0 = Debug|Any CPU
		{09E057BA-34A4-4E42-BF2E-2E72B68A93E9}.Release|Any CPU.ActiveCfg = Release|Any CPU
		{09E057BA-34A4-4E42-BF2E-2E72B68A93E9}.Release|Any CPU.Build.0 = Release|Any CPU
		{09E057BA-34A4-4E42-BF2E-2E72B68A93E9}.Release|x64.ActiveCfg = Release|Any CPU
		{09E057BA-34A4-4E42-BF2E-2E72B68A93E9}.Release|x64.Build.0 = Release|Any CPU
		{09E057BA-34A4-4E42-BF2E-2E72B68A93E9}.Release|x86.ActiveCfg = Release|Any CPU
		{09E057BA-34A4-4E42-BF2E-2E72B68A93E9}.Release|x86.Build.0 = Release|Any CPU
		{EF2FA43B-4211-4F22-A5ED-08B1C32DA09D}.Debug|Any CPU.ActiveCfg = Debug|Any CPU
		{EF2FA43B-4211-4F22-A5ED-08B1C32DA09D}.Debug|Any CPU.Build.0 = Debug|Any CPU
		{EF2FA43B-4211-4F22-A5ED-08B1C32DA09D}.Debug|x64.ActiveCfg = Debug|Any CPU
		{EF2FA43B-4211-4F22-A5ED-08B1C32DA09D}.Debug|x64.Build.0 = Debug|Any CPU
		{EF2FA43B-4211-4F22-A5ED-08B1C32DA09D}.Debug|x86.ActiveCfg = Debug|Any CPU
		{EF2FA43B-4211-4F22-A5ED-08B1C32DA09D}.Debug|x86.Build.0 = Debug|Any CPU
		{EF2FA43B-4211-4F22-A5ED-08B1C32DA09D}.Release|Any CPU.ActiveCfg = Release|Any CPU
		{EF2FA43B-4211-4F22-A5ED-08B1C32DA09D}.Release|Any CPU.Build.0 = Release|Any CPU
		{EF2FA43B-4211-4F22-A5ED-08B1C32DA09D}.Release|x64.ActiveCfg = Release|Any CPU
		{EF2FA43B-4211-4F22-A5ED-08B1C32DA09D}.Release|x64.Build.0 = Release|Any CPU
		{EF2FA43B-4211-4F22-A5ED-08B1C32DA09D}.Release|x86.ActiveCfg = Release|Any CPU
		{EF2FA43B-4211-4F22-A5ED-08B1C32DA09D}.Release|x86.Build.0 = Release|Any CPU
		{6E8569B4-0C53-4C6F-8F0E-C13D63212DC6}.Debug|Any CPU.ActiveCfg = Debug|Any CPU
		{6E8569B4-0C53-4C6F-8F0E-C13D63212DC6}.Debug|Any CPU.Build.0 = Debug|Any CPU
		{6E8569B4-0C53-4C6F-8F0E-C13D63212DC6}.Debug|x64.ActiveCfg = Debug|Any CPU
		{6E8569B4-0C53-4C6F-8F0E-C13D63212DC6}.Debug|x64.Build.0 = Debug|Any CPU
		{6E8569B4-0C53-4C6F-8F0E-C13D63212DC6}.Debug|x86.ActiveCfg = Debug|Any CPU
		{6E8569B4-0C53-4C6F-8F0E-C13D63212DC6}.Debug|x86.Build.0 = Debug|Any CPU
		{6E8569B4-0C53-4C6F-8F0E-C13D63212DC6}.Release|Any CPU.ActiveCfg = Release|Any CPU
		{6E8569B4-0C53-4C6F-8F0E-C13D63212DC6}.Release|Any CPU.Build.0 = Release|Any CPU
		{6E8569B4-0C53-4C6F-8F0E-C13D63212DC6}.Release|x64.ActiveCfg = Release|Any CPU
		{6E8569B4-0C53-4C6F-8F0E-C13D63212DC6}.Release|x64.Build.0 = Release|Any CPU
		{6E8569B4-0C53-4C6F-8F0E-C13D63212DC6}.Release|x86.ActiveCfg = Release|Any CPU
		{6E8569B4-0C53-4C6F-8F0E-C13D63212DC6}.Release|x86.Build.0 = Release|Any CPU
		{5C107A3E-3CE6-4992-A55B-323BAC496AE4}.Debug|Any CPU.ActiveCfg = Debug|Any CPU
		{5C107A3E-3CE6-4992-A55B-323BAC496AE4}.Debug|Any CPU.Build.0 = Debug|Any CPU
		{5C107A3E-3CE6-4992-A55B-323BAC496AE4}.Debug|x64.ActiveCfg = Debug|Any CPU
		{5C107A3E-3CE6-4992-A55B-323BAC496AE4}.Debug|x64.Build.0 = Debug|Any CPU
		{5C107A3E-3CE6-4992-A55B-323BAC496AE4}.Debug|x86.ActiveCfg = Debug|Any CPU
		{5C107A3E-3CE6-4992-A55B-323BAC496AE4}.Debug|x86.Build.0 = Debug|Any CPU
		{5C107A3E-3CE6-4992-A55B-323BAC496AE4}.Release|Any CPU.ActiveCfg = Release|Any CPU
		{5C107A3E-3CE6-4992-A55B-323BAC496AE4}.Release|Any CPU.Build.0 = Release|Any CPU
		{5C107A3E-3CE6-4992-A55B-323BAC496AE4}.Release|x64.ActiveCfg = Release|Any CPU
		{5C107A3E-3CE6-4992-A55B-323BAC496AE4}.Release|x64.Build.0 = Release|Any CPU
		{5C107A3E-3CE6-4992-A55B-323BAC496AE4}.Release|x86.ActiveCfg = Release|Any CPU
		{5C107A3E-3CE6-4992-A55B-323BAC496AE4}.Release|x86.Build.0 = Release|Any CPU
		{97C56829-8EF9-441D-AF78-CF8ACA2A4AEA}.Debug|Any CPU.ActiveCfg = Debug|Any CPU
		{97C56829-8EF9-441D-AF78-CF8ACA2A4AEA}.Debug|Any CPU.Build.0 = Debug|Any CPU
		{97C56829-8EF9-441D-AF78-CF8ACA2A4AEA}.Debug|x64.ActiveCfg = Debug|Any CPU
		{97C56829-8EF9-441D-AF78-CF8ACA2A4AEA}.Debug|x64.Build.0 = Debug|Any CPU
		{97C56829-8EF9-441D-AF78-CF8ACA2A4AEA}.Debug|x86.ActiveCfg = Debug|Any CPU
		{97C56829-8EF9-441D-AF78-CF8ACA2A4AEA}.Debug|x86.Build.0 = Debug|Any CPU
		{97C56829-8EF9-441D-AF78-CF8ACA2A4AEA}.Release|Any CPU.ActiveCfg = Release|Any CPU
		{97C56829-8EF9-441D-AF78-CF8ACA2A4AEA}.Release|Any CPU.Build.0 = Release|Any CPU
		{97C56829-8EF9-441D-AF78-CF8ACA2A4AEA}.Release|x64.ActiveCfg = Release|Any CPU
		{97C56829-8EF9-441D-AF78-CF8ACA2A4AEA}.Release|x64.Build.0 = Release|Any CPU
		{97C56829-8EF9-441D-AF78-CF8ACA2A4AEA}.Release|x86.ActiveCfg = Release|Any CPU
		{97C56829-8EF9-441D-AF78-CF8ACA2A4AEA}.Release|x86.Build.0 = Release|Any CPU
		{4CF4A8FD-07F0-47FD-806E-4B917D54A8FB}.Debug|Any CPU.ActiveCfg = Debug|Any CPU
		{4CF4A8FD-07F0-47FD-806E-4B917D54A8FB}.Debug|Any CPU.Build.0 = Debug|Any CPU
		{4CF4A8FD-07F0-47FD-806E-4B917D54A8FB}.Debug|x64.ActiveCfg = Debug|Any CPU
		{4CF4A8FD-07F0-47FD-806E-4B917D54A8FB}.Debug|x64.Build.0 = Debug|Any CPU
		{4CF4A8FD-07F0-47FD-806E-4B917D54A8FB}.Debug|x86.ActiveCfg = Debug|Any CPU
		{4CF4A8FD-07F0-47FD-806E-4B917D54A8FB}.Debug|x86.Build.0 = Debug|Any CPU
		{4CF4A8FD-07F0-47FD-806E-4B917D54A8FB}.Release|Any CPU.ActiveCfg = Release|Any CPU
		{4CF4A8FD-07F0-47FD-806E-4B917D54A8FB}.Release|Any CPU.Build.0 = Release|Any CPU
		{4CF4A8FD-07F0-47FD-806E-4B917D54A8FB}.Release|x64.ActiveCfg = Release|Any CPU
		{4CF4A8FD-07F0-47FD-806E-4B917D54A8FB}.Release|x64.Build.0 = Release|Any CPU
		{4CF4A8FD-07F0-47FD-806E-4B917D54A8FB}.Release|x86.ActiveCfg = Release|Any CPU
		{4CF4A8FD-07F0-47FD-806E-4B917D54A8FB}.Release|x86.Build.0 = Release|Any CPU
		{9A2F83FE-9E28-49B5-830C-4709235D66C6}.Debug|Any CPU.ActiveCfg = Debug|Any CPU
		{9A2F83FE-9E28-49B5-830C-4709235D66C6}.Debug|Any CPU.Build.0 = Debug|Any CPU
		{9A2F83FE-9E28-49B5-830C-4709235D66C6}.Debug|x64.ActiveCfg = Debug|Any CPU
		{9A2F83FE-9E28-49B5-830C-4709235D66C6}.Debug|x64.Build.0 = Debug|Any CPU
		{9A2F83FE-9E28-49B5-830C-4709235D66C6}.Debug|x86.ActiveCfg = Debug|Any CPU
		{9A2F83FE-9E28-49B5-830C-4709235D66C6}.Debug|x86.Build.0 = Debug|Any CPU
		{9A2F83FE-9E28-49B5-830C-4709235D66C6}.Release|Any CPU.ActiveCfg = Release|Any CPU
		{9A2F83FE-9E28-49B5-830C-4709235D66C6}.Release|Any CPU.Build.0 = Release|Any CPU
		{9A2F83FE-9E28-49B5-830C-4709235D66C6}.Release|x64.ActiveCfg = Release|Any CPU
		{9A2F83FE-9E28-49B5-830C-4709235D66C6}.Release|x64.Build.0 = Release|Any CPU
		{9A2F83FE-9E28-49B5-830C-4709235D66C6}.Release|x86.ActiveCfg = Release|Any CPU
		{9A2F83FE-9E28-49B5-830C-4709235D66C6}.Release|x86.Build.0 = Release|Any CPU
		{4E05D93F-B48E-4319-A0CF-EB1F80858ABF}.Debug|Any CPU.ActiveCfg = Debug|Any CPU
		{4E05D93F-B48E-4319-A0CF-EB1F80858ABF}.Debug|Any CPU.Build.0 = Debug|Any CPU
		{4E05D93F-B48E-4319-A0CF-EB1F80858ABF}.Debug|x64.ActiveCfg = Debug|Any CPU
		{4E05D93F-B48E-4319-A0CF-EB1F80858ABF}.Debug|x64.Build.0 = Debug|Any CPU
		{4E05D93F-B48E-4319-A0CF-EB1F80858ABF}.Debug|x86.ActiveCfg = Debug|Any CPU
		{4E05D93F-B48E-4319-A0CF-EB1F80858ABF}.Debug|x86.Build.0 = Debug|Any CPU
		{4E05D93F-B48E-4319-A0CF-EB1F80858ABF}.Release|Any CPU.ActiveCfg = Release|Any CPU
		{4E05D93F-B48E-4319-A0CF-EB1F80858ABF}.Release|Any CPU.Build.0 = Release|Any CPU
		{4E05D93F-B48E-4319-A0CF-EB1F80858ABF}.Release|x64.ActiveCfg = Release|Any CPU
		{4E05D93F-B48E-4319-A0CF-EB1F80858ABF}.Release|x64.Build.0 = Release|Any CPU
		{4E05D93F-B48E-4319-A0CF-EB1F80858ABF}.Release|x86.ActiveCfg = Release|Any CPU
		{4E05D93F-B48E-4319-A0CF-EB1F80858ABF}.Release|x86.Build.0 = Release|Any CPU
		{92F01120-1627-47CD-9BD7-B02D2C1E4CDE}.Debug|Any CPU.ActiveCfg = Debug|Any CPU
		{92F01120-1627-47CD-9BD7-B02D2C1E4CDE}.Debug|Any CPU.Build.0 = Debug|Any CPU
		{92F01120-1627-47CD-9BD7-B02D2C1E4CDE}.Debug|x64.ActiveCfg = Debug|Any CPU
		{92F01120-1627-47CD-9BD7-B02D2C1E4CDE}.Debug|x64.Build.0 = Debug|Any CPU
		{92F01120-1627-47CD-9BD7-B02D2C1E4CDE}.Debug|x86.ActiveCfg = Debug|Any CPU
		{92F01120-1627-47CD-9BD7-B02D2C1E4CDE}.Debug|x86.Build.0 = Debug|Any CPU
		{92F01120-1627-47CD-9BD7-B02D2C1E4CDE}.Release|Any CPU.ActiveCfg = Release|Any CPU
		{92F01120-1627-47CD-9BD7-B02D2C1E4CDE}.Release|Any CPU.Build.0 = Release|Any CPU
		{92F01120-1627-47CD-9BD7-B02D2C1E4CDE}.Release|x64.ActiveCfg = Release|Any CPU
		{92F01120-1627-47CD-9BD7-B02D2C1E4CDE}.Release|x64.Build.0 = Release|Any CPU
		{92F01120-1627-47CD-9BD7-B02D2C1E4CDE}.Release|x86.ActiveCfg = Release|Any CPU
		{92F01120-1627-47CD-9BD7-B02D2C1E4CDE}.Release|x86.Build.0 = Release|Any CPU
		{82C977CD-B77C-4E66-B30E-2402953796DE}.Debug|Any CPU.ActiveCfg = Debug|Any CPU
		{82C977CD-B77C-4E66-B30E-2402953796DE}.Debug|Any CPU.Build.0 = Debug|Any CPU
		{82C977CD-B77C-4E66-B30E-2402953796DE}.Debug|x64.ActiveCfg = Debug|Any CPU
		{82C977CD-B77C-4E66-B30E-2402953796DE}.Debug|x64.Build.0 = Debug|Any CPU
		{82C977CD-B77C-4E66-B30E-2402953796DE}.Debug|x86.ActiveCfg = Debug|Any CPU
		{82C977CD-B77C-4E66-B30E-2402953796DE}.Debug|x86.Build.0 = Debug|Any CPU
		{82C977CD-B77C-4E66-B30E-2402953796DE}.Release|Any CPU.ActiveCfg = Release|Any CPU
		{82C977CD-B77C-4E66-B30E-2402953796DE}.Release|Any CPU.Build.0 = Release|Any CPU
		{82C977CD-B77C-4E66-B30E-2402953796DE}.Release|x64.ActiveCfg = Release|Any CPU
		{82C977CD-B77C-4E66-B30E-2402953796DE}.Release|x64.Build.0 = Release|Any CPU
		{82C977CD-B77C-4E66-B30E-2402953796DE}.Release|x86.ActiveCfg = Release|Any CPU
		{82C977CD-B77C-4E66-B30E-2402953796DE}.Release|x86.Build.0 = Release|Any CPU
		{693A3386-97EB-4BA6-A6E2-A935642DA118}.Debug|Any CPU.ActiveCfg = Debug|Any CPU
		{693A3386-97EB-4BA6-A6E2-A935642DA118}.Debug|Any CPU.Build.0 = Debug|Any CPU
		{693A3386-97EB-4BA6-A6E2-A935642DA118}.Debug|x64.ActiveCfg = Debug|Any CPU
		{693A3386-97EB-4BA6-A6E2-A935642DA118}.Debug|x64.Build.0 = Debug|Any CPU
		{693A3386-97EB-4BA6-A6E2-A935642DA118}.Debug|x86.ActiveCfg = Debug|Any CPU
		{693A3386-97EB-4BA6-A6E2-A935642DA118}.Debug|x86.Build.0 = Debug|Any CPU
		{693A3386-97EB-4BA6-A6E2-A935642DA118}.Release|Any CPU.ActiveCfg = Release|Any CPU
		{693A3386-97EB-4BA6-A6E2-A935642DA118}.Release|Any CPU.Build.0 = Release|Any CPU
		{693A3386-97EB-4BA6-A6E2-A935642DA118}.Release|x64.ActiveCfg = Release|Any CPU
		{693A3386-97EB-4BA6-A6E2-A935642DA118}.Release|x64.Build.0 = Release|Any CPU
		{693A3386-97EB-4BA6-A6E2-A935642DA118}.Release|x86.ActiveCfg = Release|Any CPU
		{693A3386-97EB-4BA6-A6E2-A935642DA118}.Release|x86.Build.0 = Release|Any CPU
		{127A285A-3E8A-4CF5-BA15-459774160C60}.Debug|Any CPU.ActiveCfg = Debug|Any CPU
		{127A285A-3E8A-4CF5-BA15-459774160C60}.Debug|Any CPU.Build.0 = Debug|Any CPU
		{127A285A-3E8A-4CF5-BA15-459774160C60}.Debug|x64.ActiveCfg = Debug|Any CPU
		{127A285A-3E8A-4CF5-BA15-459774160C60}.Debug|x64.Build.0 = Debug|Any CPU
		{127A285A-3E8A-4CF5-BA15-459774160C60}.Debug|x86.ActiveCfg = Debug|Any CPU
		{127A285A-3E8A-4CF5-BA15-459774160C60}.Debug|x86.Build.0 = Debug|Any CPU
		{127A285A-3E8A-4CF5-BA15-459774160C60}.Release|Any CPU.ActiveCfg = Release|Any CPU
		{127A285A-3E8A-4CF5-BA15-459774160C60}.Release|Any CPU.Build.0 = Release|Any CPU
		{127A285A-3E8A-4CF5-BA15-459774160C60}.Release|x64.ActiveCfg = Release|Any CPU
		{127A285A-3E8A-4CF5-BA15-459774160C60}.Release|x64.Build.0 = Release|Any CPU
		{127A285A-3E8A-4CF5-BA15-459774160C60}.Release|x86.ActiveCfg = Release|Any CPU
		{127A285A-3E8A-4CF5-BA15-459774160C60}.Release|x86.Build.0 = Release|Any CPU
		{514FF0FD-06C3-4E34-8B45-2D2C91772C23}.Debug|Any CPU.ActiveCfg = Debug|Any CPU
		{514FF0FD-06C3-4E34-8B45-2D2C91772C23}.Debug|Any CPU.Build.0 = Debug|Any CPU
		{514FF0FD-06C3-4E34-8B45-2D2C91772C23}.Debug|x64.ActiveCfg = Debug|Any CPU
		{514FF0FD-06C3-4E34-8B45-2D2C91772C23}.Debug|x64.Build.0 = Debug|Any CPU
		{514FF0FD-06C3-4E34-8B45-2D2C91772C23}.Debug|x86.ActiveCfg = Debug|Any CPU
		{514FF0FD-06C3-4E34-8B45-2D2C91772C23}.Debug|x86.Build.0 = Debug|Any CPU
		{514FF0FD-06C3-4E34-8B45-2D2C91772C23}.Release|Any CPU.ActiveCfg = Release|Any CPU
		{514FF0FD-06C3-4E34-8B45-2D2C91772C23}.Release|Any CPU.Build.0 = Release|Any CPU
		{514FF0FD-06C3-4E34-8B45-2D2C91772C23}.Release|x64.ActiveCfg = Release|Any CPU
		{514FF0FD-06C3-4E34-8B45-2D2C91772C23}.Release|x64.Build.0 = Release|Any CPU
		{514FF0FD-06C3-4E34-8B45-2D2C91772C23}.Release|x86.ActiveCfg = Release|Any CPU
		{514FF0FD-06C3-4E34-8B45-2D2C91772C23}.Release|x86.Build.0 = Release|Any CPU
		{EC68986D-7508-4E79-B94D-88AD15679A7F}.Debug|Any CPU.ActiveCfg = Debug|Any CPU
		{EC68986D-7508-4E79-B94D-88AD15679A7F}.Debug|Any CPU.Build.0 = Debug|Any CPU
		{EC68986D-7508-4E79-B94D-88AD15679A7F}.Debug|x64.ActiveCfg = Debug|Any CPU
		{EC68986D-7508-4E79-B94D-88AD15679A7F}.Debug|x64.Build.0 = Debug|Any CPU
		{EC68986D-7508-4E79-B94D-88AD15679A7F}.Debug|x86.ActiveCfg = Debug|Any CPU
		{EC68986D-7508-4E79-B94D-88AD15679A7F}.Debug|x86.Build.0 = Debug|Any CPU
		{EC68986D-7508-4E79-B94D-88AD15679A7F}.Release|Any CPU.ActiveCfg = Release|Any CPU
		{EC68986D-7508-4E79-B94D-88AD15679A7F}.Release|Any CPU.Build.0 = Release|Any CPU
		{EC68986D-7508-4E79-B94D-88AD15679A7F}.Release|x64.ActiveCfg = Release|Any CPU
		{EC68986D-7508-4E79-B94D-88AD15679A7F}.Release|x64.Build.0 = Release|Any CPU
		{EC68986D-7508-4E79-B94D-88AD15679A7F}.Release|x86.ActiveCfg = Release|Any CPU
		{EC68986D-7508-4E79-B94D-88AD15679A7F}.Release|x86.Build.0 = Release|Any CPU
		{5661FC68-3EA1-4DFB-A4EE-11A05DE762C4}.Debug|Any CPU.ActiveCfg = Debug|Any CPU
		{5661FC68-3EA1-4DFB-A4EE-11A05DE762C4}.Debug|Any CPU.Build.0 = Debug|Any CPU
		{5661FC68-3EA1-4DFB-A4EE-11A05DE762C4}.Debug|x64.ActiveCfg = Debug|Any CPU
		{5661FC68-3EA1-4DFB-A4EE-11A05DE762C4}.Debug|x64.Build.0 = Debug|Any CPU
		{5661FC68-3EA1-4DFB-A4EE-11A05DE762C4}.Debug|x86.ActiveCfg = Debug|Any CPU
		{5661FC68-3EA1-4DFB-A4EE-11A05DE762C4}.Debug|x86.Build.0 = Debug|Any CPU
		{5661FC68-3EA1-4DFB-A4EE-11A05DE762C4}.Release|Any CPU.ActiveCfg = Release|Any CPU
		{5661FC68-3EA1-4DFB-A4EE-11A05DE762C4}.Release|Any CPU.Build.0 = Release|Any CPU
		{5661FC68-3EA1-4DFB-A4EE-11A05DE762C4}.Release|x64.ActiveCfg = Release|Any CPU
		{5661FC68-3EA1-4DFB-A4EE-11A05DE762C4}.Release|x64.Build.0 = Release|Any CPU
		{5661FC68-3EA1-4DFB-A4EE-11A05DE762C4}.Release|x86.ActiveCfg = Release|Any CPU
		{5661FC68-3EA1-4DFB-A4EE-11A05DE762C4}.Release|x86.Build.0 = Release|Any CPU
		{B1E1DE8F-158D-486B-ABEB-81B8C36EB85A}.Debug|Any CPU.ActiveCfg = Debug|Any CPU
		{B1E1DE8F-158D-486B-ABEB-81B8C36EB85A}.Debug|Any CPU.Build.0 = Debug|Any CPU
		{B1E1DE8F-158D-486B-ABEB-81B8C36EB85A}.Debug|x64.ActiveCfg = Debug|Any CPU
		{B1E1DE8F-158D-486B-ABEB-81B8C36EB85A}.Debug|x64.Build.0 = Debug|Any CPU
		{B1E1DE8F-158D-486B-ABEB-81B8C36EB85A}.Debug|x86.ActiveCfg = Debug|Any CPU
		{B1E1DE8F-158D-486B-ABEB-81B8C36EB85A}.Debug|x86.Build.0 = Debug|Any CPU
		{B1E1DE8F-158D-486B-ABEB-81B8C36EB85A}.Release|Any CPU.ActiveCfg = Release|Any CPU
		{B1E1DE8F-158D-486B-ABEB-81B8C36EB85A}.Release|Any CPU.Build.0 = Release|Any CPU
		{B1E1DE8F-158D-486B-ABEB-81B8C36EB85A}.Release|x64.ActiveCfg = Release|Any CPU
		{B1E1DE8F-158D-486B-ABEB-81B8C36EB85A}.Release|x64.Build.0 = Release|Any CPU
		{B1E1DE8F-158D-486B-ABEB-81B8C36EB85A}.Release|x86.ActiveCfg = Release|Any CPU
		{B1E1DE8F-158D-486B-ABEB-81B8C36EB85A}.Release|x86.Build.0 = Release|Any CPU
		{801923EF-A509-44D0-BB5A-ED31C1BB049E}.Debug|Any CPU.ActiveCfg = Debug|Any CPU
		{801923EF-A509-44D0-BB5A-ED31C1BB049E}.Debug|Any CPU.Build.0 = Debug|Any CPU
		{801923EF-A509-44D0-BB5A-ED31C1BB049E}.Debug|x64.ActiveCfg = Debug|Any CPU
		{801923EF-A509-44D0-BB5A-ED31C1BB049E}.Debug|x64.Build.0 = Debug|Any CPU
		{801923EF-A509-44D0-BB5A-ED31C1BB049E}.Debug|x86.ActiveCfg = Debug|Any CPU
		{801923EF-A509-44D0-BB5A-ED31C1BB049E}.Debug|x86.Build.0 = Debug|Any CPU
		{801923EF-A509-44D0-BB5A-ED31C1BB049E}.Release|Any CPU.ActiveCfg = Release|Any CPU
		{801923EF-A509-44D0-BB5A-ED31C1BB049E}.Release|Any CPU.Build.0 = Release|Any CPU
		{801923EF-A509-44D0-BB5A-ED31C1BB049E}.Release|x64.ActiveCfg = Release|Any CPU
		{801923EF-A509-44D0-BB5A-ED31C1BB049E}.Release|x64.Build.0 = Release|Any CPU
		{801923EF-A509-44D0-BB5A-ED31C1BB049E}.Release|x86.ActiveCfg = Release|Any CPU
		{801923EF-A509-44D0-BB5A-ED31C1BB049E}.Release|x86.Build.0 = Release|Any CPU
		{D503A4AF-9CFA-4F47-8B2B-AD07F732A318}.Debug|Any CPU.ActiveCfg = Debug|Any CPU
		{D503A4AF-9CFA-4F47-8B2B-AD07F732A318}.Debug|Any CPU.Build.0 = Debug|Any CPU
		{D503A4AF-9CFA-4F47-8B2B-AD07F732A318}.Debug|x64.ActiveCfg = Debug|Any CPU
		{D503A4AF-9CFA-4F47-8B2B-AD07F732A318}.Debug|x64.Build.0 = Debug|Any CPU
		{D503A4AF-9CFA-4F47-8B2B-AD07F732A318}.Debug|x86.ActiveCfg = Debug|Any CPU
		{D503A4AF-9CFA-4F47-8B2B-AD07F732A318}.Debug|x86.Build.0 = Debug|Any CPU
		{D503A4AF-9CFA-4F47-8B2B-AD07F732A318}.Release|Any CPU.ActiveCfg = Release|Any CPU
		{D503A4AF-9CFA-4F47-8B2B-AD07F732A318}.Release|Any CPU.Build.0 = Release|Any CPU
		{D503A4AF-9CFA-4F47-8B2B-AD07F732A318}.Release|x64.ActiveCfg = Release|Any CPU
		{D503A4AF-9CFA-4F47-8B2B-AD07F732A318}.Release|x64.Build.0 = Release|Any CPU
		{D503A4AF-9CFA-4F47-8B2B-AD07F732A318}.Release|x86.ActiveCfg = Release|Any CPU
		{D503A4AF-9CFA-4F47-8B2B-AD07F732A318}.Release|x86.Build.0 = Release|Any CPU
		{F8F3B96C-8BDF-4453-9A0F-9BAB0AD92F76}.Debug|Any CPU.ActiveCfg = Debug|Any CPU
		{F8F3B96C-8BDF-4453-9A0F-9BAB0AD92F76}.Debug|Any CPU.Build.0 = Debug|Any CPU
		{F8F3B96C-8BDF-4453-9A0F-9BAB0AD92F76}.Debug|x64.ActiveCfg = Debug|Any CPU
		{F8F3B96C-8BDF-4453-9A0F-9BAB0AD92F76}.Debug|x64.Build.0 = Debug|Any CPU
		{F8F3B96C-8BDF-4453-9A0F-9BAB0AD92F76}.Debug|x86.ActiveCfg = Debug|Any CPU
		{F8F3B96C-8BDF-4453-9A0F-9BAB0AD92F76}.Debug|x86.Build.0 = Debug|Any CPU
		{F8F3B96C-8BDF-4453-9A0F-9BAB0AD92F76}.Release|Any CPU.ActiveCfg = Release|Any CPU
		{F8F3B96C-8BDF-4453-9A0F-9BAB0AD92F76}.Release|Any CPU.Build.0 = Release|Any CPU
		{F8F3B96C-8BDF-4453-9A0F-9BAB0AD92F76}.Release|x64.ActiveCfg = Release|Any CPU
		{F8F3B96C-8BDF-4453-9A0F-9BAB0AD92F76}.Release|x64.Build.0 = Release|Any CPU
		{F8F3B96C-8BDF-4453-9A0F-9BAB0AD92F76}.Release|x86.ActiveCfg = Release|Any CPU
		{F8F3B96C-8BDF-4453-9A0F-9BAB0AD92F76}.Release|x86.Build.0 = Release|Any CPU
		{19466328-66F6-438E-9DFC-3B36AB1203A2}.Debug|Any CPU.ActiveCfg = Debug|Any CPU
		{19466328-66F6-438E-9DFC-3B36AB1203A2}.Debug|Any CPU.Build.0 = Debug|Any CPU
		{19466328-66F6-438E-9DFC-3B36AB1203A2}.Debug|x64.ActiveCfg = Debug|Any CPU
		{19466328-66F6-438E-9DFC-3B36AB1203A2}.Debug|x64.Build.0 = Debug|Any CPU
		{19466328-66F6-438E-9DFC-3B36AB1203A2}.Debug|x86.ActiveCfg = Debug|Any CPU
		{19466328-66F6-438E-9DFC-3B36AB1203A2}.Debug|x86.Build.0 = Debug|Any CPU
		{19466328-66F6-438E-9DFC-3B36AB1203A2}.Release|Any CPU.ActiveCfg = Release|Any CPU
		{19466328-66F6-438E-9DFC-3B36AB1203A2}.Release|Any CPU.Build.0 = Release|Any CPU
		{19466328-66F6-438E-9DFC-3B36AB1203A2}.Release|x64.ActiveCfg = Release|Any CPU
		{19466328-66F6-438E-9DFC-3B36AB1203A2}.Release|x64.Build.0 = Release|Any CPU
		{19466328-66F6-438E-9DFC-3B36AB1203A2}.Release|x86.ActiveCfg = Release|Any CPU
		{19466328-66F6-438E-9DFC-3B36AB1203A2}.Release|x86.Build.0 = Release|Any CPU
		{BFE5FF9B-AD6B-4868-BFDA-86649204A4CB}.Debug|Any CPU.ActiveCfg = Debug|Any CPU
		{BFE5FF9B-AD6B-4868-BFDA-86649204A4CB}.Debug|Any CPU.Build.0 = Debug|Any CPU
		{BFE5FF9B-AD6B-4868-BFDA-86649204A4CB}.Debug|x64.ActiveCfg = Debug|Any CPU
		{BFE5FF9B-AD6B-4868-BFDA-86649204A4CB}.Debug|x64.Build.0 = Debug|Any CPU
		{BFE5FF9B-AD6B-4868-BFDA-86649204A4CB}.Debug|x86.ActiveCfg = Debug|Any CPU
		{BFE5FF9B-AD6B-4868-BFDA-86649204A4CB}.Debug|x86.Build.0 = Debug|Any CPU
		{BFE5FF9B-AD6B-4868-BFDA-86649204A4CB}.Release|Any CPU.ActiveCfg = Release|Any CPU
		{BFE5FF9B-AD6B-4868-BFDA-86649204A4CB}.Release|Any CPU.Build.0 = Release|Any CPU
		{BFE5FF9B-AD6B-4868-BFDA-86649204A4CB}.Release|x64.ActiveCfg = Release|Any CPU
		{BFE5FF9B-AD6B-4868-BFDA-86649204A4CB}.Release|x64.Build.0 = Release|Any CPU
		{BFE5FF9B-AD6B-4868-BFDA-86649204A4CB}.Release|x86.ActiveCfg = Release|Any CPU
		{BFE5FF9B-AD6B-4868-BFDA-86649204A4CB}.Release|x86.Build.0 = Release|Any CPU
		{39609A9C-8096-47C4-8A9B-2BC3F1ACBCED}.Debug|Any CPU.ActiveCfg = Debug|Any CPU
		{39609A9C-8096-47C4-8A9B-2BC3F1ACBCED}.Debug|Any CPU.Build.0 = Debug|Any CPU
		{39609A9C-8096-47C4-8A9B-2BC3F1ACBCED}.Debug|x64.ActiveCfg = Debug|Any CPU
		{39609A9C-8096-47C4-8A9B-2BC3F1ACBCED}.Debug|x64.Build.0 = Debug|Any CPU
		{39609A9C-8096-47C4-8A9B-2BC3F1ACBCED}.Debug|x86.ActiveCfg = Debug|Any CPU
		{39609A9C-8096-47C4-8A9B-2BC3F1ACBCED}.Debug|x86.Build.0 = Debug|Any CPU
		{39609A9C-8096-47C4-8A9B-2BC3F1ACBCED}.Release|Any CPU.ActiveCfg = Release|Any CPU
		{39609A9C-8096-47C4-8A9B-2BC3F1ACBCED}.Release|Any CPU.Build.0 = Release|Any CPU
		{39609A9C-8096-47C4-8A9B-2BC3F1ACBCED}.Release|x64.ActiveCfg = Release|Any CPU
		{39609A9C-8096-47C4-8A9B-2BC3F1ACBCED}.Release|x64.Build.0 = Release|Any CPU
		{39609A9C-8096-47C4-8A9B-2BC3F1ACBCED}.Release|x86.ActiveCfg = Release|Any CPU
		{39609A9C-8096-47C4-8A9B-2BC3F1ACBCED}.Release|x86.Build.0 = Release|Any CPU
	EndGlobalSection
	GlobalSection(SolutionProperties) = preSolution
		HideSolutionNode = FALSE
	EndGlobalSection
	GlobalSection(NestedProjects) = preSolution
		{15FC71FC-4A65-6CB1-9BC1-643F48D80639} = {F95F473B-E98A-ACD6-1986-755F447BE36F}
		{9F856603-52D5-E1B8-657B-994E194BE88D} = {15FC71FC-4A65-6CB1-9BC1-643F48D80639}
		{C7A0B602-9ECA-4751-8EDE-6EA02F417BF5} = {9F856603-52D5-E1B8-657B-994E194BE88D}
		{BFF7E7C5-6493-BF5F-45BC-83F96156AFFE} = {F95F473B-E98A-ACD6-1986-755F447BE36F}
		{7429F0EB-29C3-5D81-298E-3FD7FA0624C7} = {BFF7E7C5-6493-BF5F-45BC-83F96156AFFE}
		{CDA4D198-CD8E-4A64-BC29-07035319E296} = {7429F0EB-29C3-5D81-298E-3FD7FA0624C7}
		{2B23A48A-92BF-FEDB-1A8E-669DB770C2E4} = {BFF7E7C5-6493-BF5F-45BC-83F96156AFFE}
		{1C058F78-D803-4092-B09C-91A935A1D17F} = {2B23A48A-92BF-FEDB-1A8E-669DB770C2E4}
		{8B169C81-A2FC-C9E4-3F24-7E5E786377C9} = {F95F473B-E98A-ACD6-1986-755F447BE36F}
		{F99C2BE1-BC3E-6573-FD46-70E5E7335796} = {8B169C81-A2FC-C9E4-3F24-7E5E786377C9}
		{1EFB1478-C3ED-4A4B-9BE7-1882AD9EBA25} = {F99C2BE1-BC3E-6573-FD46-70E5E7335796}
		{E6474329-6233-4B56-96E1-105BA003AEEF} = {F99C2BE1-BC3E-6573-FD46-70E5E7335796}
		{844B70BC-33E3-4C29-B82F-BA00D27D01CA} = {F99C2BE1-BC3E-6573-FD46-70E5E7335796}
		{C1CDB861-14EA-411D-AC36-D1038EFBDC06} = {F99C2BE1-BC3E-6573-FD46-70E5E7335796}
		{A25AB7EF-F80C-409B-85A8-96FD616C1CE3} = {F99C2BE1-BC3E-6573-FD46-70E5E7335796}
		{485CEBE2-F630-40C2-85EA-29AEBCE8C9CD} = {F99C2BE1-BC3E-6573-FD46-70E5E7335796}
		{F7E6A013-2AA0-4343-97D3-886D70A678E9} = {F99C2BE1-BC3E-6573-FD46-70E5E7335796}
		{31861E27-5F68-4EFE-A3EE-6BD7DE9E5CA2} = {F99C2BE1-BC3E-6573-FD46-70E5E7335796}
		{0FCFDEA1-2F23-456C-8FFF-60861BE10F8B} = {F99C2BE1-BC3E-6573-FD46-70E5E7335796}
		{A314FB55-6AD8-4C46-BC0A-4CD0E1D02870} = {F99C2BE1-BC3E-6573-FD46-70E5E7335796}
		{C12B9C46-3F4C-4F6F-B557-F56A5014EEC4} = {F99C2BE1-BC3E-6573-FD46-70E5E7335796}
		{09E057BA-34A4-4E42-BF2E-2E72B68A93E9} = {F99C2BE1-BC3E-6573-FD46-70E5E7335796}
		{EF2FA43B-4211-4F22-A5ED-08B1C32DA09D} = {F99C2BE1-BC3E-6573-FD46-70E5E7335796}
		{6E8569B4-0C53-4C6F-8F0E-C13D63212DC6} = {F99C2BE1-BC3E-6573-FD46-70E5E7335796}
		{5C107A3E-3CE6-4992-A55B-323BAC496AE4} = {F99C2BE1-BC3E-6573-FD46-70E5E7335796}
		{97C56829-8EF9-441D-AF78-CF8ACA2A4AEA} = {F99C2BE1-BC3E-6573-FD46-70E5E7335796}
		{4CF4A8FD-07F0-47FD-806E-4B917D54A8FB} = {F99C2BE1-BC3E-6573-FD46-70E5E7335796}
		{D2DF925C-A14F-80C1-51E0-7ECFD06D725B} = {8B169C81-A2FC-C9E4-3F24-7E5E786377C9}
		{9A2F83FE-9E28-49B5-830C-4709235D66C6} = {D2DF925C-A14F-80C1-51E0-7ECFD06D725B}
		{6C106142-C097-D3E5-652B-C3461ACFDF39} = {3A8DF596-E814-FECC-DD4B-D8EF8AAC1A0D}
		{367554B9-BA11-02B9-0FC3-960B86B0C323} = {6C106142-C097-D3E5-652B-C3461ACFDF39}
		{4E05D93F-B48E-4319-A0CF-EB1F80858ABF} = {367554B9-BA11-02B9-0FC3-960B86B0C323}
		{723D9175-5CF5-F982-6C11-5FAA2CA4D64A} = {3A8DF596-E814-FECC-DD4B-D8EF8AAC1A0D}
		{5B4AC1A7-CBDF-7647-9740-AD3608C15FC2} = {723D9175-5CF5-F982-6C11-5FAA2CA4D64A}
		{92F01120-1627-47CD-9BD7-B02D2C1E4CDE} = {5B4AC1A7-CBDF-7647-9740-AD3608C15FC2}
		{82C977CD-B77C-4E66-B30E-2402953796DE} = {5B4AC1A7-CBDF-7647-9740-AD3608C15FC2}
		{693A3386-97EB-4BA6-A6E2-A935642DA118} = {5B4AC1A7-CBDF-7647-9740-AD3608C15FC2}
		{127A285A-3E8A-4CF5-BA15-459774160C60} = {5B4AC1A7-CBDF-7647-9740-AD3608C15FC2}
		{AAE8D03D-007A-017B-1103-80902024F028} = {3A8DF596-E814-FECC-DD4B-D8EF8AAC1A0D}
		{601907BC-5B37-6A9A-B6C8-6CFB12442689} = {AAE8D03D-007A-017B-1103-80902024F028}
		{514FF0FD-06C3-4E34-8B45-2D2C91772C23} = {601907BC-5B37-6A9A-B6C8-6CFB12442689}
		{EC68986D-7508-4E79-B94D-88AD15679A7F} = {601907BC-5B37-6A9A-B6C8-6CFB12442689}
		{5661FC68-3EA1-4DFB-A4EE-11A05DE762C4} = {601907BC-5B37-6A9A-B6C8-6CFB12442689}
		{B1E1DE8F-158D-486B-ABEB-81B8C36EB85A} = {601907BC-5B37-6A9A-B6C8-6CFB12442689}
		{63FD8734-9986-B60F-A32C-606D50289227} = {AAE8D03D-007A-017B-1103-80902024F028}
		{801923EF-A509-44D0-BB5A-ED31C1BB049E} = {63FD8734-9986-B60F-A32C-606D50289227}
		{E2B9F536-143E-2EFE-9BA7-27631E2A18AC} = {3A8DF596-E814-FECC-DD4B-D8EF8AAC1A0D}
		{26E18A01-38A9-D635-A033-9AA4A9664485} = {E2B9F536-143E-2EFE-9BA7-27631E2A18AC}
		{D503A4AF-9CFA-4F47-8B2B-AD07F732A318} = {26E18A01-38A9-D635-A033-9AA4A9664485}
		{4E9EC514-8336-0CD0-5DC8-E1FC3796F34B} = {E2B9F536-143E-2EFE-9BA7-27631E2A18AC}
		{F8F3B96C-8BDF-4453-9A0F-9BAB0AD92F76} = {4E9EC514-8336-0CD0-5DC8-E1FC3796F34B}
		{D0B11B6B-D80E-76FF-A56D-9420225ED058} = {2CACE873-F0F8-81F3-56EC-A1F4A4ABD967}
		{768B340E-A631-AABE-9578-41B41870FC3A} = {D0B11B6B-D80E-76FF-A56D-9420225ED058}
		{19466328-66F6-438E-9DFC-3B36AB1203A2} = {768B340E-A631-AABE-9578-41B41870FC3A}
		{30FCD9B0-2F95-4F39-30BD-7D7607D03CA2} = {2CACE873-F0F8-81F3-56EC-A1F4A4ABD967}
		{5DAA5297-C475-220D-B4C1-09A154D0D9BB} = {30FCD9B0-2F95-4F39-30BD-7D7607D03CA2}
		{BFE5FF9B-AD6B-4868-BFDA-86649204A4CB} = {5DAA5297-C475-220D-B4C1-09A154D0D9BB}
		{B779A4E9-E814-1331-230A-C4FD340B5D4B} = {C2B7AC55-755F-98EC-7131-AA75D4EC5C29}
		{628615DC-B40F-2350-EE74-A155D8C906F4} = {B779A4E9-E814-1331-230A-C4FD340B5D4B}
		{39609A9C-8096-47C4-8A9B-2BC3F1ACBCED} = {628615DC-B40F-2350-EE74-A155D8C906F4}
	EndGlobalSection
EndGlobal
