
Microsoft Visual Studio Solution File, Format Version 12.00
# Visual Studio Version 17
VisualStudioVersion = 17.0.31903.59
MinimumVisualStudioVersion = 10.0.40219.1
Project("{2150E333-8FDC-42A3-9474-1A3956D46DE8}") = "src", "src", "{827E0CD3-B72D-47B6-A68D-7590B98EB39B}"
EndProject
Project("{FAE04EC0-301F-11D3-BF4B-00C04F79EFBC}") = "Altinn.Authorization", "src\Altinn.Authorization\Altinn.Authorization.csproj", "{F9CC6527-89E1-4AE4-B5D0-E1CE1129F161}"
EndProject
Project("{2150E333-8FDC-42A3-9474-1A3956D46DE8}") = "test", "test", "{0C88DD14-F956-CE84-757C-A364CCF449FC}"
EndProject
Project("{FAE04EC0-301F-11D3-BF4B-00C04F79EFBC}") = "Altinn.Authorization.Tests", "test\Altinn.Authorization.Tests\Altinn.Authorization.Tests.csproj", "{1112E714-669D-46FE-BE2A-D637101FAD73}"
EndProject
Project("{2150E333-8FDC-42A3-9474-1A3956D46DE8}") = "libs", "libs", "{6C4D298B-81FB-2B6B-5AB6-46205EDDC72C}"
EndProject
Project("{2150E333-8FDC-42A3-9474-1A3956D46DE8}") = "Altinn.Authorization.Host", "Altinn.Authorization.Host", "{935C4FF9-8B5E-1FBA-4117-FAEFD052FCC5}"
EndProject
Project("{FAE04EC0-301F-11D3-BF4B-00C04F79EFBC}") = "Altinn.Authorization.Host", "..\..\libs\Altinn.Authorization.Host\src\Altinn.Authorization.Host\Altinn.Authorization.Host.csproj", "{023FE6A1-B6D5-4BAC-AFF7-E3FDA9908AC5}"
EndProject
Project("{FAE04EC0-301F-11D3-BF4B-00C04F79EFBC}") = "Altinn.Authorization.Host.Database", "..\..\libs\Altinn.Authorization.Host\src\Altinn.Authorization.Host.Database\Altinn.Authorization.Host.Database.csproj", "{4F910057-2587-46AF-922A-F3D73E22118E}"
EndProject
Project("{FAE04EC0-301F-11D3-BF4B-00C04F79EFBC}") = "Altinn.Authorization.Host.Lease", "..\..\libs\Altinn.Authorization.Host\src\Altinn.Authorization.Host.Lease\Altinn.Authorization.Host.Lease.csproj", "{78473AB5-3470-46E7-9405-01072697FF5B}"
EndProject
Project("{FAE04EC0-301F-11D3-BF4B-00C04F79EFBC}") = "Altinn.Authorization.Host.MassTransit", "..\..\libs\Altinn.Authorization.Host\src\Altinn.Authorization.Host.MassTransit\Altinn.Authorization.Host.MassTransit.csproj", "{BEF2BB62-B2C7-43E3-AF50-08BE11A3E3EB}"
EndProject
Project("{2150E333-8FDC-42A3-9474-1A3956D46DE8}") = "Altinn.Authorization.Integration", "Altinn.Authorization.Integration", "{DD9B9820-8A3B-57C2-9B1B-A9BE0AF659EC}"
EndProject
Project("{FAE04EC0-301F-11D3-BF4B-00C04F79EFBC}") = "Altinn.Authorization.Integration.Platform", "..\..\libs\Altinn.Authorization.Integration\src\Altinn.Authorization.Integration.Platform\Altinn.Authorization.Integration.Platform.csproj", "{C7E56207-F479-4AD1-B167-089B8A3C4555}"
EndProject
Global
	GlobalSection(SolutionConfigurationPlatforms) = preSolution
		Debug|Any CPU = Debug|Any CPU
		Debug|x64 = Debug|x64
		Debug|x86 = Debug|x86
		Release|Any CPU = Release|Any CPU
		Release|x64 = Release|x64
		Release|x86 = Release|x86
	EndGlobalSection
	GlobalSection(ProjectConfigurationPlatforms) = postSolution
		{F9CC6527-89E1-4AE4-B5D0-E1CE1129F161}.Debug|Any CPU.ActiveCfg = Debug|Any CPU
		{F9CC6527-89E1-4AE4-B5D0-E1CE1129F161}.Debug|Any CPU.Build.0 = Debug|Any CPU
		{F9CC6527-89E1-4AE4-B5D0-E1CE1129F161}.Debug|x64.ActiveCfg = Debug|Any CPU
		{F9CC6527-89E1-4AE4-B5D0-E1CE1129F161}.Debug|x64.Build.0 = Debug|Any CPU
		{F9CC6527-89E1-4AE4-B5D0-E1CE1129F161}.Debug|x86.ActiveCfg = Debug|Any CPU
		{F9CC6527-89E1-4AE4-B5D0-E1CE1129F161}.Debug|x86.Build.0 = Debug|Any CPU
		{F9CC6527-89E1-4AE4-B5D0-E1CE1129F161}.Release|Any CPU.ActiveCfg = Release|Any CPU
		{F9CC6527-89E1-4AE4-B5D0-E1CE1129F161}.Release|Any CPU.Build.0 = Release|Any CPU
		{F9CC6527-89E1-4AE4-B5D0-E1CE1129F161}.Release|x64.ActiveCfg = Release|Any CPU
		{F9CC6527-89E1-4AE4-B5D0-E1CE1129F161}.Release|x64.Build.0 = Release|Any CPU
		{F9CC6527-89E1-4AE4-B5D0-E1CE1129F161}.Release|x86.ActiveCfg = Release|Any CPU
		{F9CC6527-89E1-4AE4-B5D0-E1CE1129F161}.Release|x86.Build.0 = Release|Any CPU
		{1112E714-669D-46FE-BE2A-D637101FAD73}.Debug|Any CPU.ActiveCfg = Debug|Any CPU
		{1112E714-669D-46FE-BE2A-D637101FAD73}.Debug|Any CPU.Build.0 = Debug|Any CPU
		{1112E714-669D-46FE-BE2A-D637101FAD73}.Debug|x64.ActiveCfg = Debug|Any CPU
		{1112E714-669D-46FE-BE2A-D637101FAD73}.Debug|x64.Build.0 = Debug|Any CPU
		{1112E714-669D-46FE-BE2A-D637101FAD73}.Debug|x86.ActiveCfg = Debug|Any CPU
		{1112E714-669D-46FE-BE2A-D637101FAD73}.Debug|x86.Build.0 = Debug|Any CPU
		{1112E714-669D-46FE-BE2A-D637101FAD73}.Release|Any CPU.ActiveCfg = Release|Any CPU
		{1112E714-669D-46FE-BE2A-D637101FAD73}.Release|Any CPU.Build.0 = Release|Any CPU
		{1112E714-669D-46FE-BE2A-D637101FAD73}.Release|x64.ActiveCfg = Release|Any CPU
		{1112E714-669D-46FE-BE2A-D637101FAD73}.Release|x64.Build.0 = Release|Any CPU
		{1112E714-669D-46FE-BE2A-D637101FAD73}.Release|x86.ActiveCfg = Release|Any CPU
		{1112E714-669D-46FE-BE2A-D637101FAD73}.Release|x86.Build.0 = Release|Any CPU
		{023FE6A1-B6D5-4BAC-AFF7-E3FDA9908AC5}.Debug|Any CPU.ActiveCfg = Debug|Any CPU
		{023FE6A1-B6D5-4BAC-AFF7-E3FDA9908AC5}.Debug|Any CPU.Build.0 = Debug|Any CPU
		{023FE6A1-B6D5-4BAC-AFF7-E3FDA9908AC5}.Debug|x64.ActiveCfg = Debug|Any CPU
		{023FE6A1-B6D5-4BAC-AFF7-E3FDA9908AC5}.Debug|x64.Build.0 = Debug|Any CPU
		{023FE6A1-B6D5-4BAC-AFF7-E3FDA9908AC5}.Debug|x86.ActiveCfg = Debug|Any CPU
		{023FE6A1-B6D5-4BAC-AFF7-E3FDA9908AC5}.Debug|x86.Build.0 = Debug|Any CPU
		{023FE6A1-B6D5-4BAC-AFF7-E3FDA9908AC5}.Release|Any CPU.ActiveCfg = Release|Any CPU
		{023FE6A1-B6D5-4BAC-AFF7-E3FDA9908AC5}.Release|Any CPU.Build.0 = Release|Any CPU
		{023FE6A1-B6D5-4BAC-AFF7-E3FDA9908AC5}.Release|x64.ActiveCfg = Release|Any CPU
		{023FE6A1-B6D5-4BAC-AFF7-E3FDA9908AC5}.Release|x64.Build.0 = Release|Any CPU
		{023FE6A1-B6D5-4BAC-AFF7-E3FDA9908AC5}.Release|x86.ActiveCfg = Release|Any CPU
		{023FE6A1-B6D5-4BAC-AFF7-E3FDA9908AC5}.Release|x86.Build.0 = Release|Any CPU
		{4F910057-2587-46AF-922A-F3D73E22118E}.Debug|Any CPU.ActiveCfg = Debug|Any CPU
		{4F910057-2587-46AF-922A-F3D73E22118E}.Debug|Any CPU.Build.0 = Debug|Any CPU
		{4F910057-2587-46AF-922A-F3D73E22118E}.Debug|x64.ActiveCfg = Debug|Any CPU
		{4F910057-2587-46AF-922A-F3D73E22118E}.Debug|x64.Build.0 = Debug|Any CPU
		{4F910057-2587-46AF-922A-F3D73E22118E}.Debug|x86.ActiveCfg = Debug|Any CPU
		{4F910057-2587-46AF-922A-F3D73E22118E}.Debug|x86.Build.0 = Debug|Any CPU
		{4F910057-2587-46AF-922A-F3D73E22118E}.Release|Any CPU.ActiveCfg = Release|Any CPU
		{4F910057-2587-46AF-922A-F3D73E22118E}.Release|Any CPU.Build.0 = Release|Any CPU
		{4F910057-2587-46AF-922A-F3D73E22118E}.Release|x64.ActiveCfg = Release|Any CPU
		{4F910057-2587-46AF-922A-F3D73E22118E}.Release|x64.Build.0 = Release|Any CPU
		{4F910057-2587-46AF-922A-F3D73E22118E}.Release|x86.ActiveCfg = Release|Any CPU
		{4F910057-2587-46AF-922A-F3D73E22118E}.Release|x86.Build.0 = Release|Any CPU
		{78473AB5-3470-46E7-9405-01072697FF5B}.Debug|Any CPU.ActiveCfg = Debug|Any CPU
		{78473AB5-3470-46E7-9405-01072697FF5B}.Debug|Any CPU.Build.0 = Debug|Any CPU
		{78473AB5-3470-46E7-9405-01072697FF5B}.Debug|x64.ActiveCfg = Debug|Any CPU
		{78473AB5-3470-46E7-9405-01072697FF5B}.Debug|x64.Build.0 = Debug|Any CPU
		{78473AB5-3470-46E7-9405-01072697FF5B}.Debug|x86.ActiveCfg = Debug|Any CPU
		{78473AB5-3470-46E7-9405-01072697FF5B}.Debug|x86.Build.0 = Debug|Any CPU
		{78473AB5-3470-46E7-9405-01072697FF5B}.Release|Any CPU.ActiveCfg = Release|Any CPU
		{78473AB5-3470-46E7-9405-01072697FF5B}.Release|Any CPU.Build.0 = Release|Any CPU
		{78473AB5-3470-46E7-9405-01072697FF5B}.Release|x64.ActiveCfg = Release|Any CPU
		{78473AB5-3470-46E7-9405-01072697FF5B}.Release|x64.Build.0 = Release|Any CPU
		{78473AB5-3470-46E7-9405-01072697FF5B}.Release|x86.ActiveCfg = Release|Any CPU
		{78473AB5-3470-46E7-9405-01072697FF5B}.Release|x86.Build.0 = Release|Any CPU
		{BEF2BB62-B2C7-43E3-AF50-08BE11A3E3EB}.Debug|Any CPU.ActiveCfg = Debug|Any CPU
		{BEF2BB62-B2C7-43E3-AF50-08BE11A3E3EB}.Debug|Any CPU.Build.0 = Debug|Any CPU
		{BEF2BB62-B2C7-43E3-AF50-08BE11A3E3EB}.Debug|x64.ActiveCfg = Debug|Any CPU
		{BEF2BB62-B2C7-43E3-AF50-08BE11A3E3EB}.Debug|x64.Build.0 = Debug|Any CPU
		{BEF2BB62-B2C7-43E3-AF50-08BE11A3E3EB}.Debug|x86.ActiveCfg = Debug|Any CPU
		{BEF2BB62-B2C7-43E3-AF50-08BE11A3E3EB}.Debug|x86.Build.0 = Debug|Any CPU
		{BEF2BB62-B2C7-43E3-AF50-08BE11A3E3EB}.Release|Any CPU.ActiveCfg = Release|Any CPU
		{BEF2BB62-B2C7-43E3-AF50-08BE11A3E3EB}.Release|Any CPU.Build.0 = Release|Any CPU
		{BEF2BB62-B2C7-43E3-AF50-08BE11A3E3EB}.Release|x64.ActiveCfg = Release|Any CPU
		{BEF2BB62-B2C7-43E3-AF50-08BE11A3E3EB}.Release|x64.Build.0 = Release|Any CPU
		{BEF2BB62-B2C7-43E3-AF50-08BE11A3E3EB}.Release|x86.ActiveCfg = Release|Any CPU
		{BEF2BB62-B2C7-43E3-AF50-08BE11A3E3EB}.Release|x86.Build.0 = Release|Any CPU
		{C7E56207-F479-4AD1-B167-089B8A3C4555}.Debug|Any CPU.ActiveCfg = Debug|Any CPU
		{C7E56207-F479-4AD1-B167-089B8A3C4555}.Debug|Any CPU.Build.0 = Debug|Any CPU
		{C7E56207-F479-4AD1-B167-089B8A3C4555}.Debug|x64.ActiveCfg = Debug|Any CPU
		{C7E56207-F479-4AD1-B167-089B8A3C4555}.Debug|x64.Build.0 = Debug|Any CPU
		{C7E56207-F479-4AD1-B167-089B8A3C4555}.Debug|x86.ActiveCfg = Debug|Any CPU
		{C7E56207-F479-4AD1-B167-089B8A3C4555}.Debug|x86.Build.0 = Debug|Any CPU
		{C7E56207-F479-4AD1-B167-089B8A3C4555}.Release|Any CPU.ActiveCfg = Release|Any CPU
		{C7E56207-F479-4AD1-B167-089B8A3C4555}.Release|Any CPU.Build.0 = Release|Any CPU
		{C7E56207-F479-4AD1-B167-089B8A3C4555}.Release|x64.ActiveCfg = Release|Any CPU
		{C7E56207-F479-4AD1-B167-089B8A3C4555}.Release|x64.Build.0 = Release|Any CPU
		{C7E56207-F479-4AD1-B167-089B8A3C4555}.Release|x86.ActiveCfg = Release|Any CPU
		{C7E56207-F479-4AD1-B167-089B8A3C4555}.Release|x86.Build.0 = Release|Any CPU
	EndGlobalSection
	GlobalSection(SolutionProperties) = preSolution
		HideSolutionNode = FALSE
	EndGlobalSection
	GlobalSection(NestedProjects) = preSolution
		{F9CC6527-89E1-4AE4-B5D0-E1CE1129F161} = {827E0CD3-B72D-47B6-A68D-7590B98EB39B}
		{1112E714-669D-46FE-BE2A-D637101FAD73} = {0C88DD14-F956-CE84-757C-A364CCF449FC}
		{935C4FF9-8B5E-1FBA-4117-FAEFD052FCC5} = {6C4D298B-81FB-2B6B-5AB6-46205EDDC72C}
		{023FE6A1-B6D5-4BAC-AFF7-E3FDA9908AC5} = {935C4FF9-8B5E-1FBA-4117-FAEFD052FCC5}
		{4F910057-2587-46AF-922A-F3D73E22118E} = {935C4FF9-8B5E-1FBA-4117-FAEFD052FCC5}
		{78473AB5-3470-46E7-9405-01072697FF5B} = {935C4FF9-8B5E-1FBA-4117-FAEFD052FCC5}
		{BEF2BB62-B2C7-43E3-AF50-08BE11A3E3EB} = {935C4FF9-8B5E-1FBA-4117-FAEFD052FCC5}
		{DD9B9820-8A3B-57C2-9B1B-A9BE0AF659EC} = {6C4D298B-81FB-2B6B-5AB6-46205EDDC72C}
		{C7E56207-F479-4AD1-B167-089B8A3C4555} = {DD9B9820-8A3B-57C2-9B1B-A9BE0AF659EC}
	EndGlobalSection
EndGlobal
