
Microsoft Visual Studio Solution File, Format Version 12.00
# Visual Studio Version 17
VisualStudioVersion = 17.0.31903.59
MinimumVisualStudioVersion = 10.0.40219.1
Project("{2150E333-8FDC-42A3-9474-1A3956D46DE8}") = "src", "src", "{827E0CD3-B72D-47B6-A68D-7590B98EB39B}"
EndProject
Project("{FAE04EC0-301F-11D3-BF4B-00C04F79EFBC}") = "Altinn.Authorization", "src\Altinn.Authorization\Altinn.Authorization.csproj", "{99CC2261-AB6B-40D6-B641-A762EBC54DA7}"
EndProject
Project("{2150E333-8FDC-42A3-9474-1A3956D46DE8}") = "test", "test", "{0C88DD14-F956-CE84-757C-A364CCF449FC}"
EndProject
Project("{FAE04EC0-301F-11D3-BF4B-00C04F79EFBC}") = "Altinn.Authorization.Tests", "test\Altinn.Authorization.Tests\Altinn.Authorization.Tests.csproj", "{0CD57A7D-38B5-4CA4-885E-589C7F3B5429}"
EndProject
Project("{2150E333-8FDC-42A3-9474-1A3956D46DE8}") = "libs", "libs", "{6C4D298B-81FB-2B6B-5AB6-46205EDDC72C}"
EndProject
Project("{2150E333-8FDC-42A3-9474-1A3956D46DE8}") = "Altinn.Authorization.Host", "Altinn.Authorization.Host", "{935C4FF9-8B5E-1FBA-4117-FAEFD052FCC5}"
EndProject
Project("{FAE04EC0-301F-11D3-BF4B-00C04F79EFBC}") = "Altinn.Authorization.Host", "..\..\libs\Altinn.Authorization.Host\src\Altinn.Authorization.Host\Altinn.Authorization.Host.csproj", "{B6B8927C-3A2A-4BBE-92A4-94EF0A41FB99}"
EndProject
Project("{FAE04EC0-301F-11D3-BF4B-00C04F79EFBC}") = "Altinn.Authorization.Host.Database", "..\..\libs\Altinn.Authorization.Host\src\Altinn.Authorization.Host.Database\Altinn.Authorization.Host.Database.csproj", "{AF196942-0293-4DB7-A634-A2AD5DE93F6B}"
EndProject
Project("{FAE04EC0-301F-11D3-BF4B-00C04F79EFBC}") = "Altinn.Authorization.Host.Lease", "..\..\libs\Altinn.Authorization.Host\src\Altinn.Authorization.Host.Lease\Altinn.Authorization.Host.Lease.csproj", "{F8B244E2-883F-404E-976E-D910A6A263BD}"
EndProject
Project("{FAE04EC0-301F-11D3-BF4B-00C04F79EFBC}") = "Altinn.Authorization.Host.MassTransit", "..\..\libs\Altinn.Authorization.Host\src\Altinn.Authorization.Host.MassTransit\Altinn.Authorization.Host.MassTransit.csproj", "{4A661AC9-CB8D-415F-A63E-8D3441CBA922}"
EndProject
Project("{2150E333-8FDC-42A3-9474-1A3956D46DE8}") = "Altinn.Authorization.Integration", "Altinn.Authorization.Integration", "{DD9B9820-8A3B-57C2-9B1B-A9BE0AF659EC}"
EndProject
Project("{FAE04EC0-301F-11D3-BF4B-00C04F79EFBC}") = "Altinn.Authorization.Integration.Platform", "..\..\libs\Altinn.Authorization.Integration\src\Altinn.Authorization.Integration.Platform\Altinn.Authorization.Integration.Platform.csproj", "{65334749-3971-49CA-94A7-A80DE59349AB}"
EndProject
Project("{FAE04EC0-301F-11D3-BF4B-00C04F79EFBC}") = "Altinn.Authorization.Host.Job", "..\..\libs\Altinn.Authorization.Host\src\Altinn.Authorization.Host.Job\Altinn.Authorization.Host.Job.csproj", "{F71963DB-B498-4CE6-846E-DBC5ABCD0BAE}"
EndProject
Global
	GlobalSection(SolutionConfigurationPlatforms) = preSolution
		Debug|Any CPU = Debug|Any CPU
		Debug|x64 = Debug|x64
		Debug|x86 = Debug|x86
		Release|Any CPU = Release|Any CPU
		Release|x64 = Release|x64
		Release|x86 = Release|x86
	EndGlobalSection
	GlobalSection(ProjectConfigurationPlatforms) = postSolution
		{99CC2261-AB6B-40D6-B641-A762EBC54DA7}.Debug|Any CPU.ActiveCfg = Debug|Any CPU
		{99CC2261-AB6B-40D6-B641-A762EBC54DA7}.Debug|Any CPU.Build.0 = Debug|Any CPU
		{99CC2261-AB6B-40D6-B641-A762EBC54DA7}.Debug|x64.ActiveCfg = Debug|Any CPU
		{99CC2261-AB6B-40D6-B641-A762EBC54DA7}.Debug|x64.Build.0 = Debug|Any CPU
		{99CC2261-AB6B-40D6-B641-A762EBC54DA7}.Debug|x86.ActiveCfg = Debug|Any CPU
		{99CC2261-AB6B-40D6-B641-A762EBC54DA7}.Debug|x86.Build.0 = Debug|Any CPU
		{99CC2261-AB6B-40D6-B641-A762EBC54DA7}.Release|Any CPU.ActiveCfg = Release|Any CPU
		{99CC2261-AB6B-40D6-B641-A762EBC54DA7}.Release|Any CPU.Build.0 = Release|Any CPU
		{99CC2261-AB6B-40D6-B641-A762EBC54DA7}.Release|x64.ActiveCfg = Release|Any CPU
		{99CC2261-AB6B-40D6-B641-A762EBC54DA7}.Release|x64.Build.0 = Release|Any CPU
		{99CC2261-AB6B-40D6-B641-A762EBC54DA7}.Release|x86.ActiveCfg = Release|Any CPU
		{99CC2261-AB6B-40D6-B641-A762EBC54DA7}.Release|x86.Build.0 = Release|Any CPU
		{0CD57A7D-38B5-4CA4-885E-589C7F3B5429}.Debug|Any CPU.ActiveCfg = Debug|Any CPU
		{0CD57A7D-38B5-4CA4-885E-589C7F3B5429}.Debug|Any CPU.Build.0 = Debug|Any CPU
		{0CD57A7D-38B5-4CA4-885E-589C7F3B5429}.Debug|x64.ActiveCfg = Debug|Any CPU
		{0CD57A7D-38B5-4CA4-885E-589C7F3B5429}.Debug|x64.Build.0 = Debug|Any CPU
		{0CD57A7D-38B5-4CA4-885E-589C7F3B5429}.Debug|x86.ActiveCfg = Debug|Any CPU
		{0CD57A7D-38B5-4CA4-885E-589C7F3B5429}.Debug|x86.Build.0 = Debug|Any CPU
		{0CD57A7D-38B5-4CA4-885E-589C7F3B5429}.Release|Any CPU.ActiveCfg = Release|Any CPU
		{0CD57A7D-38B5-4CA4-885E-589C7F3B5429}.Release|Any CPU.Build.0 = Release|Any CPU
		{0CD57A7D-38B5-4CA4-885E-589C7F3B5429}.Release|x64.ActiveCfg = Release|Any CPU
		{0CD57A7D-38B5-4CA4-885E-589C7F3B5429}.Release|x64.Build.0 = Release|Any CPU
		{0CD57A7D-38B5-4CA4-885E-589C7F3B5429}.Release|x86.ActiveCfg = Release|Any CPU
		{0CD57A7D-38B5-4CA4-885E-589C7F3B5429}.Release|x86.Build.0 = Release|Any CPU
		{B6B8927C-3A2A-4BBE-92A4-94EF0A41FB99}.Debug|Any CPU.ActiveCfg = Debug|Any CPU
		{B6B8927C-3A2A-4BBE-92A4-94EF0A41FB99}.Debug|Any CPU.Build.0 = Debug|Any CPU
		{B6B8927C-3A2A-4BBE-92A4-94EF0A41FB99}.Debug|x64.ActiveCfg = Debug|Any CPU
		{B6B8927C-3A2A-4BBE-92A4-94EF0A41FB99}.Debug|x64.Build.0 = Debug|Any CPU
		{B6B8927C-3A2A-4BBE-92A4-94EF0A41FB99}.Debug|x86.ActiveCfg = Debug|Any CPU
		{B6B8927C-3A2A-4BBE-92A4-94EF0A41FB99}.Debug|x86.Build.0 = Debug|Any CPU
		{B6B8927C-3A2A-4BBE-92A4-94EF0A41FB99}.Release|Any CPU.ActiveCfg = Release|Any CPU
		{B6B8927C-3A2A-4BBE-92A4-94EF0A41FB99}.Release|Any CPU.Build.0 = Release|Any CPU
		{B6B8927C-3A2A-4BBE-92A4-94EF0A41FB99}.Release|x64.ActiveCfg = Release|Any CPU
		{B6B8927C-3A2A-4BBE-92A4-94EF0A41FB99}.Release|x64.Build.0 = Release|Any CPU
		{B6B8927C-3A2A-4BBE-92A4-94EF0A41FB99}.Release|x86.ActiveCfg = Release|Any CPU
		{B6B8927C-3A2A-4BBE-92A4-94EF0A41FB99}.Release|x86.Build.0 = Release|Any CPU
		{AF196942-0293-4DB7-A634-A2AD5DE93F6B}.Debug|Any CPU.ActiveCfg = Debug|Any CPU
		{AF196942-0293-4DB7-A634-A2AD5DE93F6B}.Debug|Any CPU.Build.0 = Debug|Any CPU
		{AF196942-0293-4DB7-A634-A2AD5DE93F6B}.Debug|x64.ActiveCfg = Debug|Any CPU
		{AF196942-0293-4DB7-A634-A2AD5DE93F6B}.Debug|x64.Build.0 = Debug|Any CPU
		{AF196942-0293-4DB7-A634-A2AD5DE93F6B}.Debug|x86.ActiveCfg = Debug|Any CPU
		{AF196942-0293-4DB7-A634-A2AD5DE93F6B}.Debug|x86.Build.0 = Debug|Any CPU
		{AF196942-0293-4DB7-A634-A2AD5DE93F6B}.Release|Any CPU.ActiveCfg = Release|Any CPU
		{AF196942-0293-4DB7-A634-A2AD5DE93F6B}.Release|Any CPU.Build.0 = Release|Any CPU
		{AF196942-0293-4DB7-A634-A2AD5DE93F6B}.Release|x64.ActiveCfg = Release|Any CPU
		{AF196942-0293-4DB7-A634-A2AD5DE93F6B}.Release|x64.Build.0 = Release|Any CPU
		{AF196942-0293-4DB7-A634-A2AD5DE93F6B}.Release|x86.ActiveCfg = Release|Any CPU
		{AF196942-0293-4DB7-A634-A2AD5DE93F6B}.Release|x86.Build.0 = Release|Any CPU
		{F8B244E2-883F-404E-976E-D910A6A263BD}.Debug|Any CPU.ActiveCfg = Debug|Any CPU
		{F8B244E2-883F-404E-976E-D910A6A263BD}.Debug|Any CPU.Build.0 = Debug|Any CPU
		{F8B244E2-883F-404E-976E-D910A6A263BD}.Debug|x64.ActiveCfg = Debug|Any CPU
		{F8B244E2-883F-404E-976E-D910A6A263BD}.Debug|x64.Build.0 = Debug|Any CPU
		{F8B244E2-883F-404E-976E-D910A6A263BD}.Debug|x86.ActiveCfg = Debug|Any CPU
		{F8B244E2-883F-404E-976E-D910A6A263BD}.Debug|x86.Build.0 = Debug|Any CPU
		{F8B244E2-883F-404E-976E-D910A6A263BD}.Release|Any CPU.ActiveCfg = Release|Any CPU
		{F8B244E2-883F-404E-976E-D910A6A263BD}.Release|Any CPU.Build.0 = Release|Any CPU
		{F8B244E2-883F-404E-976E-D910A6A263BD}.Release|x64.ActiveCfg = Release|Any CPU
		{F8B244E2-883F-404E-976E-D910A6A263BD}.Release|x64.Build.0 = Release|Any CPU
		{F8B244E2-883F-404E-976E-D910A6A263BD}.Release|x86.ActiveCfg = Release|Any CPU
		{F8B244E2-883F-404E-976E-D910A6A263BD}.Release|x86.Build.0 = Release|Any CPU
		{4A661AC9-CB8D-415F-A63E-8D3441CBA922}.Debug|Any CPU.ActiveCfg = Debug|Any CPU
		{4A661AC9-CB8D-415F-A63E-8D3441CBA922}.Debug|Any CPU.Build.0 = Debug|Any CPU
		{4A661AC9-CB8D-415F-A63E-8D3441CBA922}.Debug|x64.ActiveCfg = Debug|Any CPU
		{4A661AC9-CB8D-415F-A63E-8D3441CBA922}.Debug|x64.Build.0 = Debug|Any CPU
		{4A661AC9-CB8D-415F-A63E-8D3441CBA922}.Debug|x86.ActiveCfg = Debug|Any CPU
		{4A661AC9-CB8D-415F-A63E-8D3441CBA922}.Debug|x86.Build.0 = Debug|Any CPU
		{4A661AC9-CB8D-415F-A63E-8D3441CBA922}.Release|Any CPU.ActiveCfg = Release|Any CPU
		{4A661AC9-CB8D-415F-A63E-8D3441CBA922}.Release|Any CPU.Build.0 = Release|Any CPU
		{4A661AC9-CB8D-415F-A63E-8D3441CBA922}.Release|x64.ActiveCfg = Release|Any CPU
		{4A661AC9-CB8D-415F-A63E-8D3441CBA922}.Release|x64.Build.0 = Release|Any CPU
		{4A661AC9-CB8D-415F-A63E-8D3441CBA922}.Release|x86.ActiveCfg = Release|Any CPU
		{4A661AC9-CB8D-415F-A63E-8D3441CBA922}.Release|x86.Build.0 = Release|Any CPU
		{65334749-3971-49CA-94A7-A80DE59349AB}.Debug|Any CPU.ActiveCfg = Debug|Any CPU
		{65334749-3971-49CA-94A7-A80DE59349AB}.Debug|Any CPU.Build.0 = Debug|Any CPU
		{65334749-3971-49CA-94A7-A80DE59349AB}.Debug|x64.ActiveCfg = Debug|Any CPU
		{65334749-3971-49CA-94A7-A80DE59349AB}.Debug|x64.Build.0 = Debug|Any CPU
		{65334749-3971-49CA-94A7-A80DE59349AB}.Debug|x86.ActiveCfg = Debug|Any CPU
		{65334749-3971-49CA-94A7-A80DE59349AB}.Debug|x86.Build.0 = Debug|Any CPU
		{65334749-3971-49CA-94A7-A80DE59349AB}.Release|Any CPU.ActiveCfg = Release|Any CPU
		{65334749-3971-49CA-94A7-A80DE59349AB}.Release|Any CPU.Build.0 = Release|Any CPU
		{65334749-3971-49CA-94A7-A80DE59349AB}.Release|x64.ActiveCfg = Release|Any CPU
		{65334749-3971-49CA-94A7-A80DE59349AB}.Release|x64.Build.0 = Release|Any CPU
		{65334749-3971-49CA-94A7-A80DE59349AB}.Release|x86.ActiveCfg = Release|Any CPU
		{65334749-3971-49CA-94A7-A80DE59349AB}.Release|x86.Build.0 = Release|Any CPU
		{F71963DB-B498-4CE6-846E-DBC5ABCD0BAE}.Debug|Any CPU.ActiveCfg = Debug|Any CPU
		{F71963DB-B498-4CE6-846E-DBC5ABCD0BAE}.Debug|Any CPU.Build.0 = Debug|Any CPU
		{F71963DB-B498-4CE6-846E-DBC5ABCD0BAE}.Debug|x64.ActiveCfg = Debug|Any CPU
		{F71963DB-B498-4CE6-846E-DBC5ABCD0BAE}.Debug|x64.Build.0 = Debug|Any CPU
		{F71963DB-B498-4CE6-846E-DBC5ABCD0BAE}.Debug|x86.ActiveCfg = Debug|Any CPU
		{F71963DB-B498-4CE6-846E-DBC5ABCD0BAE}.Debug|x86.Build.0 = Debug|Any CPU
		{F71963DB-B498-4CE6-846E-DBC5ABCD0BAE}.Release|Any CPU.ActiveCfg = Release|Any CPU
		{F71963DB-B498-4CE6-846E-DBC5ABCD0BAE}.Release|Any CPU.Build.0 = Release|Any CPU
		{F71963DB-B498-4CE6-846E-DBC5ABCD0BAE}.Release|x64.ActiveCfg = Release|Any CPU
		{F71963DB-B498-4CE6-846E-DBC5ABCD0BAE}.Release|x64.Build.0 = Release|Any CPU
		{F71963DB-B498-4CE6-846E-DBC5ABCD0BAE}.Release|x86.ActiveCfg = Release|Any CPU
		{F71963DB-B498-4CE6-846E-DBC5ABCD0BAE}.Release|x86.Build.0 = Release|Any CPU
	EndGlobalSection
	GlobalSection(SolutionProperties) = preSolution
		HideSolutionNode = FALSE
	EndGlobalSection
	GlobalSection(NestedProjects) = preSolution
		{99CC2261-AB6B-40D6-B641-A762EBC54DA7} = {827E0CD3-B72D-47B6-A68D-7590B98EB39B}
		{0CD57A7D-38B5-4CA4-885E-589C7F3B5429} = {0C88DD14-F956-CE84-757C-A364CCF449FC}
		{935C4FF9-8B5E-1FBA-4117-FAEFD052FCC5} = {6C4D298B-81FB-2B6B-5AB6-46205EDDC72C}
		{B6B8927C-3A2A-4BBE-92A4-94EF0A41FB99} = {935C4FF9-8B5E-1FBA-4117-FAEFD052FCC5}
		{AF196942-0293-4DB7-A634-A2AD5DE93F6B} = {935C4FF9-8B5E-1FBA-4117-FAEFD052FCC5}
		{F8B244E2-883F-404E-976E-D910A6A263BD} = {935C4FF9-8B5E-1FBA-4117-FAEFD052FCC5}
		{4A661AC9-CB8D-415F-A63E-8D3441CBA922} = {935C4FF9-8B5E-1FBA-4117-FAEFD052FCC5}
		{DD9B9820-8A3B-57C2-9B1B-A9BE0AF659EC} = {6C4D298B-81FB-2B6B-5AB6-46205EDDC72C}
		{65334749-3971-49CA-94A7-A80DE59349AB} = {DD9B9820-8A3B-57C2-9B1B-A9BE0AF659EC}
		{F71963DB-B498-4CE6-846E-DBC5ABCD0BAE} = {935C4FF9-8B5E-1FBA-4117-FAEFD052FCC5}
	EndGlobalSection
EndGlobal
