
Microsoft Visual Studio Solution File, Format Version 12.00
# Visual Studio Version 17
VisualStudioVersion = 17.0.31903.59
MinimumVisualStudioVersion = 10.0.40219.1
Project("{2150E333-8FDC-42A3-9474-1A3956D46DE8}") = "src", "src", "{827E0CD3-B72D-47B6-A68D-7590B98EB39B}"
EndProject
Project("{FAE04EC0-301F-11D3-BF4B-00C04F79EFBC}") = "Altinn.Authorization.Host", "src\Altinn.Authorization.Host\Altinn.Authorization.Host.csproj", "{F28A216E-F599-4410-BD59-032642E60767}"
EndProject
Project("{FAE04EC0-301F-11D3-BF4B-00C04F79EFBC}") = "Altinn.Authorization.Host.Database", "src\Altinn.Authorization.Host.Database\Altinn.Authorization.Host.Database.csproj", "{920636E9-984B-4D66-853D-173B5D8AB23C}"
EndProject
Project("{FAE04EC0-301F-11D3-BF4B-00C04F79EFBC}") = "Altinn.Authorization.Host.Lease", "src\Altinn.Authorization.Host.Lease\Altinn.Authorization.Host.Lease.csproj", "{4AAF0AF9-17F9-458F-BBB4-C5D56372CE9C}"
EndProject
Project("{FAE04EC0-301F-11D3-BF4B-00C04F79EFBC}") = "Altinn.Authorization.Host.MassTransit", "src\Altinn.Authorization.Host.MassTransit\Altinn.Authorization.Host.MassTransit.csproj", "{9508ECC4-74C5-47DA-AB73-8ACF4CC6FA61}"
EndProject
Project("{2150E333-8FDC-42A3-9474-1A3956D46DE8}") = "test", "test", "{0C88DD14-F956-CE84-757C-A364CCF449FC}"
EndProject
Project("{FAE04EC0-301F-11D3-BF4B-00C04F79EFBC}") = "Altinn.Authorization.Host.Lease.Tests", "test\Altinn.Authorization.Host.Lease.Tests\Altinn.Authorization.Host.Lease.Tests.csproj", "{8F7C0801-59C1-40EE-80F8-B0AFED728DB2}"
EndProject
Global
	GlobalSection(SolutionConfigurationPlatforms) = preSolution
		Debug|Any CPU = Debug|Any CPU
		Debug|x64 = Debug|x64
		Debug|x86 = Debug|x86
		Release|Any CPU = Release|Any CPU
		Release|x64 = Release|x64
		Release|x86 = Release|x86
	EndGlobalSection
	GlobalSection(ProjectConfigurationPlatforms) = postSolution
		{F28A216E-F599-4410-BD59-032642E60767}.Debug|Any CPU.ActiveCfg = Debug|Any CPU
		{F28A216E-F599-4410-BD59-032642E60767}.Debug|Any CPU.Build.0 = Debug|Any CPU
		{F28A216E-F599-4410-BD59-032642E60767}.Debug|x64.ActiveCfg = Debug|Any CPU
		{F28A216E-F599-4410-BD59-032642E60767}.Debug|x64.Build.0 = Debug|Any CPU
		{F28A216E-F599-4410-BD59-032642E60767}.Debug|x86.ActiveCfg = Debug|Any CPU
		{F28A216E-F599-4410-BD59-032642E60767}.Debug|x86.Build.0 = Debug|Any CPU
		{F28A216E-F599-4410-BD59-032642E60767}.Release|Any CPU.ActiveCfg = Release|Any CPU
		{F28A216E-F599-4410-BD59-032642E60767}.Release|Any CPU.Build.0 = Release|Any CPU
		{F28A216E-F599-4410-BD59-032642E60767}.Release|x64.ActiveCfg = Release|Any CPU
		{F28A216E-F599-4410-BD59-032642E60767}.Release|x64.Build.0 = Release|Any CPU
		{F28A216E-F599-4410-BD59-032642E60767}.Release|x86.ActiveCfg = Release|Any CPU
		{F28A216E-F599-4410-BD59-032642E60767}.Release|x86.Build.0 = Release|Any CPU
		{920636E9-984B-4D66-853D-173B5D8AB23C}.Debug|Any CPU.ActiveCfg = Debug|Any CPU
		{920636E9-984B-4D66-853D-173B5D8AB23C}.Debug|Any CPU.Build.0 = Debug|Any CPU
		{920636E9-984B-4D66-853D-173B5D8AB23C}.Debug|x64.ActiveCfg = Debug|Any CPU
		{920636E9-984B-4D66-853D-173B5D8AB23C}.Debug|x64.Build.0 = Debug|Any CPU
		{920636E9-984B-4D66-853D-173B5D8AB23C}.Debug|x86.ActiveCfg = Debug|Any CPU
		{920636E9-984B-4D66-853D-173B5D8AB23C}.Debug|x86.Build.0 = Debug|Any CPU
		{920636E9-984B-4D66-853D-173B5D8AB23C}.Release|Any CPU.ActiveCfg = Release|Any CPU
		{920636E9-984B-4D66-853D-173B5D8AB23C}.Release|Any CPU.Build.0 = Release|Any CPU
		{920636E9-984B-4D66-853D-173B5D8AB23C}.Release|x64.ActiveCfg = Release|Any CPU
		{920636E9-984B-4D66-853D-173B5D8AB23C}.Release|x64.Build.0 = Release|Any CPU
		{920636E9-984B-4D66-853D-173B5D8AB23C}.Release|x86.ActiveCfg = Release|Any CPU
		{920636E9-984B-4D66-853D-173B5D8AB23C}.Release|x86.Build.0 = Release|Any CPU
		{4AAF0AF9-17F9-458F-BBB4-C5D56372CE9C}.Debug|Any CPU.ActiveCfg = Debug|Any CPU
		{4AAF0AF9-17F9-458F-BBB4-C5D56372CE9C}.Debug|Any CPU.Build.0 = Debug|Any CPU
		{4AAF0AF9-17F9-458F-BBB4-C5D56372CE9C}.Debug|x64.ActiveCfg = Debug|Any CPU
		{4AAF0AF9-17F9-458F-BBB4-C5D56372CE9C}.Debug|x64.Build.0 = Debug|Any CPU
		{4AAF0AF9-17F9-458F-BBB4-C5D56372CE9C}.Debug|x86.ActiveCfg = Debug|Any CPU
		{4AAF0AF9-17F9-458F-BBB4-C5D56372CE9C}.Debug|x86.Build.0 = Debug|Any CPU
		{4AAF0AF9-17F9-458F-BBB4-C5D56372CE9C}.Release|Any CPU.ActiveCfg = Release|Any CPU
		{4AAF0AF9-17F9-458F-BBB4-C5D56372CE9C}.Release|Any CPU.Build.0 = Release|Any CPU
		{4AAF0AF9-17F9-458F-BBB4-C5D56372CE9C}.Release|x64.ActiveCfg = Release|Any CPU
		{4AAF0AF9-17F9-458F-BBB4-C5D56372CE9C}.Release|x64.Build.0 = Release|Any CPU
		{4AAF0AF9-17F9-458F-BBB4-C5D56372CE9C}.Release|x86.ActiveCfg = Release|Any CPU
		{4AAF0AF9-17F9-458F-BBB4-C5D56372CE9C}.Release|x86.Build.0 = Release|Any CPU
		{9508ECC4-74C5-47DA-AB73-8ACF4CC6FA61}.Debug|Any CPU.ActiveCfg = Debug|Any CPU
		{9508ECC4-74C5-47DA-AB73-8ACF4CC6FA61}.Debug|Any CPU.Build.0 = Debug|Any CPU
		{9508ECC4-74C5-47DA-AB73-8ACF4CC6FA61}.Debug|x64.ActiveCfg = Debug|Any CPU
		{9508ECC4-74C5-47DA-AB73-8ACF4CC6FA61}.Debug|x64.Build.0 = Debug|Any CPU
		{9508ECC4-74C5-47DA-AB73-8ACF4CC6FA61}.Debug|x86.ActiveCfg = Debug|Any CPU
		{9508ECC4-74C5-47DA-AB73-8ACF4CC6FA61}.Debug|x86.Build.0 = Debug|Any CPU
		{9508ECC4-74C5-47DA-AB73-8ACF4CC6FA61}.Release|Any CPU.ActiveCfg = Release|Any CPU
		{9508ECC4-74C5-47DA-AB73-8ACF4CC6FA61}.Release|Any CPU.Build.0 = Release|Any CPU
		{9508ECC4-74C5-47DA-AB73-8ACF4CC6FA61}.Release|x64.ActiveCfg = Release|Any CPU
		{9508ECC4-74C5-47DA-AB73-8ACF4CC6FA61}.Release|x64.Build.0 = Release|Any CPU
		{9508ECC4-74C5-47DA-AB73-8ACF4CC6FA61}.Release|x86.ActiveCfg = Release|Any CPU
		{9508ECC4-74C5-47DA-AB73-8ACF4CC6FA61}.Release|x86.Build.0 = Release|Any CPU
		{8F7C0801-59C1-40EE-80F8-B0AFED728DB2}.Debug|Any CPU.ActiveCfg = Debug|Any CPU
		{8F7C0801-59C1-40EE-80F8-B0AFED728DB2}.Debug|Any CPU.Build.0 = Debug|Any CPU
		{8F7C0801-59C1-40EE-80F8-B0AFED728DB2}.Debug|x64.ActiveCfg = Debug|Any CPU
		{8F7C0801-59C1-40EE-80F8-B0AFED728DB2}.Debug|x64.Build.0 = Debug|Any CPU
		{8F7C0801-59C1-40EE-80F8-B0AFED728DB2}.Debug|x86.ActiveCfg = Debug|Any CPU
		{8F7C0801-59C1-40EE-80F8-B0AFED728DB2}.Debug|x86.Build.0 = Debug|Any CPU
		{8F7C0801-59C1-40EE-80F8-B0AFED728DB2}.Release|Any CPU.ActiveCfg = Release|Any CPU
		{8F7C0801-59C1-40EE-80F8-B0AFED728DB2}.Release|Any CPU.Build.0 = Release|Any CPU
		{8F7C0801-59C1-40EE-80F8-B0AFED728DB2}.Release|x64.ActiveCfg = Release|Any CPU
		{8F7C0801-59C1-40EE-80F8-B0AFED728DB2}.Release|x64.Build.0 = Release|Any CPU
		{8F7C0801-59C1-40EE-80F8-B0AFED728DB2}.Release|x86.ActiveCfg = Release|Any CPU
		{8F7C0801-59C1-40EE-80F8-B0AFED728DB2}.Release|x86.Build.0 = Release|Any CPU
	EndGlobalSection
	GlobalSection(SolutionProperties) = preSolution
		HideSolutionNode = FALSE
	EndGlobalSection
	GlobalSection(NestedProjects) = preSolution
		{F28A216E-F599-4410-BD59-032642E60767} = {827E0CD3-B72D-47B6-A68D-7590B98EB39B}
		{920636E9-984B-4D66-853D-173B5D8AB23C} = {827E0CD3-B72D-47B6-A68D-7590B98EB39B}
		{4AAF0AF9-17F9-458F-BBB4-C5D56372CE9C} = {827E0CD3-B72D-47B6-A68D-7590B98EB39B}
		{9508ECC4-74C5-47DA-AB73-8ACF4CC6FA61} = {827E0CD3-B72D-47B6-A68D-7590B98EB39B}
		{8F7C0801-59C1-40EE-80F8-B0AFED728DB2} = {0C88DD14-F956-CE84-757C-A364CCF449FC}
	EndGlobalSection
EndGlobal
