
Microsoft Visual Studio Solution File, Format Version 12.00
# Visual Studio Version 17
VisualStudioVersion = 17.0.31903.59
MinimumVisualStudioVersion = 10.0.40219.1
Project("{2150E333-8FDC-42A3-9474-1A3956D46DE8}") = "src", "src", "{C2EA7975-91DE-4818-AB8B-B02043532240}"
EndProject
Project("{FAE04EC0-301F-11D3-BF4B-00C04F79EFBC}") = "Altinn.Authorization.Integration.Platform", "src\Altinn.Authorization.Integration.Platform\Altinn.Authorization.Integration.Platform.csproj", "{012CE811-E60D-42AE-92DC-271BCEB9B3DB}"
EndProject
Global
	GlobalSection(SolutionConfigurationPlatforms) = preSolution
		Debug|Any CPU = Debug|Any CPU
		Release|Any CPU = Release|Any CPU
	EndGlobalSection
	GlobalSection(SolutionProperties) = preSolution
		HideSolutionNode = FALSE
	EndGlobalSection
	GlobalSection(ProjectConfigurationPlatforms) = postSolution
		{012CE811-E60D-42AE-92DC-271BCEB9B3DB}.Debug|Any CPU.ActiveCfg = Debug|Any CPU
		{012CE811-E60D-42AE-92DC-271BCEB9B3DB}.Debug|Any CPU.Build.0 = Debug|Any CPU
		{012CE811-E60D-42AE-92DC-271BCEB9B3DB}.Release|Any CPU.ActiveCfg = Release|Any CPU
		{012CE811-E60D-42AE-92DC-271BCEB9B3DB}.Release|Any CPU.Build.0 = Release|Any CPU
	EndGlobalSection
	GlobalSection(NestedProjects) = preSolution
		{012CE811-E60D-42AE-92DC-271BCEB9B3DB} = {C2EA7975-91DE-4818-AB8B-B02043532240}
	EndGlobalSection
EndGlobal
