
Microsoft Visual Studio Solution File, Format Version 12.00
# Visual Studio Version 17
VisualStudioVersion = 17.0.31903.59
MinimumVisualStudioVersion = 10.0.40219.1
Project("{2150E333-8FDC-42A3-9474-1A3956D46DE8}") = "src", "src", "{960E20A2-19CD-4579-9E93-D2E7C02D3629}"
EndProject
Project("{FAE04EC0-301F-11D3-BF4B-00C04F79EFBC}") = "Altinn.AccessManagement", "src\Altinn.AccessManagement\Altinn.AccessManagement.csproj", "{A3F09A0C-0978-4F23-9F35-A7343DC76D03}"
EndProject
Project("{2150E333-8FDC-42A3-9474-1A3956D46DE8}") = "test", "test", "{7EBD92A3-BEBF-4608-9535-F419BF22EE83}"
EndProject
Project("{FAE04EC0-301F-11D3-BF4B-00C04F79EFBC}") = "AccessMgmt.Tests", "test\AccessMgmt.Tests\AccessMgmt.Tests.csproj", "{DC83D8C7-BE67-451D-AD00-172CE364468C}"
EndProject
Project("{FAE04EC0-301F-11D3-BF4B-00C04F79EFBC}") = "Altinn.AccessManagement.Integration", "src\Altinn.AccessManagement.Integration\Altinn.AccessManagement.Integration.csproj", "{F6682422-0B31-4E83-8B03-BE21267A95C4}"
EndProject
Project("{FAE04EC0-301F-11D3-BF4B-00C04F79EFBC}") = "Altinn.AccessManagement.Core", "src\Altinn.AccessManagement.Core\Altinn.AccessManagement.Core.csproj", "{601CE177-6CC3-4D7B-8CC5-5B173598ECAE}"
EndProject
Project("{FAE04EC0-301F-11D3-BF4B-00C04F79EFBC}") = "Altinn.AccessManagement.Persistence", "src\Altinn.AccessManagement.Persistence\Altinn.AccessManagement.Persistence.csproj", "{8482BD82-0121-4B24-B7E9-4688E41584F8}"
EndProject
Project("{FAE04EC0-301F-11D3-BF4B-00C04F79EFBC}") = "Altinn.AccessManagement.AppHost", "src\Altinn.AccessManagement.AppHost\Altinn.AccessManagement.AppHost.csproj", "{BE368289-7CE8-411C-8B0C-EE6F99FAC61E}"
EndProject
Project("{FAE04EC0-301F-11D3-BF4B-00C04F79EFBC}") = "Altinn.AccessManagement.Api.Enduser", "src\Altinn.AccessManagement.Api.Enduser\Altinn.AccessManagement.Api.Enduser.csproj", "{4CD21ED8-6956-4F92-8D13-ED8DFFA43E6E}"
EndProject
Project("{FAE04EC0-301F-11D3-BF4B-00C04F79EFBC}") = "Altinn.AccessManagement.Api.Metadata", "src\Altinn.AccessManagement.Api.Metadata\Altinn.AccessManagement.Api.Metadata.csproj", "{7E7B9B75-4EBD-4DE4-94D9-080AFDF275BB}"
EndProject
Project("{FAE04EC0-301F-11D3-BF4B-00C04F79EFBC}") = "Altinn.AccessManagement.Api.ServiceOwner", "src\Altinn.AccessManagement.Api.ServiceOwner\Altinn.AccessManagement.Api.ServiceOwner.csproj", "{31E20770-DF86-43A8-B53B-52351F94FD22}"
EndProject
Project("{FAE04EC0-301F-11D3-BF4B-00C04F79EFBC}") = "Altinn.Authorization.Configuration.MassTransit", "..\..\libs\Altinn.Authorization.Configuration\src\Altinn.Authorization.Configuration.MassTransit\Altinn.Authorization.Configuration.MassTransit.csproj", "{BB297F22-213D-44E9-998F-3718AF8889A9}"
EndProject
Project("{FAE04EC0-301F-11D3-BF4B-00C04F79EFBC}") = "Altinn.Authorization.Integration.Register", "..\..\libs\Altinn.Authorization.Integration\src\Altinn.Authorization.Integration.Register\Altinn.Authorization.Integration.Register.csproj", "{C8FF1C97-ACBC-4899-A496-A75DC8AAFDA4}"
EndProject
Project("{FAE04EC0-301F-11D3-BF4B-00C04F79EFBC}") = "Altinn.Authorization.Hosting", "..\..\libs\Altinn.Authorization.Host\src\Altinn.Authorization.Host\Altinn.Authorization.Hosting.csproj", "{5203E0D3-B4AC-47BA-A89E-277859498945}"
EndProject
Project("{FAE04EC0-301F-11D3-BF4B-00C04F79EFBC}") = "Altinn.Authorization.Host.Lease", "..\..\libs\Altinn.Authorization.Host\src\Altinn.Authorization.Host.Lease\Altinn.Authorization.Host.Lease.csproj", "{1D15022B-CDD7-4039-A59F-56D55DD56C62}"
EndProject
Project("{FAE04EC0-301F-11D3-BF4B-00C04F79EFBC}") = "Altinn.Authorization.Integration.Platform", "..\..\libs\Altinn.Authorization.Integration\src\Altinn.Authorization.Integration.Platform\Altinn.Authorization.Integration.Platform.csproj", "{74AFA7CB-0D5D-4F33-9DAE-BE79EFD8334A}"
EndProject
Global
	GlobalSection(SolutionConfigurationPlatforms) = preSolution
		Debug|Any CPU = Debug|Any CPU
		Release|Any CPU = Release|Any CPU
	EndGlobalSection
	GlobalSection(SolutionProperties) = preSolution
		HideSolutionNode = FALSE
	EndGlobalSection
	GlobalSection(ProjectConfigurationPlatforms) = postSolution
		{A3F09A0C-0978-4F23-9F35-A7343DC76D03}.Debug|Any CPU.ActiveCfg = Debug|Any CPU
		{A3F09A0C-0978-4F23-9F35-A7343DC76D03}.Debug|Any CPU.Build.0 = Debug|Any CPU
		{A3F09A0C-0978-4F23-9F35-A7343DC76D03}.Release|Any CPU.ActiveCfg = Release|Any CPU
		{A3F09A0C-0978-4F23-9F35-A7343DC76D03}.Release|Any CPU.Build.0 = Release|Any CPU
		{DC83D8C7-BE67-451D-AD00-172CE364468C}.Debug|Any CPU.ActiveCfg = Debug|Any CPU
		{DC83D8C7-BE67-451D-AD00-172CE364468C}.Debug|Any CPU.Build.0 = Debug|Any CPU
		{DC83D8C7-BE67-451D-AD00-172CE364468C}.Release|Any CPU.ActiveCfg = Release|Any CPU
		{DC83D8C7-BE67-451D-AD00-172CE364468C}.Release|Any CPU.Build.0 = Release|Any CPU
		{F6682422-0B31-4E83-8B03-BE21267A95C4}.Debug|Any CPU.ActiveCfg = Debug|Any CPU
		{F6682422-0B31-4E83-8B03-BE21267A95C4}.Debug|Any CPU.Build.0 = Debug|Any CPU
		{F6682422-0B31-4E83-8B03-BE21267A95C4}.Release|Any CPU.ActiveCfg = Release|Any CPU
		{F6682422-0B31-4E83-8B03-BE21267A95C4}.Release|Any CPU.Build.0 = Release|Any CPU
		{601CE177-6CC3-4D7B-8CC5-5B173598ECAE}.Debug|Any CPU.ActiveCfg = Debug|Any CPU
		{601CE177-6CC3-4D7B-8CC5-5B173598ECAE}.Debug|Any CPU.Build.0 = Debug|Any CPU
		{601CE177-6CC3-4D7B-8CC5-5B173598ECAE}.Release|Any CPU.ActiveCfg = Release|Any CPU
		{601CE177-6CC3-4D7B-8CC5-5B173598ECAE}.Release|Any CPU.Build.0 = Release|Any CPU
		{8482BD82-0121-4B24-B7E9-4688E41584F8}.Debug|Any CPU.ActiveCfg = Debug|Any CPU
		{8482BD82-0121-4B24-B7E9-4688E41584F8}.Debug|Any CPU.Build.0 = Debug|Any CPU
		{8482BD82-0121-4B24-B7E9-4688E41584F8}.Release|Any CPU.ActiveCfg = Release|Any CPU
		{8482BD82-0121-4B24-B7E9-4688E41584F8}.Release|Any CPU.Build.0 = Release|Any CPU
		{BE368289-7CE8-411C-8B0C-EE6F99FAC61E}.Debug|Any CPU.ActiveCfg = Debug|Any CPU
		{BE368289-7CE8-411C-8B0C-EE6F99FAC61E}.Debug|Any CPU.Build.0 = Debug|Any CPU
		{BE368289-7CE8-411C-8B0C-EE6F99FAC61E}.Release|Any CPU.ActiveCfg = Release|Any CPU
		{BE368289-7CE8-411C-8B0C-EE6F99FAC61E}.Release|Any CPU.Build.0 = Release|Any CPU
		{4CD21ED8-6956-4F92-8D13-ED8DFFA43E6E}.Debug|Any CPU.ActiveCfg = Debug|Any CPU
		{4CD21ED8-6956-4F92-8D13-ED8DFFA43E6E}.Debug|Any CPU.Build.0 = Debug|Any CPU
		{4CD21ED8-6956-4F92-8D13-ED8DFFA43E6E}.Release|Any CPU.ActiveCfg = Release|Any CPU
		{4CD21ED8-6956-4F92-8D13-ED8DFFA43E6E}.Release|Any CPU.Build.0 = Release|Any CPU
		{7E7B9B75-4EBD-4DE4-94D9-080AFDF275BB}.Debug|Any CPU.ActiveCfg = Debug|Any CPU
		{7E7B9B75-4EBD-4DE4-94D9-080AFDF275BB}.Debug|Any CPU.Build.0 = Debug|Any CPU
		{7E7B9B75-4EBD-4DE4-94D9-080AFDF275BB}.Release|Any CPU.ActiveCfg = Release|Any CPU
		{7E7B9B75-4EBD-4DE4-94D9-080AFDF275BB}.Release|Any CPU.Build.0 = Release|Any CPU
		{31E20770-DF86-43A8-B53B-52351F94FD22}.Debug|Any CPU.ActiveCfg = Debug|Any CPU
		{31E20770-DF86-43A8-B53B-52351F94FD22}.Debug|Any CPU.Build.0 = Debug|Any CPU
		{31E20770-DF86-43A8-B53B-52351F94FD22}.Release|Any CPU.ActiveCfg = Release|Any CPU
		{31E20770-DF86-43A8-B53B-52351F94FD22}.Release|Any CPU.Build.0 = Release|Any CPU
		{BB297F22-213D-44E9-998F-3718AF8889A9}.Debug|Any CPU.ActiveCfg = Debug|Any CPU
		{BB297F22-213D-44E9-998F-3718AF8889A9}.Debug|Any CPU.Build.0 = Debug|Any CPU
		{BB297F22-213D-44E9-998F-3718AF8889A9}.Release|Any CPU.ActiveCfg = Release|Any CPU
		{BB297F22-213D-44E9-998F-3718AF8889A9}.Release|Any CPU.Build.0 = Release|Any CPU
		{C8FF1C97-ACBC-4899-A496-A75DC8AAFDA4}.Debug|Any CPU.ActiveCfg = Debug|Any CPU
		{C8FF1C97-ACBC-4899-A496-A75DC8AAFDA4}.Debug|Any CPU.Build.0 = Debug|Any CPU
		{C8FF1C97-ACBC-4899-A496-A75DC8AAFDA4}.Release|Any CPU.ActiveCfg = Release|Any CPU
		{C8FF1C97-ACBC-4899-A496-A75DC8AAFDA4}.Release|Any CPU.Build.0 = Release|Any CPU
		{5203E0D3-B4AC-47BA-A89E-277859498945}.Debug|Any CPU.ActiveCfg = Debug|Any CPU
		{5203E0D3-B4AC-47BA-A89E-277859498945}.Debug|Any CPU.Build.0 = Debug|Any CPU
		{5203E0D3-B4AC-47BA-A89E-277859498945}.Release|Any CPU.ActiveCfg = Release|Any CPU
		{5203E0D3-B4AC-47BA-A89E-277859498945}.Release|Any CPU.Build.0 = Release|Any CPU
		{1D15022B-CDD7-4039-A59F-56D55DD56C62}.Debug|Any CPU.ActiveCfg = Debug|Any CPU
		{1D15022B-CDD7-4039-A59F-56D55DD56C62}.Debug|Any CPU.Build.0 = Debug|Any CPU
		{1D15022B-CDD7-4039-A59F-56D55DD56C62}.Release|Any CPU.ActiveCfg = Release|Any CPU
		{1D15022B-CDD7-4039-A59F-56D55DD56C62}.Release|Any CPU.Build.0 = Release|Any CPU
		{74AFA7CB-0D5D-4F33-9DAE-BE79EFD8334A}.Debug|Any CPU.ActiveCfg = Debug|Any CPU
		{74AFA7CB-0D5D-4F33-9DAE-BE79EFD8334A}.Debug|Any CPU.Build.0 = Debug|Any CPU
		{74AFA7CB-0D5D-4F33-9DAE-BE79EFD8334A}.Release|Any CPU.ActiveCfg = Release|Any CPU
		{74AFA7CB-0D5D-4F33-9DAE-BE79EFD8334A}.Release|Any CPU.Build.0 = Release|Any CPU
	EndGlobalSection
	GlobalSection(NestedProjects) = preSolution
		{A3F09A0C-0978-4F23-9F35-A7343DC76D03} = {960E20A2-19CD-4579-9E93-D2E7C02D3629}
		{DC83D8C7-BE67-451D-AD00-172CE364468C} = {7EBD92A3-BEBF-4608-9535-F419BF22EE83}
		{F6682422-0B31-4E83-8B03-BE21267A95C4} = {960E20A2-19CD-4579-9E93-D2E7C02D3629}
		{601CE177-6CC3-4D7B-8CC5-5B173598ECAE} = {960E20A2-19CD-4579-9E93-D2E7C02D3629}
		{8482BD82-0121-4B24-B7E9-4688E41584F8} = {960E20A2-19CD-4579-9E93-D2E7C02D3629}
		{BE368289-7CE8-411C-8B0C-EE6F99FAC61E} = {960E20A2-19CD-4579-9E93-D2E7C02D3629}
		{4CD21ED8-6956-4F92-8D13-ED8DFFA43E6E} = {960E20A2-19CD-4579-9E93-D2E7C02D3629}
		{7E7B9B75-4EBD-4DE4-94D9-080AFDF275BB} = {960E20A2-19CD-4579-9E93-D2E7C02D3629}
		{31E20770-DF86-43A8-B53B-52351F94FD22} = {960E20A2-19CD-4579-9E93-D2E7C02D3629}
	EndGlobalSection
EndGlobal
