
Microsoft Visual Studio Solution File, Format Version 12.00
# Visual Studio Version 17
VisualStudioVersion = 17.0.31903.59
MinimumVisualStudioVersion = 10.0.40219.1
Project("{2150E333-8FDC-42A3-9474-1A3956D46DE8}") = "src", "src", "{827E0CD3-B72D-47B6-A68D-7590B98EB39B}"
EndProject
Project("{FAE04EC0-301F-11D3-BF4B-00C04F79EFBC}") = "Altinn.AccessManagement", "src\Altinn.AccessManagement\Altinn.AccessManagement.csproj", "{91AF5C20-CAD8-46DB-AC10-E3E5FC05373D}"
EndProject
Project("{FAE04EC0-301F-11D3-BF4B-00C04F79EFBC}") = "Altinn.AccessManagement.Api.Internal", "src\Altinn.AccessManagement.Api.Internal\Altinn.AccessManagement.Api.Internal.csproj", "{647761B0-F0D1-49E2-AB67-93920BE58E0C}"
EndProject
Project("{FAE04EC0-301F-11D3-BF4B-00C04F79EFBC}") = "Altinn.AccessManagement.Api.Enduser", "src\Altinn.AccessManagement.Api.Enduser\Altinn.AccessManagement.Api.Enduser.csproj", "{31785806-C4A0-48B5-B5B0-C4E09C301D1E}"
EndProject
Project("{FAE04EC0-301F-11D3-BF4B-00C04F79EFBC}") = "Altinn.AccessManagement.Api.Metadata", "src\Altinn.AccessManagement.Api.Metadata\Altinn.AccessManagement.Api.Metadata.csproj", "{0A43E3E7-CD12-4AB2-8369-085D6D2A22CE}"
EndProject
Project("{FAE04EC0-301F-11D3-BF4B-00C04F79EFBC}") = "Altinn.AccessManagement.Integration", "src\Altinn.AccessManagement.Integration\Altinn.AccessManagement.Integration.csproj", "{DA435CDE-FCC9-420F-A773-7D40960AFA4B}"
EndProject
Project("{FAE04EC0-301F-11D3-BF4B-00C04F79EFBC}") = "Altinn.AccessManagement.Core", "src\Altinn.AccessManagement.Core\Altinn.AccessManagement.Core.csproj", "{90310F40-82E9-4D0E-B0F5-884214D9AFE7}"
EndProject
Project("{FAE04EC0-301F-11D3-BF4B-00C04F79EFBC}") = "Altinn.AccessManagement.Api.ServiceOwner", "src\Altinn.AccessManagement.Api.ServiceOwner\Altinn.AccessManagement.Api.ServiceOwner.csproj", "{ED6628C8-B452-49F2-AE22-DB6B92937C48}"
EndProject
Project("{FAE04EC0-301F-11D3-BF4B-00C04F79EFBC}") = "Altinn.AccessManagement.Persistence", "src\Altinn.AccessManagement.Persistence\Altinn.AccessManagement.Persistence.csproj", "{1D255B54-5A45-464E-A600-35D652EC156D}"
EndProject
Project("{FAE04EC0-301F-11D3-BF4B-00C04F79EFBC}") = "Altinn.AccessManagement.AppHost", "src\Altinn.AccessManagement.AppHost\Altinn.AccessManagement.AppHost.csproj", "{B9AB40D5-7CE5-4183-8887-C296493445B6}"
EndProject
Project("{FAE04EC0-301F-11D3-BF4B-00C04F79EFBC}") = "Altinn.AccessMgmt.AutoApi", "src\Altinn.AccessMgmt.AutoApi\Altinn.AccessMgmt.AutoApi.csproj", "{F788DE73-5F23-47D2-B674-BF2EB534BDDC}"
EndProject
Project("{FAE04EC0-301F-11D3-BF4B-00C04F79EFBC}") = "Altinn.AccessMgmt.FFB", "src\Altinn.AccessMgmt.FFB\Altinn.AccessMgmt.FFB.csproj", "{A0B32FDF-CFB5-464F-8EC9-8B09B814E602}"
EndProject
Project("{FAE04EC0-301F-11D3-BF4B-00C04F79EFBC}") = "Altinn.AccessMgmt.Persistence.Core", "src\Altinn.AccessMgmt.Persistence.Core\Altinn.AccessMgmt.Persistence.Core.csproj", "{50F7596D-1C21-41D6-9A3A-B981BF2581C3}"
EndProject
Project("{FAE04EC0-301F-11D3-BF4B-00C04F79EFBC}") = "Altinn.AccessMgmt.Core", "src\Altinn.AccessMgmt.Core\Altinn.AccessMgmt.Core.csproj", "{8E9D8DA3-220E-439A-8234-5A9077B8778E}"
EndProject
Project("{FAE04EC0-301F-11D3-BF4B-00C04F79EFBC}") = "Altinn.AccessMgmt.Persistence", "src\Altinn.AccessMgmt.Persistence\Altinn.AccessMgmt.Persistence.csproj", "{2E08C3F7-A2B8-4516-B60B-47768298D2F2}"
EndProject
Project("{FAE04EC0-301F-11D3-BF4B-00C04F79EFBC}") = "Altinn.AccessMgmt.WebComponents", "src\Altinn.AccessMgmt.WebComponents\Altinn.AccessMgmt.WebComponents.csproj", "{4163D8DB-B42F-461C-B016-EFEA3873FE72}"
EndProject
Project("{2150E333-8FDC-42A3-9474-1A3956D46DE8}") = "test", "test", "{0C88DD14-F956-CE84-757C-A364CCF449FC}"
EndProject
Project("{FAE04EC0-301F-11D3-BF4B-00C04F79EFBC}") = "AccessMgmt.Tests", "test\AccessMgmt.Tests\AccessMgmt.Tests.csproj", "{3850016C-6C7B-48D5-A325-86507C90380E}"
EndProject
Project("{2150E333-8FDC-42A3-9474-1A3956D46DE8}") = "libs", "libs", "{6C4D298B-81FB-2B6B-5AB6-46205EDDC72C}"
EndProject
Project("{2150E333-8FDC-42A3-9474-1A3956D46DE8}") = "Altinn.Authorization.Host", "Altinn.Authorization.Host", "{935C4FF9-8B5E-1FBA-4117-FAEFD052FCC5}"
EndProject
Project("{FAE04EC0-301F-11D3-BF4B-00C04F79EFBC}") = "Altinn.Authorization.Host", "..\..\libs\Altinn.Authorization.Host\src\Altinn.Authorization.Host\Altinn.Authorization.Host.csproj", "{7CC11F30-CF18-4FB2-BE2D-1E75CF9DF82B}"
EndProject
Project("{FAE04EC0-301F-11D3-BF4B-00C04F79EFBC}") = "Altinn.Authorization.Host.MassTransit", "..\..\libs\Altinn.Authorization.Host\src\Altinn.Authorization.Host.MassTransit\Altinn.Authorization.Host.MassTransit.csproj", "{EB1BAC34-7D55-433C-87D7-CB92C40D81BB}"
EndProject
Project("{FAE04EC0-301F-11D3-BF4B-00C04F79EFBC}") = "Altinn.Authorization.Host.Database", "..\..\libs\Altinn.Authorization.Host\src\Altinn.Authorization.Host.Database\Altinn.Authorization.Host.Database.csproj", "{A03BCF31-F6F6-41B1-ADED-5D4ED8FA3B62}"
EndProject
Project("{FAE04EC0-301F-11D3-BF4B-00C04F79EFBC}") = "Altinn.Authorization.Host.Lease", "..\..\libs\Altinn.Authorization.Host\src\Altinn.Authorization.Host.Lease\Altinn.Authorization.Host.Lease.csproj", "{5FF5A89F-22F7-429F-9DD5-0758D7DB6C44}"
EndProject
Project("{2150E333-8FDC-42A3-9474-1A3956D46DE8}") = "Altinn.Authorization.Integration", "Altinn.Authorization.Integration", "{DD9B9820-8A3B-57C2-9B1B-A9BE0AF659EC}"
EndProject
Project("{FAE04EC0-301F-11D3-BF4B-00C04F79EFBC}") = "Altinn.Authorization.Integration.Platform", "..\..\libs\Altinn.Authorization.Integration\src\Altinn.Authorization.Integration.Platform\Altinn.Authorization.Integration.Platform.csproj", "{6A72F988-A24A-4745-954D-6CDDF24C8090}"
EndProject
Global
	GlobalSection(SolutionConfigurationPlatforms) = preSolution
		Debug|Any CPU = Debug|Any CPU
		Debug|x64 = Debug|x64
		Debug|x86 = Debug|x86
		Release|Any CPU = Release|Any CPU
		Release|x64 = Release|x64
		Release|x86 = Release|x86
	EndGlobalSection
	GlobalSection(ProjectConfigurationPlatforms) = postSolution
		{91AF5C20-CAD8-46DB-AC10-E3E5FC05373D}.Debug|Any CPU.ActiveCfg = Debug|Any CPU
		{91AF5C20-CAD8-46DB-AC10-E3E5FC05373D}.Debug|Any CPU.Build.0 = Debug|Any CPU
		{91AF5C20-CAD8-46DB-AC10-E3E5FC05373D}.Debug|x64.ActiveCfg = Debug|Any CPU
		{91AF5C20-CAD8-46DB-AC10-E3E5FC05373D}.Debug|x64.Build.0 = Debug|Any CPU
		{91AF5C20-CAD8-46DB-AC10-E3E5FC05373D}.Debug|x86.ActiveCfg = Debug|Any CPU
		{91AF5C20-CAD8-46DB-AC10-E3E5FC05373D}.Debug|x86.Build.0 = Debug|Any CPU
		{91AF5C20-CAD8-46DB-AC10-E3E5FC05373D}.Release|Any CPU.ActiveCfg = Release|Any CPU
		{91AF5C20-CAD8-46DB-AC10-E3E5FC05373D}.Release|Any CPU.Build.0 = Release|Any CPU
		{91AF5C20-CAD8-46DB-AC10-E3E5FC05373D}.Release|x64.ActiveCfg = Release|Any CPU
		{91AF5C20-CAD8-46DB-AC10-E3E5FC05373D}.Release|x64.Build.0 = Release|Any CPU
		{91AF5C20-CAD8-46DB-AC10-E3E5FC05373D}.Release|x86.ActiveCfg = Release|Any CPU
		{91AF5C20-CAD8-46DB-AC10-E3E5FC05373D}.Release|x86.Build.0 = Release|Any CPU
		{647761B0-F0D1-49E2-AB67-93920BE58E0C}.Debug|Any CPU.ActiveCfg = Debug|Any CPU
		{647761B0-F0D1-49E2-AB67-93920BE58E0C}.Debug|Any CPU.Build.0 = Debug|Any CPU
		{647761B0-F0D1-49E2-AB67-93920BE58E0C}.Debug|x64.ActiveCfg = Debug|Any CPU
		{647761B0-F0D1-49E2-AB67-93920BE58E0C}.Debug|x64.Build.0 = Debug|Any CPU
		{647761B0-F0D1-49E2-AB67-93920BE58E0C}.Debug|x86.ActiveCfg = Debug|Any CPU
		{647761B0-F0D1-49E2-AB67-93920BE58E0C}.Debug|x86.Build.0 = Debug|Any CPU
		{647761B0-F0D1-49E2-AB67-93920BE58E0C}.Release|Any CPU.ActiveCfg = Release|Any CPU
		{647761B0-F0D1-49E2-AB67-93920BE58E0C}.Release|Any CPU.Build.0 = Release|Any CPU
		{647761B0-F0D1-49E2-AB67-93920BE58E0C}.Release|x64.ActiveCfg = Release|Any CPU
		{647761B0-F0D1-49E2-AB67-93920BE58E0C}.Release|x64.Build.0 = Release|Any CPU
		{647761B0-F0D1-49E2-AB67-93920BE58E0C}.Release|x86.ActiveCfg = Release|Any CPU
		{647761B0-F0D1-49E2-AB67-93920BE58E0C}.Release|x86.Build.0 = Release|Any CPU
		{31785806-C4A0-48B5-B5B0-C4E09C301D1E}.Debug|Any CPU.ActiveCfg = Debug|Any CPU
		{31785806-C4A0-48B5-B5B0-C4E09C301D1E}.Debug|Any CPU.Build.0 = Debug|Any CPU
		{31785806-C4A0-48B5-B5B0-C4E09C301D1E}.Debug|x64.ActiveCfg = Debug|Any CPU
		{31785806-C4A0-48B5-B5B0-C4E09C301D1E}.Debug|x64.Build.0 = Debug|Any CPU
		{31785806-C4A0-48B5-B5B0-C4E09C301D1E}.Debug|x86.ActiveCfg = Debug|Any CPU
		{31785806-C4A0-48B5-B5B0-C4E09C301D1E}.Debug|x86.Build.0 = Debug|Any CPU
		{31785806-C4A0-48B5-B5B0-C4E09C301D1E}.Release|Any CPU.ActiveCfg = Release|Any CPU
		{31785806-C4A0-48B5-B5B0-C4E09C301D1E}.Release|Any CPU.Build.0 = Release|Any CPU
		{31785806-C4A0-48B5-B5B0-C4E09C301D1E}.Release|x64.ActiveCfg = Release|Any CPU
		{31785806-C4A0-48B5-B5B0-C4E09C301D1E}.Release|x64.Build.0 = Release|Any CPU
		{31785806-C4A0-48B5-B5B0-C4E09C301D1E}.Release|x86.ActiveCfg = Release|Any CPU
		{31785806-C4A0-48B5-B5B0-C4E09C301D1E}.Release|x86.Build.0 = Release|Any CPU
		{0A43E3E7-CD12-4AB2-8369-085D6D2A22CE}.Debug|Any CPU.ActiveCfg = Debug|Any CPU
		{0A43E3E7-CD12-4AB2-8369-085D6D2A22CE}.Debug|Any CPU.Build.0 = Debug|Any CPU
		{0A43E3E7-CD12-4AB2-8369-085D6D2A22CE}.Debug|x64.ActiveCfg = Debug|Any CPU
		{0A43E3E7-CD12-4AB2-8369-085D6D2A22CE}.Debug|x64.Build.0 = Debug|Any CPU
		{0A43E3E7-CD12-4AB2-8369-085D6D2A22CE}.Debug|x86.ActiveCfg = Debug|Any CPU
		{0A43E3E7-CD12-4AB2-8369-085D6D2A22CE}.Debug|x86.Build.0 = Debug|Any CPU
		{0A43E3E7-CD12-4AB2-8369-085D6D2A22CE}.Release|Any CPU.ActiveCfg = Release|Any CPU
		{0A43E3E7-CD12-4AB2-8369-085D6D2A22CE}.Release|Any CPU.Build.0 = Release|Any CPU
		{0A43E3E7-CD12-4AB2-8369-085D6D2A22CE}.Release|x64.ActiveCfg = Release|Any CPU
		{0A43E3E7-CD12-4AB2-8369-085D6D2A22CE}.Release|x64.Build.0 = Release|Any CPU
		{0A43E3E7-CD12-4AB2-8369-085D6D2A22CE}.Release|x86.ActiveCfg = Release|Any CPU
		{0A43E3E7-CD12-4AB2-8369-085D6D2A22CE}.Release|x86.Build.0 = Release|Any CPU
		{DA435CDE-FCC9-420F-A773-7D40960AFA4B}.Debug|Any CPU.ActiveCfg = Debug|Any CPU
		{DA435CDE-FCC9-420F-A773-7D40960AFA4B}.Debug|Any CPU.Build.0 = Debug|Any CPU
		{DA435CDE-FCC9-420F-A773-7D40960AFA4B}.Debug|x64.ActiveCfg = Debug|Any CPU
		{DA435CDE-FCC9-420F-A773-7D40960AFA4B}.Debug|x64.Build.0 = Debug|Any CPU
		{DA435CDE-FCC9-420F-A773-7D40960AFA4B}.Debug|x86.ActiveCfg = Debug|Any CPU
		{DA435CDE-FCC9-420F-A773-7D40960AFA4B}.Debug|x86.Build.0 = Debug|Any CPU
		{DA435CDE-FCC9-420F-A773-7D40960AFA4B}.Release|Any CPU.ActiveCfg = Release|Any CPU
		{DA435CDE-FCC9-420F-A773-7D40960AFA4B}.Release|Any CPU.Build.0 = Release|Any CPU
		{DA435CDE-FCC9-420F-A773-7D40960AFA4B}.Release|x64.ActiveCfg = Release|Any CPU
		{DA435CDE-FCC9-420F-A773-7D40960AFA4B}.Release|x64.Build.0 = Release|Any CPU
		{DA435CDE-FCC9-420F-A773-7D40960AFA4B}.Release|x86.ActiveCfg = Release|Any CPU
		{DA435CDE-FCC9-420F-A773-7D40960AFA4B}.Release|x86.Build.0 = Release|Any CPU
		{90310F40-82E9-4D0E-B0F5-884214D9AFE7}.Debug|Any CPU.ActiveCfg = Debug|Any CPU
		{90310F40-82E9-4D0E-B0F5-884214D9AFE7}.Debug|Any CPU.Build.0 = Debug|Any CPU
		{90310F40-82E9-4D0E-B0F5-884214D9AFE7}.Debug|x64.ActiveCfg = Debug|Any CPU
		{90310F40-82E9-4D0E-B0F5-884214D9AFE7}.Debug|x64.Build.0 = Debug|Any CPU
		{90310F40-82E9-4D0E-B0F5-884214D9AFE7}.Debug|x86.ActiveCfg = Debug|Any CPU
		{90310F40-82E9-4D0E-B0F5-884214D9AFE7}.Debug|x86.Build.0 = Debug|Any CPU
		{90310F40-82E9-4D0E-B0F5-884214D9AFE7}.Release|Any CPU.ActiveCfg = Release|Any CPU
		{90310F40-82E9-4D0E-B0F5-884214D9AFE7}.Release|Any CPU.Build.0 = Release|Any CPU
		{90310F40-82E9-4D0E-B0F5-884214D9AFE7}.Release|x64.ActiveCfg = Release|Any CPU
		{90310F40-82E9-4D0E-B0F5-884214D9AFE7}.Release|x64.Build.0 = Release|Any CPU
		{90310F40-82E9-4D0E-B0F5-884214D9AFE7}.Release|x86.ActiveCfg = Release|Any CPU
		{90310F40-82E9-4D0E-B0F5-884214D9AFE7}.Release|x86.Build.0 = Release|Any CPU
		{ED6628C8-B452-49F2-AE22-DB6B92937C48}.Debug|Any CPU.ActiveCfg = Debug|Any CPU
		{ED6628C8-B452-49F2-AE22-DB6B92937C48}.Debug|Any CPU.Build.0 = Debug|Any CPU
		{ED6628C8-B452-49F2-AE22-DB6B92937C48}.Debug|x64.ActiveCfg = Debug|Any CPU
		{ED6628C8-B452-49F2-AE22-DB6B92937C48}.Debug|x64.Build.0 = Debug|Any CPU
		{ED6628C8-B452-49F2-AE22-DB6B92937C48}.Debug|x86.ActiveCfg = Debug|Any CPU
		{ED6628C8-B452-49F2-AE22-DB6B92937C48}.Debug|x86.Build.0 = Debug|Any CPU
		{ED6628C8-B452-49F2-AE22-DB6B92937C48}.Release|Any CPU.ActiveCfg = Release|Any CPU
		{ED6628C8-B452-49F2-AE22-DB6B92937C48}.Release|Any CPU.Build.0 = Release|Any CPU
		{ED6628C8-B452-49F2-AE22-DB6B92937C48}.Release|x64.ActiveCfg = Release|Any CPU
		{ED6628C8-B452-49F2-AE22-DB6B92937C48}.Release|x64.Build.0 = Release|Any CPU
		{ED6628C8-B452-49F2-AE22-DB6B92937C48}.Release|x86.ActiveCfg = Release|Any CPU
		{ED6628C8-B452-49F2-AE22-DB6B92937C48}.Release|x86.Build.0 = Release|Any CPU
		{1D255B54-5A45-464E-A600-35D652EC156D}.Debug|Any CPU.ActiveCfg = Debug|Any CPU
		{1D255B54-5A45-464E-A600-35D652EC156D}.Debug|Any CPU.Build.0 = Debug|Any CPU
		{1D255B54-5A45-464E-A600-35D652EC156D}.Debug|x64.ActiveCfg = Debug|Any CPU
		{1D255B54-5A45-464E-A600-35D652EC156D}.Debug|x64.Build.0 = Debug|Any CPU
		{1D255B54-5A45-464E-A600-35D652EC156D}.Debug|x86.ActiveCfg = Debug|Any CPU
		{1D255B54-5A45-464E-A600-35D652EC156D}.Debug|x86.Build.0 = Debug|Any CPU
		{1D255B54-5A45-464E-A600-35D652EC156D}.Release|Any CPU.ActiveCfg = Release|Any CPU
		{1D255B54-5A45-464E-A600-35D652EC156D}.Release|Any CPU.Build.0 = Release|Any CPU
		{1D255B54-5A45-464E-A600-35D652EC156D}.Release|x64.ActiveCfg = Release|Any CPU
		{1D255B54-5A45-464E-A600-35D652EC156D}.Release|x64.Build.0 = Release|Any CPU
		{1D255B54-5A45-464E-A600-35D652EC156D}.Release|x86.ActiveCfg = Release|Any CPU
		{1D255B54-5A45-464E-A600-35D652EC156D}.Release|x86.Build.0 = Release|Any CPU
		{B9AB40D5-7CE5-4183-8887-C296493445B6}.Debug|Any CPU.ActiveCfg = Debug|Any CPU
		{B9AB40D5-7CE5-4183-8887-C296493445B6}.Debug|Any CPU.Build.0 = Debug|Any CPU
		{B9AB40D5-7CE5-4183-8887-C296493445B6}.Debug|x64.ActiveCfg = Debug|Any CPU
		{B9AB40D5-7CE5-4183-8887-C296493445B6}.Debug|x64.Build.0 = Debug|Any CPU
		{B9AB40D5-7CE5-4183-8887-C296493445B6}.Debug|x86.ActiveCfg = Debug|Any CPU
		{B9AB40D5-7CE5-4183-8887-C296493445B6}.Debug|x86.Build.0 = Debug|Any CPU
		{B9AB40D5-7CE5-4183-8887-C296493445B6}.Release|Any CPU.ActiveCfg = Release|Any CPU
		{B9AB40D5-7CE5-4183-8887-C296493445B6}.Release|Any CPU.Build.0 = Release|Any CPU
		{B9AB40D5-7CE5-4183-8887-C296493445B6}.Release|x64.ActiveCfg = Release|Any CPU
		{B9AB40D5-7CE5-4183-8887-C296493445B6}.Release|x64.Build.0 = Release|Any CPU
		{B9AB40D5-7CE5-4183-8887-C296493445B6}.Release|x86.ActiveCfg = Release|Any CPU
		{B9AB40D5-7CE5-4183-8887-C296493445B6}.Release|x86.Build.0 = Release|Any CPU
		{F788DE73-5F23-47D2-B674-BF2EB534BDDC}.Debug|Any CPU.ActiveCfg = Debug|Any CPU
		{F788DE73-5F23-47D2-B674-BF2EB534BDDC}.Debug|Any CPU.Build.0 = Debug|Any CPU
		{F788DE73-5F23-47D2-B674-BF2EB534BDDC}.Debug|x64.ActiveCfg = Debug|Any CPU
		{F788DE73-5F23-47D2-B674-BF2EB534BDDC}.Debug|x64.Build.0 = Debug|Any CPU
		{F788DE73-5F23-47D2-B674-BF2EB534BDDC}.Debug|x86.ActiveCfg = Debug|Any CPU
		{F788DE73-5F23-47D2-B674-BF2EB534BDDC}.Debug|x86.Build.0 = Debug|Any CPU
		{F788DE73-5F23-47D2-B674-BF2EB534BDDC}.Release|Any CPU.ActiveCfg = Release|Any CPU
		{F788DE73-5F23-47D2-B674-BF2EB534BDDC}.Release|Any CPU.Build.0 = Release|Any CPU
		{F788DE73-5F23-47D2-B674-BF2EB534BDDC}.Release|x64.ActiveCfg = Release|Any CPU
		{F788DE73-5F23-47D2-B674-BF2EB534BDDC}.Release|x64.Build.0 = Release|Any CPU
		{F788DE73-5F23-47D2-B674-BF2EB534BDDC}.Release|x86.ActiveCfg = Release|Any CPU
		{F788DE73-5F23-47D2-B674-BF2EB534BDDC}.Release|x86.Build.0 = Release|Any CPU
		{A0B32FDF-CFB5-464F-8EC9-8B09B814E602}.Debug|Any CPU.ActiveCfg = Debug|Any CPU
		{A0B32FDF-CFB5-464F-8EC9-8B09B814E602}.Debug|Any CPU.Build.0 = Debug|Any CPU
		{A0B32FDF-CFB5-464F-8EC9-8B09B814E602}.Debug|x64.ActiveCfg = Debug|Any CPU
		{A0B32FDF-CFB5-464F-8EC9-8B09B814E602}.Debug|x64.Build.0 = Debug|Any CPU
		{A0B32FDF-CFB5-464F-8EC9-8B09B814E602}.Debug|x86.ActiveCfg = Debug|Any CPU
		{A0B32FDF-CFB5-464F-8EC9-8B09B814E602}.Debug|x86.Build.0 = Debug|Any CPU
		{A0B32FDF-CFB5-464F-8EC9-8B09B814E602}.Release|Any CPU.ActiveCfg = Release|Any CPU
		{A0B32FDF-CFB5-464F-8EC9-8B09B814E602}.Release|Any CPU.Build.0 = Release|Any CPU
		{A0B32FDF-CFB5-464F-8EC9-8B09B814E602}.Release|x64.ActiveCfg = Release|Any CPU
		{A0B32FDF-CFB5-464F-8EC9-8B09B814E602}.Release|x64.Build.0 = Release|Any CPU
		{A0B32FDF-CFB5-464F-8EC9-8B09B814E602}.Release|x86.ActiveCfg = Release|Any CPU
		{A0B32FDF-CFB5-464F-8EC9-8B09B814E602}.Release|x86.Build.0 = Release|Any CPU
		{50F7596D-1C21-41D6-9A3A-B981BF2581C3}.Debug|Any CPU.ActiveCfg = Debug|Any CPU
		{50F7596D-1C21-41D6-9A3A-B981BF2581C3}.Debug|Any CPU.Build.0 = Debug|Any CPU
		{50F7596D-1C21-41D6-9A3A-B981BF2581C3}.Debug|x64.ActiveCfg = Debug|Any CPU
		{50F7596D-1C21-41D6-9A3A-B981BF2581C3}.Debug|x64.Build.0 = Debug|Any CPU
		{50F7596D-1C21-41D6-9A3A-B981BF2581C3}.Debug|x86.ActiveCfg = Debug|Any CPU
		{50F7596D-1C21-41D6-9A3A-B981BF2581C3}.Debug|x86.Build.0 = Debug|Any CPU
		{50F7596D-1C21-41D6-9A3A-B981BF2581C3}.Release|Any CPU.ActiveCfg = Release|Any CPU
		{50F7596D-1C21-41D6-9A3A-B981BF2581C3}.Release|Any CPU.Build.0 = Release|Any CPU
		{50F7596D-1C21-41D6-9A3A-B981BF2581C3}.Release|x64.ActiveCfg = Release|Any CPU
		{50F7596D-1C21-41D6-9A3A-B981BF2581C3}.Release|x64.Build.0 = Release|Any CPU
		{50F7596D-1C21-41D6-9A3A-B981BF2581C3}.Release|x86.ActiveCfg = Release|Any CPU
		{50F7596D-1C21-41D6-9A3A-B981BF2581C3}.Release|x86.Build.0 = Release|Any CPU
		{8E9D8DA3-220E-439A-8234-5A9077B8778E}.Debug|Any CPU.ActiveCfg = Debug|Any CPU
		{8E9D8DA3-220E-439A-8234-5A9077B8778E}.Debug|Any CPU.Build.0 = Debug|Any CPU
		{8E9D8DA3-220E-439A-8234-5A9077B8778E}.Debug|x64.ActiveCfg = Debug|Any CPU
		{8E9D8DA3-220E-439A-8234-5A9077B8778E}.Debug|x64.Build.0 = Debug|Any CPU
		{8E9D8DA3-220E-439A-8234-5A9077B8778E}.Debug|x86.ActiveCfg = Debug|Any CPU
		{8E9D8DA3-220E-439A-8234-5A9077B8778E}.Debug|x86.Build.0 = Debug|Any CPU
		{8E9D8DA3-220E-439A-8234-5A9077B8778E}.Release|Any CPU.ActiveCfg = Release|Any CPU
		{8E9D8DA3-220E-439A-8234-5A9077B8778E}.Release|Any CPU.Build.0 = Release|Any CPU
		{8E9D8DA3-220E-439A-8234-5A9077B8778E}.Release|x64.ActiveCfg = Release|Any CPU
		{8E9D8DA3-220E-439A-8234-5A9077B8778E}.Release|x64.Build.0 = Release|Any CPU
		{8E9D8DA3-220E-439A-8234-5A9077B8778E}.Release|x86.ActiveCfg = Release|Any CPU
		{8E9D8DA3-220E-439A-8234-5A9077B8778E}.Release|x86.Build.0 = Release|Any CPU
		{2E08C3F7-A2B8-4516-B60B-47768298D2F2}.Debug|Any CPU.ActiveCfg = Debug|Any CPU
		{2E08C3F7-A2B8-4516-B60B-47768298D2F2}.Debug|Any CPU.Build.0 = Debug|Any CPU
		{2E08C3F7-A2B8-4516-B60B-47768298D2F2}.Debug|x64.ActiveCfg = Debug|Any CPU
		{2E08C3F7-A2B8-4516-B60B-47768298D2F2}.Debug|x64.Build.0 = Debug|Any CPU
		{2E08C3F7-A2B8-4516-B60B-47768298D2F2}.Debug|x86.ActiveCfg = Debug|Any CPU
		{2E08C3F7-A2B8-4516-B60B-47768298D2F2}.Debug|x86.Build.0 = Debug|Any CPU
		{2E08C3F7-A2B8-4516-B60B-47768298D2F2}.Release|Any CPU.ActiveCfg = Release|Any CPU
		{2E08C3F7-A2B8-4516-B60B-47768298D2F2}.Release|Any CPU.Build.0 = Release|Any CPU
		{2E08C3F7-A2B8-4516-B60B-47768298D2F2}.Release|x64.ActiveCfg = Release|Any CPU
		{2E08C3F7-A2B8-4516-B60B-47768298D2F2}.Release|x64.Build.0 = Release|Any CPU
		{2E08C3F7-A2B8-4516-B60B-47768298D2F2}.Release|x86.ActiveCfg = Release|Any CPU
		{2E08C3F7-A2B8-4516-B60B-47768298D2F2}.Release|x86.Build.0 = Release|Any CPU
		{4163D8DB-B42F-461C-B016-EFEA3873FE72}.Debug|Any CPU.ActiveCfg = Debug|Any CPU
		{4163D8DB-B42F-461C-B016-EFEA3873FE72}.Debug|Any CPU.Build.0 = Debug|Any CPU
		{4163D8DB-B42F-461C-B016-EFEA3873FE72}.Debug|x64.ActiveCfg = Debug|Any CPU
		{4163D8DB-B42F-461C-B016-EFEA3873FE72}.Debug|x64.Build.0 = Debug|Any CPU
		{4163D8DB-B42F-461C-B016-EFEA3873FE72}.Debug|x86.ActiveCfg = Debug|Any CPU
		{4163D8DB-B42F-461C-B016-EFEA3873FE72}.Debug|x86.Build.0 = Debug|Any CPU
		{4163D8DB-B42F-461C-B016-EFEA3873FE72}.Release|Any CPU.ActiveCfg = Release|Any CPU
		{4163D8DB-B42F-461C-B016-EFEA3873FE72}.Release|Any CPU.Build.0 = Release|Any CPU
		{4163D8DB-B42F-461C-B016-EFEA3873FE72}.Release|x64.ActiveCfg = Release|Any CPU
		{4163D8DB-B42F-461C-B016-EFEA3873FE72}.Release|x64.Build.0 = Release|Any CPU
		{4163D8DB-B42F-461C-B016-EFEA3873FE72}.Release|x86.ActiveCfg = Release|Any CPU
		{4163D8DB-B42F-461C-B016-EFEA3873FE72}.Release|x86.Build.0 = Release|Any CPU
		{3850016C-6C7B-48D5-A325-86507C90380E}.Debug|Any CPU.ActiveCfg = Debug|Any CPU
		{3850016C-6C7B-48D5-A325-86507C90380E}.Debug|Any CPU.Build.0 = Debug|Any CPU
		{3850016C-6C7B-48D5-A325-86507C90380E}.Debug|x64.ActiveCfg = Debug|Any CPU
		{3850016C-6C7B-48D5-A325-86507C90380E}.Debug|x64.Build.0 = Debug|Any CPU
		{3850016C-6C7B-48D5-A325-86507C90380E}.Debug|x86.ActiveCfg = Debug|Any CPU
		{3850016C-6C7B-48D5-A325-86507C90380E}.Debug|x86.Build.0 = Debug|Any CPU
		{3850016C-6C7B-48D5-A325-86507C90380E}.Release|Any CPU.ActiveCfg = Release|Any CPU
		{3850016C-6C7B-48D5-A325-86507C90380E}.Release|Any CPU.Build.0 = Release|Any CPU
		{3850016C-6C7B-48D5-A325-86507C90380E}.Release|x64.ActiveCfg = Release|Any CPU
		{3850016C-6C7B-48D5-A325-86507C90380E}.Release|x64.Build.0 = Release|Any CPU
		{3850016C-6C7B-48D5-A325-86507C90380E}.Release|x86.ActiveCfg = Release|Any CPU
		{3850016C-6C7B-48D5-A325-86507C90380E}.Release|x86.Build.0 = Release|Any CPU
		{7CC11F30-CF18-4FB2-BE2D-1E75CF9DF82B}.Debug|Any CPU.ActiveCfg = Debug|Any CPU
		{7CC11F30-CF18-4FB2-BE2D-1E75CF9DF82B}.Debug|Any CPU.Build.0 = Debug|Any CPU
		{7CC11F30-CF18-4FB2-BE2D-1E75CF9DF82B}.Debug|x64.ActiveCfg = Debug|Any CPU
		{7CC11F30-CF18-4FB2-BE2D-1E75CF9DF82B}.Debug|x64.Build.0 = Debug|Any CPU
		{7CC11F30-CF18-4FB2-BE2D-1E75CF9DF82B}.Debug|x86.ActiveCfg = Debug|Any CPU
		{7CC11F30-CF18-4FB2-BE2D-1E75CF9DF82B}.Debug|x86.Build.0 = Debug|Any CPU
		{7CC11F30-CF18-4FB2-BE2D-1E75CF9DF82B}.Release|Any CPU.ActiveCfg = Release|Any CPU
		{7CC11F30-CF18-4FB2-BE2D-1E75CF9DF82B}.Release|Any CPU.Build.0 = Release|Any CPU
		{7CC11F30-CF18-4FB2-BE2D-1E75CF9DF82B}.Release|x64.ActiveCfg = Release|Any CPU
		{7CC11F30-CF18-4FB2-BE2D-1E75CF9DF82B}.Release|x64.Build.0 = Release|Any CPU
		{7CC11F30-CF18-4FB2-BE2D-1E75CF9DF82B}.Release|x86.ActiveCfg = Release|Any CPU
		{7CC11F30-CF18-4FB2-BE2D-1E75CF9DF82B}.Release|x86.Build.0 = Release|Any CPU
		{EB1BAC34-7D55-433C-87D7-CB92C40D81BB}.Debug|Any CPU.ActiveCfg = Debug|Any CPU
		{EB1BAC34-7D55-433C-87D7-CB92C40D81BB}.Debug|Any CPU.Build.0 = Debug|Any CPU
		{EB1BAC34-7D55-433C-87D7-CB92C40D81BB}.Debug|x64.ActiveCfg = Debug|Any CPU
		{EB1BAC34-7D55-433C-87D7-CB92C40D81BB}.Debug|x64.Build.0 = Debug|Any CPU
		{EB1BAC34-7D55-433C-87D7-CB92C40D81BB}.Debug|x86.ActiveCfg = Debug|Any CPU
		{EB1BAC34-7D55-433C-87D7-CB92C40D81BB}.Debug|x86.Build.0 = Debug|Any CPU
		{EB1BAC34-7D55-433C-87D7-CB92C40D81BB}.Release|Any CPU.ActiveCfg = Release|Any CPU
		{EB1BAC34-7D55-433C-87D7-CB92C40D81BB}.Release|Any CPU.Build.0 = Release|Any CPU
		{EB1BAC34-7D55-433C-87D7-CB92C40D81BB}.Release|x64.ActiveCfg = Release|Any CPU
		{EB1BAC34-7D55-433C-87D7-CB92C40D81BB}.Release|x64.Build.0 = Release|Any CPU
		{EB1BAC34-7D55-433C-87D7-CB92C40D81BB}.Release|x86.ActiveCfg = Release|Any CPU
		{EB1BAC34-7D55-433C-87D7-CB92C40D81BB}.Release|x86.Build.0 = Release|Any CPU
		{A03BCF31-F6F6-41B1-ADED-5D4ED8FA3B62}.Debug|Any CPU.ActiveCfg = Debug|Any CPU
		{A03BCF31-F6F6-41B1-ADED-5D4ED8FA3B62}.Debug|Any CPU.Build.0 = Debug|Any CPU
		{A03BCF31-F6F6-41B1-ADED-5D4ED8FA3B62}.Debug|x64.ActiveCfg = Debug|Any CPU
		{A03BCF31-F6F6-41B1-ADED-5D4ED8FA3B62}.Debug|x64.Build.0 = Debug|Any CPU
		{A03BCF31-F6F6-41B1-ADED-5D4ED8FA3B62}.Debug|x86.ActiveCfg = Debug|Any CPU
		{A03BCF31-F6F6-41B1-ADED-5D4ED8FA3B62}.Debug|x86.Build.0 = Debug|Any CPU
		{A03BCF31-F6F6-41B1-ADED-5D4ED8FA3B62}.Release|Any CPU.ActiveCfg = Release|Any CPU
		{A03BCF31-F6F6-41B1-ADED-5D4ED8FA3B62}.Release|Any CPU.Build.0 = Release|Any CPU
		{A03BCF31-F6F6-41B1-ADED-5D4ED8FA3B62}.Release|x64.ActiveCfg = Release|Any CPU
		{A03BCF31-F6F6-41B1-ADED-5D4ED8FA3B62}.Release|x64.Build.0 = Release|Any CPU
		{A03BCF31-F6F6-41B1-ADED-5D4ED8FA3B62}.Release|x86.ActiveCfg = Release|Any CPU
		{A03BCF31-F6F6-41B1-ADED-5D4ED8FA3B62}.Release|x86.Build.0 = Release|Any CPU
		{5FF5A89F-22F7-429F-9DD5-0758D7DB6C44}.Debug|Any CPU.ActiveCfg = Debug|Any CPU
		{5FF5A89F-22F7-429F-9DD5-0758D7DB6C44}.Debug|Any CPU.Build.0 = Debug|Any CPU
		{5FF5A89F-22F7-429F-9DD5-0758D7DB6C44}.Debug|x64.ActiveCfg = Debug|Any CPU
		{5FF5A89F-22F7-429F-9DD5-0758D7DB6C44}.Debug|x64.Build.0 = Debug|Any CPU
		{5FF5A89F-22F7-429F-9DD5-0758D7DB6C44}.Debug|x86.ActiveCfg = Debug|Any CPU
		{5FF5A89F-22F7-429F-9DD5-0758D7DB6C44}.Debug|x86.Build.0 = Debug|Any CPU
		{5FF5A89F-22F7-429F-9DD5-0758D7DB6C44}.Release|Any CPU.ActiveCfg = Release|Any CPU
		{5FF5A89F-22F7-429F-9DD5-0758D7DB6C44}.Release|Any CPU.Build.0 = Release|Any CPU
		{5FF5A89F-22F7-429F-9DD5-0758D7DB6C44}.Release|x64.ActiveCfg = Release|Any CPU
		{5FF5A89F-22F7-429F-9DD5-0758D7DB6C44}.Release|x64.Build.0 = Release|Any CPU
		{5FF5A89F-22F7-429F-9DD5-0758D7DB6C44}.Release|x86.ActiveCfg = Release|Any CPU
		{5FF5A89F-22F7-429F-9DD5-0758D7DB6C44}.Release|x86.Build.0 = Release|Any CPU
		{6A72F988-A24A-4745-954D-6CDDF24C8090}.Debug|Any CPU.ActiveCfg = Debug|Any CPU
		{6A72F988-A24A-4745-954D-6CDDF24C8090}.Debug|Any CPU.Build.0 = Debug|Any CPU
		{6A72F988-A24A-4745-954D-6CDDF24C8090}.Debug|x64.ActiveCfg = Debug|Any CPU
		{6A72F988-A24A-4745-954D-6CDDF24C8090}.Debug|x64.Build.0 = Debug|Any CPU
		{6A72F988-A24A-4745-954D-6CDDF24C8090}.Debug|x86.ActiveCfg = Debug|Any CPU
		{6A72F988-A24A-4745-954D-6CDDF24C8090}.Debug|x86.Build.0 = Debug|Any CPU
		{6A72F988-A24A-4745-954D-6CDDF24C8090}.Release|Any CPU.ActiveCfg = Release|Any CPU
		{6A72F988-A24A-4745-954D-6CDDF24C8090}.Release|Any CPU.Build.0 = Release|Any CPU
		{6A72F988-A24A-4745-954D-6CDDF24C8090}.Release|x64.ActiveCfg = Release|Any CPU
		{6A72F988-A24A-4745-954D-6CDDF24C8090}.Release|x64.Build.0 = Release|Any CPU
		{6A72F988-A24A-4745-954D-6CDDF24C8090}.Release|x86.ActiveCfg = Release|Any CPU
		{6A72F988-A24A-4745-954D-6CDDF24C8090}.Release|x86.Build.0 = Release|Any CPU
	EndGlobalSection
	GlobalSection(SolutionProperties) = preSolution
		HideSolutionNode = FALSE
	EndGlobalSection
	GlobalSection(NestedProjects) = preSolution
		{91AF5C20-CAD8-46DB-AC10-E3E5FC05373D} = {827E0CD3-B72D-47B6-A68D-7590B98EB39B}
		{647761B0-F0D1-49E2-AB67-93920BE58E0C} = {827E0CD3-B72D-47B6-A68D-7590B98EB39B}
		{31785806-C4A0-48B5-B5B0-C4E09C301D1E} = {827E0CD3-B72D-47B6-A68D-7590B98EB39B}
		{0A43E3E7-CD12-4AB2-8369-085D6D2A22CE} = {827E0CD3-B72D-47B6-A68D-7590B98EB39B}
		{DA435CDE-FCC9-420F-A773-7D40960AFA4B} = {827E0CD3-B72D-47B6-A68D-7590B98EB39B}
		{90310F40-82E9-4D0E-B0F5-884214D9AFE7} = {827E0CD3-B72D-47B6-A68D-7590B98EB39B}
		{ED6628C8-B452-49F2-AE22-DB6B92937C48} = {827E0CD3-B72D-47B6-A68D-7590B98EB39B}
		{1D255B54-5A45-464E-A600-35D652EC156D} = {827E0CD3-B72D-47B6-A68D-7590B98EB39B}
		{B9AB40D5-7CE5-4183-8887-C296493445B6} = {827E0CD3-B72D-47B6-A68D-7590B98EB39B}
		{F788DE73-5F23-47D2-B674-BF2EB534BDDC} = {827E0CD3-B72D-47B6-A68D-7590B98EB39B}
		{A0B32FDF-CFB5-464F-8EC9-8B09B814E602} = {827E0CD3-B72D-47B6-A68D-7590B98EB39B}
		{50F7596D-1C21-41D6-9A3A-B981BF2581C3} = {827E0CD3-B72D-47B6-A68D-7590B98EB39B}
		{8E9D8DA3-220E-439A-8234-5A9077B8778E} = {827E0CD3-B72D-47B6-A68D-7590B98EB39B}
		{2E08C3F7-A2B8-4516-B60B-47768298D2F2} = {827E0CD3-B72D-47B6-A68D-7590B98EB39B}
		{4163D8DB-B42F-461C-B016-EFEA3873FE72} = {827E0CD3-B72D-47B6-A68D-7590B98EB39B}
		{3850016C-6C7B-48D5-A325-86507C90380E} = {0C88DD14-F956-CE84-757C-A364CCF449FC}
		{935C4FF9-8B5E-1FBA-4117-FAEFD052FCC5} = {6C4D298B-81FB-2B6B-5AB6-46205EDDC72C}
		{7CC11F30-CF18-4FB2-BE2D-1E75CF9DF82B} = {935C4FF9-8B5E-1FBA-4117-FAEFD052FCC5}
		{EB1BAC34-7D55-433C-87D7-CB92C40D81BB} = {935C4FF9-8B5E-1FBA-4117-FAEFD052FCC5}
		{A03BCF31-F6F6-41B1-ADED-5D4ED8FA3B62} = {935C4FF9-8B5E-1FBA-4117-FAEFD052FCC5}
		{5FF5A89F-22F7-429F-9DD5-0758D7DB6C44} = {935C4FF9-8B5E-1FBA-4117-FAEFD052FCC5}
		{DD9B9820-8A3B-57C2-9B1B-A9BE0AF659EC} = {6C4D298B-81FB-2B6B-5AB6-46205EDDC72C}
		{6A72F988-A24A-4745-954D-6CDDF24C8090} = {DD9B9820-8A3B-57C2-9B1B-A9BE0AF659EC}
	EndGlobalSection
EndGlobal
