
Microsoft Visual Studio Solution File, Format Version 12.00
# Visual Studio Version 17
VisualStudioVersion = 17.0.31903.59
MinimumVisualStudioVersion = 10.0.40219.1
Project("{2150E333-8FDC-42A3-9474-1A3956D46DE8}") = "test", "test", "{B40D59E6-C033-4545-95CE-66FAE5A99850}"
EndProject
Project("{FAE04EC0-301F-11D3-BF4B-00C04F79EFBC}") = "Altinn.AccessManagement.Tests", "test\Altinn.AccessManagement.Tests\Altinn.AccessManagement.Tests.csproj", "{F6A26B3B-6FB2-4A35-AA1A-A191EB67FECA}"
EndProject
Project("{2150E333-8FDC-42A3-9474-1A3956D46DE8}") = "src", "src", "{9C5D049B-4AFA-40AD-8F91-D01E8758CF06}"
EndProject
Project("{FAE04EC0-301F-11D3-BF4B-00C04F79EFBC}") = "Altinn.AccessManagement.Core", "src\Altinn.AccessManagement.Core\Altinn.AccessManagement.Core.csproj", "{38181C47-751F-4B01-880F-C2044E2E926C}"
EndProject
Project("{FAE04EC0-301F-11D3-BF4B-00C04F79EFBC}") = "Altinn.AccessManagement.Integration", "src\Altinn.AccessManagement.Integration\Altinn.AccessManagement.Integration.csproj", "{EBA244CE-E529-4E35-B47E-14D469236F4F}"
EndProject
Project("{FAE04EC0-301F-11D3-BF4B-00C04F79EFBC}") = "Altinn.AccessManagement", "src\Altinn.Authorization.AccessManagement\Altinn.AccessManagement.csproj", "{AC293EEC-83E0-4F3A-91C5-5060EAC81FC4}"
EndProject
Project("{FAE04EC0-301F-11D3-BF4B-00C04F79EFBC}") = "Altinn.AccessManagement.Persistence", "src\Altinn.AccessManagement.Persistence\Altinn.AccessManagement.Persistence.csproj", "{4959F46E-ECC0-4C6D-9D3B-9CB7F8F04B38}"
EndProject
Global
	GlobalSection(SolutionConfigurationPlatforms) = preSolution
		Debug|Any CPU = Debug|Any CPU
		Release|Any CPU = Release|Any CPU
	EndGlobalSection
	GlobalSection(SolutionProperties) = preSolution
		HideSolutionNode = FALSE
	EndGlobalSection
	GlobalSection(ProjectConfigurationPlatforms) = postSolution
		{F6A26B3B-6FB2-4A35-AA1A-A191EB67FECA}.Debug|Any CPU.ActiveCfg = Debug|Any CPU
		{F6A26B3B-6FB2-4A35-AA1A-A191EB67FECA}.Debug|Any CPU.Build.0 = Debug|Any CPU
		{F6A26B3B-6FB2-4A35-AA1A-A191EB67FECA}.Release|Any CPU.ActiveCfg = Release|Any CPU
		{F6A26B3B-6FB2-4A35-AA1A-A191EB67FECA}.Release|Any CPU.Build.0 = Release|Any CPU
		{38181C47-751F-4B01-880F-C2044E2E926C}.Debug|Any CPU.ActiveCfg = Debug|Any CPU
		{38181C47-751F-4B01-880F-C2044E2E926C}.Debug|Any CPU.Build.0 = Debug|Any CPU
		{38181C47-751F-4B01-880F-C2044E2E926C}.Release|Any CPU.ActiveCfg = Release|Any CPU
		{38181C47-751F-4B01-880F-C2044E2E926C}.Release|Any CPU.Build.0 = Release|Any CPU
		{EBA244CE-E529-4E35-B47E-14D469236F4F}.Debug|Any CPU.ActiveCfg = Debug|Any CPU
		{EBA244CE-E529-4E35-B47E-14D469236F4F}.Debug|Any CPU.Build.0 = Debug|Any CPU
		{EBA244CE-E529-4E35-B47E-14D469236F4F}.Release|Any CPU.ActiveCfg = Release|Any CPU
		{EBA244CE-E529-4E35-B47E-14D469236F4F}.Release|Any CPU.Build.0 = Release|Any CPU
		{AC293EEC-83E0-4F3A-91C5-5060EAC81FC4}.Debug|Any CPU.ActiveCfg = Debug|Any CPU
		{AC293EEC-83E0-4F3A-91C5-5060EAC81FC4}.Debug|Any CPU.Build.0 = Debug|Any CPU
		{AC293EEC-83E0-4F3A-91C5-5060EAC81FC4}.Release|Any CPU.ActiveCfg = Release|Any CPU
		{AC293EEC-83E0-4F3A-91C5-5060EAC81FC4}.Release|Any CPU.Build.0 = Release|Any CPU
		{4959F46E-ECC0-4C6D-9D3B-9CB7F8F04B38}.Debug|Any CPU.ActiveCfg = Debug|Any CPU
		{4959F46E-ECC0-4C6D-9D3B-9CB7F8F04B38}.Debug|Any CPU.Build.0 = Debug|Any CPU
		{4959F46E-ECC0-4C6D-9D3B-9CB7F8F04B38}.Release|Any CPU.ActiveCfg = Release|Any CPU
		{4959F46E-ECC0-4C6D-9D3B-9CB7F8F04B38}.Release|Any CPU.Build.0 = Release|Any CPU
	EndGlobalSection
	GlobalSection(NestedProjects) = preSolution
		{F6A26B3B-6FB2-4A35-AA1A-A191EB67FECA} = {B40D59E6-C033-4545-95CE-66FAE5A99850}
		{38181C47-751F-4B01-880F-C2044E2E926C} = {9C5D049B-4AFA-40AD-8F91-D01E8758CF06}
		{EBA244CE-E529-4E35-B47E-14D469236F4F} = {9C5D049B-4AFA-40AD-8F91-D01E8758CF06}
		{AC293EEC-83E0-4F3A-91C5-5060EAC81FC4} = {9C5D049B-4AFA-40AD-8F91-D01E8758CF06}
		{4959F46E-ECC0-4C6D-9D3B-9CB7F8F04B38} = {9C5D049B-4AFA-40AD-8F91-D01E8758CF06}
	EndGlobalSection
EndGlobal
