
Microsoft Visual Studio Solution File, Format Version 12.00
# Visual Studio Version 17
VisualStudioVersion = 17.0.31903.59
MinimumVisualStudioVersion = 10.0.40219.1
Project("{2150E333-8FDC-42A3-9474-1A3956D46DE8}") = "src", "src", "{9801E371-95B6-4547-8A39-158F62900782}"
EndProject
Project("{FAE04EC0-301F-11D3-BF4B-00C04F79EFBC}") = "Altinn.AccessManagement.Core", "src\Altinn.AccessManagement.Core\Altinn.AccessManagement.Core.csproj", "{E5291D26-6F7B-4B12-AE0D-4A7630971E46}"
EndProject
Project("{FAE04EC0-301F-11D3-BF4B-00C04F79EFBC}") = "Altinn.AccessManagement", "src\Altinn.AccessManagement\Altinn.AccessManagement.csproj", "{06B4CB1F-120B-4C55-B54E-D442B8911C2B}"
EndProject
Project("{2150E333-8FDC-42A3-9474-1A3956D46DE8}") = "test", "test", "{4B6813E7-FFE8-4942-A884-B79743A5DA2F}"
EndProject
Project("{FAE04EC0-301F-11D3-BF4B-00C04F79EFBC}") = "Altinn.AccessManagement.Tests", "test\Altinn.AccessManagement.Tests\Altinn.AccessManagement.Tests.csproj", "{E3D5A776-523E-4B54-9E76-3CA54FBBB466}"
EndProject
Project("{FAE04EC0-301F-11D3-BF4B-00C04F79EFBC}") = "Altinn.AccessManagement.Integration", "src\Altinn.AccessManagement.Integration\Altinn.AccessManagement.Integration.csproj", "{7D222AD2-5281-4506-B046-509ABB5B3CA2}"
EndProject
Project("{FAE04EC0-301F-11D3-BF4B-00C04F79EFBC}") = "Altinn.AccessManagement.Persistence", "src\Altinn.AccessManagement.Persistence\Altinn.AccessManagement.Persistence.csproj", "{379EB31F-35A2-49A7-AF19-A3751E2A9FD1}"
EndProject
Global
	GlobalSection(SolutionConfigurationPlatforms) = preSolution
		Debug|Any CPU = Debug|Any CPU
		Release|Any CPU = Release|Any CPU
	EndGlobalSection
	GlobalSection(SolutionProperties) = preSolution
		HideSolutionNode = FALSE
	EndGlobalSection
	GlobalSection(ProjectConfigurationPlatforms) = postSolution
		{E5291D26-6F7B-4B12-AE0D-4A7630971E46}.Debug|Any CPU.ActiveCfg = Debug|Any CPU
		{E5291D26-6F7B-4B12-AE0D-4A7630971E46}.Debug|Any CPU.Build.0 = Debug|Any CPU
		{E5291D26-6F7B-4B12-AE0D-4A7630971E46}.Release|Any CPU.ActiveCfg = Release|Any CPU
		{E5291D26-6F7B-4B12-AE0D-4A7630971E46}.Release|Any CPU.Build.0 = Release|Any CPU
		{06B4CB1F-120B-4C55-B54E-D442B8911C2B}.Debug|Any CPU.ActiveCfg = Debug|Any CPU
		{06B4CB1F-120B-4C55-B54E-D442B8911C2B}.Debug|Any CPU.Build.0 = Debug|Any CPU
		{06B4CB1F-120B-4C55-B54E-D442B8911C2B}.Release|Any CPU.ActiveCfg = Release|Any CPU
		{06B4CB1F-120B-4C55-B54E-D442B8911C2B}.Release|Any CPU.Build.0 = Release|Any CPU
		{E3D5A776-523E-4B54-9E76-3CA54FBBB466}.Debug|Any CPU.ActiveCfg = Debug|Any CPU
		{E3D5A776-523E-4B54-9E76-3CA54FBBB466}.Debug|Any CPU.Build.0 = Debug|Any CPU
		{E3D5A776-523E-4B54-9E76-3CA54FBBB466}.Release|Any CPU.ActiveCfg = Release|Any CPU
		{E3D5A776-523E-4B54-9E76-3CA54FBBB466}.Release|Any CPU.Build.0 = Release|Any CPU
		{7D222AD2-5281-4506-B046-509ABB5B3CA2}.Debug|Any CPU.ActiveCfg = Debug|Any CPU
		{7D222AD2-5281-4506-B046-509ABB5B3CA2}.Debug|Any CPU.Build.0 = Debug|Any CPU
		{7D222AD2-5281-4506-B046-509ABB5B3CA2}.Release|Any CPU.ActiveCfg = Release|Any CPU
		{7D222AD2-5281-4506-B046-509ABB5B3CA2}.Release|Any CPU.Build.0 = Release|Any CPU
		{379EB31F-35A2-49A7-AF19-A3751E2A9FD1}.Debug|Any CPU.ActiveCfg = Debug|Any CPU
		{379EB31F-35A2-49A7-AF19-A3751E2A9FD1}.Debug|Any CPU.Build.0 = Debug|Any CPU
		{379EB31F-35A2-49A7-AF19-A3751E2A9FD1}.Release|Any CPU.ActiveCfg = Release|Any CPU
		{379EB31F-35A2-49A7-AF19-A3751E2A9FD1}.Release|Any CPU.Build.0 = Release|Any CPU
	EndGlobalSection
	GlobalSection(NestedProjects) = preSolution
		{E5291D26-6F7B-4B12-AE0D-4A7630971E46} = {9801E371-95B6-4547-8A39-158F62900782}
		{06B4CB1F-120B-4C55-B54E-D442B8911C2B} = {9801E371-95B6-4547-8A39-158F62900782}
		{E3D5A776-523E-4B54-9E76-3CA54FBBB466} = {4B6813E7-FFE8-4942-A884-B79743A5DA2F}
		{7D222AD2-5281-4506-B046-509ABB5B3CA2} = {9801E371-95B6-4547-8A39-158F62900782}
		{379EB31F-35A2-49A7-AF19-A3751E2A9FD1} = {9801E371-95B6-4547-8A39-158F62900782}
	EndGlobalSection
EndGlobal
