
Microsoft Visual Studio Solution File, Format Version 12.00
# Visual Studio Version 17
VisualStudioVersion = 17.0.31903.59
MinimumVisualStudioVersion = 10.0.40219.1
Project("{2150E333-8FDC-42A3-9474-1A3956D46DE8}") = "src", "src", "{827E0CD3-B72D-47B6-A68D-7590B98EB39B}"
EndProject
Project("{FAE04EC0-301F-11D3-BF4B-00C04F79EFBC}") = "Altinn.Authorization.Configuration", "src\Altinn.Authorization.Configuration\Altinn.Authorization.Configuration.csproj", "{F46B2ABA-3275-40E5-879C-48D08C0138B7}"
EndProject
Project("{FAE04EC0-301F-11D3-BF4B-00C04F79EFBC}") = "Altinn.Authorization.Configuration.MassTransit", "src\Altinn.Authorization.Configuration.MassTransit\Altinn.Authorization.Configuration.MassTransit.csproj", "{3D147FF4-DEED-49F7-9837-08095F50FDD7}"
EndProject
Project("{FAE04EC0-301F-11D3-BF4B-00C04F79EFBC}") = "Altinn.Authorization.Configuration.OpenTelemetry", "src\Altinn.Authorization.Configuration.OpenTelemetry\Altinn.Authorization.Configuration.OpenTelemetry.csproj", "{20B5C148-7107-41E6-B21A-333583B37EB7}"
EndProject
Project("{FAE04EC0-301F-11D3-BF4B-00C04F79EFBC}") = "Altinn.Authorization.Configuration.Postgres", "src\Altinn.Authorization.Configuration.Postgres\Altinn.Authorization.Configuration.Postgres.csproj", "{3B7D4F35-D594-4977-A532-7BD4E89DE176}"
EndProject
Global
	GlobalSection(SolutionConfigurationPlatforms) = preSolution
		Debug|Any CPU = Debug|Any CPU
		Debug|x64 = Debug|x64
		Debug|x86 = Debug|x86
		Release|Any CPU = Release|Any CPU
		Release|x64 = Release|x64
		Release|x86 = Release|x86
	EndGlobalSection
	GlobalSection(ProjectConfigurationPlatforms) = postSolution
		{F46B2ABA-3275-40E5-879C-48D08C0138B7}.Debug|Any CPU.ActiveCfg = Debug|Any CPU
		{F46B2ABA-3275-40E5-879C-48D08C0138B7}.Debug|Any CPU.Build.0 = Debug|Any CPU
		{F46B2ABA-3275-40E5-879C-48D08C0138B7}.Debug|x64.ActiveCfg = Debug|Any CPU
		{F46B2ABA-3275-40E5-879C-48D08C0138B7}.Debug|x64.Build.0 = Debug|Any CPU
		{F46B2ABA-3275-40E5-879C-48D08C0138B7}.Debug|x86.ActiveCfg = Debug|Any CPU
		{F46B2ABA-3275-40E5-879C-48D08C0138B7}.Debug|x86.Build.0 = Debug|Any CPU
		{F46B2ABA-3275-40E5-879C-48D08C0138B7}.Release|Any CPU.ActiveCfg = Release|Any CPU
		{F46B2ABA-3275-40E5-879C-48D08C0138B7}.Release|Any CPU.Build.0 = Release|Any CPU
		{F46B2ABA-3275-40E5-879C-48D08C0138B7}.Release|x64.ActiveCfg = Release|Any CPU
		{F46B2ABA-3275-40E5-879C-48D08C0138B7}.Release|x64.Build.0 = Release|Any CPU
		{F46B2ABA-3275-40E5-879C-48D08C0138B7}.Release|x86.ActiveCfg = Release|Any CPU
		{F46B2ABA-3275-40E5-879C-48D08C0138B7}.Release|x86.Build.0 = Release|Any CPU
		{3D147FF4-DEED-49F7-9837-08095F50FDD7}.Debug|Any CPU.ActiveCfg = Debug|Any CPU
		{3D147FF4-DEED-49F7-9837-08095F50FDD7}.Debug|Any CPU.Build.0 = Debug|Any CPU
		{3D147FF4-DEED-49F7-9837-08095F50FDD7}.Debug|x64.ActiveCfg = Debug|Any CPU
		{3D147FF4-DEED-49F7-9837-08095F50FDD7}.Debug|x64.Build.0 = Debug|Any CPU
		{3D147FF4-DEED-49F7-9837-08095F50FDD7}.Debug|x86.ActiveCfg = Debug|Any CPU
		{3D147FF4-DEED-49F7-9837-08095F50FDD7}.Debug|x86.Build.0 = Debug|Any CPU
		{3D147FF4-DEED-49F7-9837-08095F50FDD7}.Release|Any CPU.ActiveCfg = Release|Any CPU
		{3D147FF4-DEED-49F7-9837-08095F50FDD7}.Release|Any CPU.Build.0 = Release|Any CPU
		{3D147FF4-DEED-49F7-9837-08095F50FDD7}.Release|x64.ActiveCfg = Release|Any CPU
		{3D147FF4-DEED-49F7-9837-08095F50FDD7}.Release|x64.Build.0 = Release|Any CPU
		{3D147FF4-DEED-49F7-9837-08095F50FDD7}.Release|x86.ActiveCfg = Release|Any CPU
		{3D147FF4-DEED-49F7-9837-08095F50FDD7}.Release|x86.Build.0 = Release|Any CPU
		{20B5C148-7107-41E6-B21A-333583B37EB7}.Debug|Any CPU.ActiveCfg = Debug|Any CPU
		{20B5C148-7107-41E6-B21A-333583B37EB7}.Debug|Any CPU.Build.0 = Debug|Any CPU
		{20B5C148-7107-41E6-B21A-333583B37EB7}.Debug|x64.ActiveCfg = Debug|Any CPU
		{20B5C148-7107-41E6-B21A-333583B37EB7}.Debug|x64.Build.0 = Debug|Any CPU
		{20B5C148-7107-41E6-B21A-333583B37EB7}.Debug|x86.ActiveCfg = Debug|Any CPU
		{20B5C148-7107-41E6-B21A-333583B37EB7}.Debug|x86.Build.0 = Debug|Any CPU
		{20B5C148-7107-41E6-B21A-333583B37EB7}.Release|Any CPU.ActiveCfg = Release|Any CPU
		{20B5C148-7107-41E6-B21A-333583B37EB7}.Release|Any CPU.Build.0 = Release|Any CPU
		{20B5C148-7107-41E6-B21A-333583B37EB7}.Release|x64.ActiveCfg = Release|Any CPU
		{20B5C148-7107-41E6-B21A-333583B37EB7}.Release|x64.Build.0 = Release|Any CPU
		{20B5C148-7107-41E6-B21A-333583B37EB7}.Release|x86.ActiveCfg = Release|Any CPU
		{20B5C148-7107-41E6-B21A-333583B37EB7}.Release|x86.Build.0 = Release|Any CPU
		{3B7D4F35-D594-4977-A532-7BD4E89DE176}.Debug|Any CPU.ActiveCfg = Debug|Any CPU
		{3B7D4F35-D594-4977-A532-7BD4E89DE176}.Debug|Any CPU.Build.0 = Debug|Any CPU
		{3B7D4F35-D594-4977-A532-7BD4E89DE176}.Debug|x64.ActiveCfg = Debug|Any CPU
		{3B7D4F35-D594-4977-A532-7BD4E89DE176}.Debug|x64.Build.0 = Debug|Any CPU
		{3B7D4F35-D594-4977-A532-7BD4E89DE176}.Debug|x86.ActiveCfg = Debug|Any CPU
		{3B7D4F35-D594-4977-A532-7BD4E89DE176}.Debug|x86.Build.0 = Debug|Any CPU
		{3B7D4F35-D594-4977-A532-7BD4E89DE176}.Release|Any CPU.ActiveCfg = Release|Any CPU
		{3B7D4F35-D594-4977-A532-7BD4E89DE176}.Release|Any CPU.Build.0 = Release|Any CPU
		{3B7D4F35-D594-4977-A532-7BD4E89DE176}.Release|x64.ActiveCfg = Release|Any CPU
		{3B7D4F35-D594-4977-A532-7BD4E89DE176}.Release|x64.Build.0 = Release|Any CPU
		{3B7D4F35-D594-4977-A532-7BD4E89DE176}.Release|x86.ActiveCfg = Release|Any CPU
		{3B7D4F35-D594-4977-A532-7BD4E89DE176}.Release|x86.Build.0 = Release|Any CPU
	EndGlobalSection
	GlobalSection(SolutionProperties) = preSolution
		HideSolutionNode = FALSE
	EndGlobalSection
	GlobalSection(NestedProjects) = preSolution
		{F46B2ABA-3275-40E5-879C-48D08C0138B7} = {827E0CD3-B72D-47B6-A68D-7590B98EB39B}
		{3D147FF4-DEED-49F7-9837-08095F50FDD7} = {827E0CD3-B72D-47B6-A68D-7590B98EB39B}
		{20B5C148-7107-41E6-B21A-333583B37EB7} = {827E0CD3-B72D-47B6-A68D-7590B98EB39B}
		{3B7D4F35-D594-4977-A532-7BD4E89DE176} = {827E0CD3-B72D-47B6-A68D-7590B98EB39B}
	EndGlobalSection
EndGlobal
