
Microsoft Visual Studio Solution File, Format Version 12.00
# Visual Studio Version 17
VisualStudioVersion = 17.0.31903.59
MinimumVisualStudioVersion = 10.0.40219.1
Project("{2150E333-8FDC-42A3-9474-1A3956D46DE8}") = "src", "src", "{827E0CD3-B72D-47B6-A68D-7590B98EB39B}"
EndProject
Project("{FAE04EC0-301F-11D3-BF4B-00C04F79EFBC}") = "Altinn.Authorization.Configuration", "src\Altinn.Authorization.Configuration\Altinn.Authorization.Configuration.csproj", "{9D404707-5989-463E-A895-CA979B52A5A5}"
EndProject
Project("{FAE04EC0-301F-11D3-BF4B-00C04F79EFBC}") = "Altinn.Authorization.Configuration.MassTransit", "src\Altinn.Authorization.Configuration.MassTransit\Altinn.Authorization.Configuration.MassTransit.csproj", "{3A87B9A4-CB23-48F5-8E56-DF0B6F76D30C}"
EndProject
Project("{FAE04EC0-301F-11D3-BF4B-00C04F79EFBC}") = "Altinn.Authorization.Configuration.OpenTelemetry", "src\Altinn.Authorization.Configuration.OpenTelemetry\Altinn.Authorization.Configuration.OpenTelemetry.csproj", "{50470F4A-4B58-4AB0-8334-0C373C4A4FB3}"
EndProject
Project("{FAE04EC0-301F-11D3-BF4B-00C04F79EFBC}") = "Altinn.Authorization.Configuration.Postgres", "src\Altinn.Authorization.Configuration.Postgres\Altinn.Authorization.Configuration.Postgres.csproj", "{A1CFA513-CA08-481B-B3CF-11B7CDDFA3FD}"
EndProject
Global
	GlobalSection(SolutionConfigurationPlatforms) = preSolution
		Debug|Any CPU = Debug|Any CPU
		Debug|x64 = Debug|x64
		Debug|x86 = Debug|x86
		Release|Any CPU = Release|Any CPU
		Release|x64 = Release|x64
		Release|x86 = Release|x86
	EndGlobalSection
	GlobalSection(ProjectConfigurationPlatforms) = postSolution
		{9D404707-5989-463E-A895-CA979B52A5A5}.Debug|Any CPU.ActiveCfg = Debug|Any CPU
		{9D404707-5989-463E-A895-CA979B52A5A5}.Debug|Any CPU.Build.0 = Debug|Any CPU
		{9D404707-5989-463E-A895-CA979B52A5A5}.Debug|x64.ActiveCfg = Debug|Any CPU
		{9D404707-5989-463E-A895-CA979B52A5A5}.Debug|x64.Build.0 = Debug|Any CPU
		{9D404707-5989-463E-A895-CA979B52A5A5}.Debug|x86.ActiveCfg = Debug|Any CPU
		{9D404707-5989-463E-A895-CA979B52A5A5}.Debug|x86.Build.0 = Debug|Any CPU
		{9D404707-5989-463E-A895-CA979B52A5A5}.Release|Any CPU.ActiveCfg = Release|Any CPU
		{9D404707-5989-463E-A895-CA979B52A5A5}.Release|Any CPU.Build.0 = Release|Any CPU
		{9D404707-5989-463E-A895-CA979B52A5A5}.Release|x64.ActiveCfg = Release|Any CPU
		{9D404707-5989-463E-A895-CA979B52A5A5}.Release|x64.Build.0 = Release|Any CPU
		{9D404707-5989-463E-A895-CA979B52A5A5}.Release|x86.ActiveCfg = Release|Any CPU
		{9D404707-5989-463E-A895-CA979B52A5A5}.Release|x86.Build.0 = Release|Any CPU
		{3A87B9A4-CB23-48F5-8E56-DF0B6F76D30C}.Debug|Any CPU.ActiveCfg = Debug|Any CPU
		{3A87B9A4-CB23-48F5-8E56-DF0B6F76D30C}.Debug|Any CPU.Build.0 = Debug|Any CPU
		{3A87B9A4-CB23-48F5-8E56-DF0B6F76D30C}.Debug|x64.ActiveCfg = Debug|Any CPU
		{3A87B9A4-CB23-48F5-8E56-DF0B6F76D30C}.Debug|x64.Build.0 = Debug|Any CPU
		{3A87B9A4-CB23-48F5-8E56-DF0B6F76D30C}.Debug|x86.ActiveCfg = Debug|Any CPU
		{3A87B9A4-CB23-48F5-8E56-DF0B6F76D30C}.Debug|x86.Build.0 = Debug|Any CPU
		{3A87B9A4-CB23-48F5-8E56-DF0B6F76D30C}.Release|Any CPU.ActiveCfg = Release|Any CPU
		{3A87B9A4-CB23-48F5-8E56-DF0B6F76D30C}.Release|Any CPU.Build.0 = Release|Any CPU
		{3A87B9A4-CB23-48F5-8E56-DF0B6F76D30C}.Release|x64.ActiveCfg = Release|Any CPU
		{3A87B9A4-CB23-48F5-8E56-DF0B6F76D30C}.Release|x64.Build.0 = Release|Any CPU
		{3A87B9A4-CB23-48F5-8E56-DF0B6F76D30C}.Release|x86.ActiveCfg = Release|Any CPU
		{3A87B9A4-CB23-48F5-8E56-DF0B6F76D30C}.Release|x86.Build.0 = Release|Any CPU
		{50470F4A-4B58-4AB0-8334-0C373C4A4FB3}.Debug|Any CPU.ActiveCfg = Debug|Any CPU
		{50470F4A-4B58-4AB0-8334-0C373C4A4FB3}.Debug|Any CPU.Build.0 = Debug|Any CPU
		{50470F4A-4B58-4AB0-8334-0C373C4A4FB3}.Debug|x64.ActiveCfg = Debug|Any CPU
		{50470F4A-4B58-4AB0-8334-0C373C4A4FB3}.Debug|x64.Build.0 = Debug|Any CPU
		{50470F4A-4B58-4AB0-8334-0C373C4A4FB3}.Debug|x86.ActiveCfg = Debug|Any CPU
		{50470F4A-4B58-4AB0-8334-0C373C4A4FB3}.Debug|x86.Build.0 = Debug|Any CPU
		{50470F4A-4B58-4AB0-8334-0C373C4A4FB3}.Release|Any CPU.ActiveCfg = Release|Any CPU
		{50470F4A-4B58-4AB0-8334-0C373C4A4FB3}.Release|Any CPU.Build.0 = Release|Any CPU
		{50470F4A-4B58-4AB0-8334-0C373C4A4FB3}.Release|x64.ActiveCfg = Release|Any CPU
		{50470F4A-4B58-4AB0-8334-0C373C4A4FB3}.Release|x64.Build.0 = Release|Any CPU
		{50470F4A-4B58-4AB0-8334-0C373C4A4FB3}.Release|x86.ActiveCfg = Release|Any CPU
		{50470F4A-4B58-4AB0-8334-0C373C4A4FB3}.Release|x86.Build.0 = Release|Any CPU
		{A1CFA513-CA08-481B-B3CF-11B7CDDFA3FD}.Debug|Any CPU.ActiveCfg = Debug|Any CPU
		{A1CFA513-CA08-481B-B3CF-11B7CDDFA3FD}.Debug|Any CPU.Build.0 = Debug|Any CPU
		{A1CFA513-CA08-481B-B3CF-11B7CDDFA3FD}.Debug|x64.ActiveCfg = Debug|Any CPU
		{A1CFA513-CA08-481B-B3CF-11B7CDDFA3FD}.Debug|x64.Build.0 = Debug|Any CPU
		{A1CFA513-CA08-481B-B3CF-11B7CDDFA3FD}.Debug|x86.ActiveCfg = Debug|Any CPU
		{A1CFA513-CA08-481B-B3CF-11B7CDDFA3FD}.Debug|x86.Build.0 = Debug|Any CPU
		{A1CFA513-CA08-481B-B3CF-11B7CDDFA3FD}.Release|Any CPU.ActiveCfg = Release|Any CPU
		{A1CFA513-CA08-481B-B3CF-11B7CDDFA3FD}.Release|Any CPU.Build.0 = Release|Any CPU
		{A1CFA513-CA08-481B-B3CF-11B7CDDFA3FD}.Release|x64.ActiveCfg = Release|Any CPU
		{A1CFA513-CA08-481B-B3CF-11B7CDDFA3FD}.Release|x64.Build.0 = Release|Any CPU
		{A1CFA513-CA08-481B-B3CF-11B7CDDFA3FD}.Release|x86.ActiveCfg = Release|Any CPU
		{A1CFA513-CA08-481B-B3CF-11B7CDDFA3FD}.Release|x86.Build.0 = Release|Any CPU
	EndGlobalSection
	GlobalSection(SolutionProperties) = preSolution
		HideSolutionNode = FALSE
	EndGlobalSection
	GlobalSection(NestedProjects) = preSolution
		{9D404707-5989-463E-A895-CA979B52A5A5} = {827E0CD3-B72D-47B6-A68D-7590B98EB39B}
		{3A87B9A4-CB23-48F5-8E56-DF0B6F76D30C} = {827E0CD3-B72D-47B6-A68D-7590B98EB39B}
		{50470F4A-4B58-4AB0-8334-0C373C4A4FB3} = {827E0CD3-B72D-47B6-A68D-7590B98EB39B}
		{A1CFA513-CA08-481B-B3CF-11B7CDDFA3FD} = {827E0CD3-B72D-47B6-A68D-7590B98EB39B}
	EndGlobalSection
EndGlobal
