
Microsoft Visual Studio Solution File, Format Version 12.00
# Visual Studio Version 17
VisualStudioVersion = 17.0.31903.59
MinimumVisualStudioVersion = 10.0.40219.1
Project("{2150E333-8FDC-42A3-9474-1A3956D46DE8}") = "tests", "tests", "{9F6CCA8B-36D0-4097-A2BE-66FDB2B5A26A}"
EndProject
Project("{FAE04EC0-301F-11D3-BF4B-00C04F79EFBC}") = "Altinn.Authorization.Configuration.Tests", "tests\Altinn.Authorization.Configuration.Tests\Altinn.Authorization.Configuration.Tests.csproj", "{B095296A-9192-4E47-A12D-EA3BB4AD9C46}"
EndProject
Project("{2150E333-8FDC-42A3-9474-1A3956D46DE8}") = "src", "src", "{532B3027-2EB8-4F64-942E-B074048A46EC}"
EndProject
Project("{FAE04EC0-301F-11D3-BF4B-00C04F79EFBC}") = "Altinn.Authorization.Configuration", "src\Altinn.Authorization.Configuration\Altinn.Authorization.Configuration.csproj", "{7355EA12-E902-46CF-AA69-4DA79AF2E4CA}"
EndProject
Project("{FAE04EC0-301F-11D3-BF4B-00C04F79EFBC}") = "Altinn.Authorization.Configuration.Postgres", "src\Altinn.Authorization.Configuration.Postgres\Altinn.Authorization.Configuration.Postgres.csproj", "{7E1A40A5-8970-4676-8A19-FE652DCF2E5C}"
EndProject
Project("{FAE04EC0-301F-11D3-BF4B-00C04F79EFBC}") = "Altinn.Authorization.Configuration.OpenTelemetry", "src\Altinn.Authorization.Configuration.OpenTelemetry\Altinn.Authorization.Configuration.OpenTelemetry.csproj", "{B3F8A7A1-7814-4B15-AB2D-816B959D5FD7}"
EndProject
Global
	GlobalSection(SolutionConfigurationPlatforms) = preSolution
		Debug|Any CPU = Debug|Any CPU
		Release|Any CPU = Release|Any CPU
	EndGlobalSection
	GlobalSection(SolutionProperties) = preSolution
		HideSolutionNode = FALSE
	EndGlobalSection
	GlobalSection(ProjectConfigurationPlatforms) = postSolution
		{B095296A-9192-4E47-A12D-EA3BB4AD9C46}.Debug|Any CPU.ActiveCfg = Debug|Any CPU
		{B095296A-9192-4E47-A12D-EA3BB4AD9C46}.Debug|Any CPU.Build.0 = Debug|Any CPU
		{B095296A-9192-4E47-A12D-EA3BB4AD9C46}.Release|Any CPU.ActiveCfg = Release|Any CPU
		{B095296A-9192-4E47-A12D-EA3BB4AD9C46}.Release|Any CPU.Build.0 = Release|Any CPU
		{7355EA12-E902-46CF-AA69-4DA79AF2E4CA}.Debug|Any CPU.ActiveCfg = Debug|Any CPU
		{7355EA12-E902-46CF-AA69-4DA79AF2E4CA}.Debug|Any CPU.Build.0 = Debug|Any CPU
		{7355EA12-E902-46CF-AA69-4DA79AF2E4CA}.Release|Any CPU.ActiveCfg = Release|Any CPU
		{7355EA12-E902-46CF-AA69-4DA79AF2E4CA}.Release|Any CPU.Build.0 = Release|Any CPU
		{7E1A40A5-8970-4676-8A19-FE652DCF2E5C}.Debug|Any CPU.ActiveCfg = Debug|Any CPU
		{7E1A40A5-8970-4676-8A19-FE652DCF2E5C}.Debug|Any CPU.Build.0 = Debug|Any CPU
		{7E1A40A5-8970-4676-8A19-FE652DCF2E5C}.Release|Any CPU.ActiveCfg = Release|Any CPU
		{7E1A40A5-8970-4676-8A19-FE652DCF2E5C}.Release|Any CPU.Build.0 = Release|Any CPU
		{B3F8A7A1-7814-4B15-AB2D-816B959D5FD7}.Debug|Any CPU.ActiveCfg = Debug|Any CPU
		{B3F8A7A1-7814-4B15-AB2D-816B959D5FD7}.Debug|Any CPU.Build.0 = Debug|Any CPU
		{B3F8A7A1-7814-4B15-AB2D-816B959D5FD7}.Release|Any CPU.ActiveCfg = Release|Any CPU
		{B3F8A7A1-7814-4B15-AB2D-816B959D5FD7}.Release|Any CPU.Build.0 = Release|Any CPU
	EndGlobalSection
	GlobalSection(NestedProjects) = preSolution
		{B095296A-9192-4E47-A12D-EA3BB4AD9C46} = {9F6CCA8B-36D0-4097-A2BE-66FDB2B5A26A}
		{7355EA12-E902-46CF-AA69-4DA79AF2E4CA} = {532B3027-2EB8-4F64-942E-B074048A46EC}
		{7E1A40A5-8970-4676-8A19-FE652DCF2E5C} = {532B3027-2EB8-4F64-942E-B074048A46EC}
		{B3F8A7A1-7814-4B15-AB2D-816B959D5FD7} = {532B3027-2EB8-4F64-942E-B074048A46EC}
	EndGlobalSection
EndGlobal
