
Microsoft Visual Studio Solution File, Format Version 12.00
# Visual Studio Version 17
VisualStudioVersion = 17.0.31903.59
MinimumVisualStudioVersion = 10.0.40219.1
Project("{2150E333-8FDC-42A3-9474-1A3956D46DE8}") = "src", "src", "{DA970EDE-848F-4A7A-8F67-13835BD4DA89}"
EndProject
Project("{FAE04EC0-301F-11D3-BF4B-00C04F79EFBC}") = "Altinn.Authorization.PEP", "src\Altinn.Authorization.PEP\Altinn.Authorization.PEP.csproj", "{C99D2680-4A77-40E4-99E0-C2FBBB4C709C}"
EndProject
Project("{2150E333-8FDC-42A3-9474-1A3956D46DE8}") = "tests", "tests", "{DDA3BB50-F068-4BDB-8684-CBF68ECDE9FC}"
EndProject
Project("{FAE04EC0-301F-11D3-BF4B-00C04F79EFBC}") = "Altinn.Authorization.PEP.Tests", "tests\Altinn.Authorization.PEP.Tests\Altinn.Authorization.PEP.Tests.csproj", "{9005F003-ECD8-4EA7-9149-F47F4FEC5697}"
EndProject
Global
	GlobalSection(SolutionConfigurationPlatforms) = preSolution
		Debug|Any CPU = Debug|Any CPU
		Release|Any CPU = Release|Any CPU
	EndGlobalSection
	GlobalSection(SolutionProperties) = preSolution
		HideSolutionNode = FALSE
	EndGlobalSection
	GlobalSection(ProjectConfigurationPlatforms) = postSolution
		{C99D2680-4A77-40E4-99E0-C2FBBB4C709C}.Debug|Any CPU.ActiveCfg = Debug|Any CPU
		{C99D2680-4A77-40E4-99E0-C2FBBB4C709C}.Debug|Any CPU.Build.0 = Debug|Any CPU
		{C99D2680-4A77-40E4-99E0-C2FBBB4C709C}.Release|Any CPU.ActiveCfg = Release|Any CPU
		{C99D2680-4A77-40E4-99E0-C2FBBB4C709C}.Release|Any CPU.Build.0 = Release|Any CPU
		{9005F003-ECD8-4EA7-9149-F47F4FEC5697}.Debug|Any CPU.ActiveCfg = Debug|Any CPU
		{9005F003-ECD8-4EA7-9149-F47F4FEC5697}.Debug|Any CPU.Build.0 = Debug|Any CPU
		{9005F003-ECD8-4EA7-9149-F47F4FEC5697}.Release|Any CPU.ActiveCfg = Release|Any CPU
		{9005F003-ECD8-4EA7-9149-F47F4FEC5697}.Release|Any CPU.Build.0 = Release|Any CPU
	EndGlobalSection
	GlobalSection(NestedProjects) = preSolution
		{C99D2680-4A77-40E4-99E0-C2FBBB4C709C} = {DA970EDE-848F-4A7A-8F67-13835BD4DA89}
		{9005F003-ECD8-4EA7-9149-F47F4FEC5697} = {DDA3BB50-F068-4BDB-8684-CBF68ECDE9FC}
	EndGlobalSection
EndGlobal
